// !$*UTF8*$!
{
	archiveVersion = 1;
	classes = {
	};
	objectVersion = 46;
	objects = {

/* Begin PBXBuildFile section */
		0400A3061E74D23E00B195E9 /* ArcanaPeekPreview.swift in Sources */ = {isa = PBXBuildFile; fileRef = 0400A3051E74D23E00B195E9 /* ArcanaPeekPreview.swift */; };
		0400A3081E751B1100B195E9 /* ArcanaPeekPreviewSectionHeaderCell.swift in Sources */ = {isa = PBXBuildFile; fileRef = 0400A3071E751B1100B195E9 /* ArcanaPeekPreviewSectionHeaderCell.swift */; };
		0400A30C1E752A4E00B195E9 /* ArcanaPeekTableViewHeader.swift in Sources */ = {isa = PBXBuildFile; fileRef = 0400A30B1E752A4E00B195E9 /* ArcanaPeekTableViewHeader.swift */; };
		0400A3101E76333700B195E9 /* MenuBarViewController.swift in Sources */ = {isa = PBXBuildFile; fileRef = 0400A30F1E76333700B195E9 /* MenuBarViewController.swift */; };
		040133401EF0EF100050ED32 /* ArcanaUploader.swift in Sources */ = {isa = PBXBuildFile; fileRef = 0401333F1EF0EF100050ED32 /* ArcanaUploader.swift */; };
		040133421EF0F3950050ED32 /* ArcanaUpload.swift in Sources */ = {isa = PBXBuildFile; fileRef = 040133411EF0F3950050ED32 /* ArcanaUpload.swift */; };
		040133441EF0F9F10050ED32 /* GoogleTranslator.swift in Sources */ = {isa = PBXBuildFile; fileRef = 040133431EF0F9F10050ED32 /* GoogleTranslator.swift */; };
		040133461EF10F700050ED32 /* ArcanaAttributeConverter.swift in Sources */ = {isa = PBXBuildFile; fileRef = 040133451EF10F700050ED32 /* ArcanaAttributeConverter.swift */; };
		040133491EF111AA0050ED32 /* Weapon.swift in Sources */ = {isa = PBXBuildFile; fileRef = 040133481EF1117B0050ED32 /* Weapon.swift */; };
		0401B2881D75386C00A0A728 /* ArcanaDetail.swift in Sources */ = {isa = PBXBuildFile; fileRef = 0401B2871D75386C00A0A728 /* ArcanaDetail.swift */; };
		0401B28B1D75392F00A0A728 /* ArcanaImageCell.swift in Sources */ = {isa = PBXBuildFile; fileRef = 0401B28A1D75392F00A0A728 /* ArcanaImageCell.swift */; };
		0401B28D1D75394400A0A728 /* ArcanaAttributeCell.swift in Sources */ = {isa = PBXBuildFile; fileRef = 0401B28C1D75394400A0A728 /* ArcanaAttributeCell.swift */; };
		040454951DFB981500A1F74E /* Ability.swift in Sources */ = {isa = PBXBuildFile; fileRef = 040454941DFB981500A1F74E /* Ability.swift */; };
		0409F2D91EF501E8006DC6A9 /* AnimateUploadView.swift in Sources */ = {isa = PBXBuildFile; fileRef = 0409F2D81EF501E8006DC6A9 /* AnimateUploadView.swift */; };
		040EA1741DB878AE00193363 /* UserDefaultsHelper.swift in Sources */ = {isa = PBXBuildFile; fileRef = 040EA1731DB878AE00193363 /* UserDefaultsHelper.swift */; };
		040EA1761DB87A5E00193363 /* ChangeRootVC.swift in Sources */ = {isa = PBXBuildFile; fileRef = 040EA1751DB87A5E00193363 /* ChangeRootVC.swift */; };
		040EA1781DB8940E00193363 /* FadeAnimation.swift in Sources */ = {isa = PBXBuildFile; fileRef = 040EA1771DB8940E00193363 /* FadeAnimation.swift */; };
		040EA17A1DB8951F00193363 /* TavernNameHandler.swift in Sources */ = {isa = PBXBuildFile; fileRef = 040EA1791DB8951F00193363 /* TavernNameHandler.swift */; };
		040EA17C1DB8955200193363 /* DismissKeyboard.swift in Sources */ = {isa = PBXBuildFile; fileRef = 040EA17B1DB8955200193363 /* DismissKeyboard.swift */; };
		040FA9A21E886B2200C315CD /* ArcanaAbilityPreviewCell.swift in Sources */ = {isa = PBXBuildFile; fileRef = 040FA9A11E886B2200C315CD /* ArcanaAbilityPreviewCell.swift */; };
		040FA9A41E886B7500C315CD /* BaseTableViewCell.swift in Sources */ = {isa = PBXBuildFile; fileRef = 040FA9A31E886B7500C315CD /* BaseTableViewCell.swift */; };
		040FA9A61E88952000C315CD /* ArcanaIconCell.swift in Sources */ = {isa = PBXBuildFile; fileRef = 040FA9A51E88952000C315CD /* ArcanaIconCell.swift */; };
		040FA9AA1E88BD0300C315CD /* ArcanaIconLabelCell.swift in Sources */ = {isa = PBXBuildFile; fileRef = 040FA9A91E88BD0300C315CD /* ArcanaIconLabelCell.swift */; };
		041729071E7297D50090E634 /* FloatingTextField.swift in Sources */ = {isa = PBXBuildFile; fileRef = 041729061E7297D50090E634 /* FloatingTextField.swift */; };
		04180A381DF6368500C1BA72 /* BaseCollectionViewCell.swift in Sources */ = {isa = PBXBuildFile; fileRef = 04180A371DF6368500C1BA72 /* BaseCollectionViewCell.swift */; };
		04180A3A1DF63A1F00C1BA72 /* TavernListTableCell.swift in Sources */ = {isa = PBXBuildFile; fileRef = 04180A391DF63A1F00C1BA72 /* TavernListTableCell.swift */; };
		04180D2E1DEC0CD500E4303D /* AbilityListDataSource.swift in Sources */ = {isa = PBXBuildFile; fileRef = 04180D2D1DEC0CD500E4303D /* AbilityListDataSource.swift */; };
		041FD5691DB9A6F50068657F /* FirebaseService.swift in Sources */ = {isa = PBXBuildFile; fileRef = 041FD5681DB9A6F50068657F /* FirebaseService.swift */; };
		042071C31EEE3C60007B7B6E /* ArcanaViewController+Drag.swift in Sources */ = {isa = PBXBuildFile; fileRef = 042071C21EEE3C60007B7B6E /* ArcanaViewController+Drag.swift */; };
		042071C51EEE4701007B7B6E /* ArcanaDetail+Drop.swift in Sources */ = {isa = PBXBuildFile; fileRef = 042071C41EEE4701007B7B6E /* ArcanaDetail+Drop.swift */; };
		0425D4921E7893690030BF4A /* NavigationController.swift in Sources */ = {isa = PBXBuildFile; fileRef = 0425D4911E7893690030BF4A /* NavigationController.swift */; };
		0425D4961E78C0D40030BF4A /* ArcanaViewController.swift in Sources */ = {isa = PBXBuildFile; fileRef = 0425D4951E78C0D40030BF4A /* ArcanaViewController.swift */; };
		0425D4981E78D3010030BF4A /* TavernArcanaViewController.swift in Sources */ = {isa = PBXBuildFile; fileRef = 0425D4971E78D3010030BF4A /* TavernArcanaViewController.swift */; };
		0425D49A1E78E8700030BF4A /* SearchArcanaViewController.swift in Sources */ = {isa = PBXBuildFile; fileRef = 0425D4991E78E8700030BF4A /* SearchArcanaViewController.swift */; };
		0425D49C1E78FBC00030BF4A /* FavoritesArcanaViewController.swift in Sources */ = {isa = PBXBuildFile; fileRef = 0425D49B1E78FBC00030BF4A /* FavoritesArcanaViewController.swift */; };
		042834FA1D91E10D0043BE6E /* ArcanaChainStoryCell.swift in Sources */ = {isa = PBXBuildFile; fileRef = 042834F91D91E10D0043BE6E /* ArcanaChainStoryCell.swift */; };
		042835021D91EE250043BE6E /* LoginHome.swift in Sources */ = {isa = PBXBuildFile; fileRef = 042835011D91EE250043BE6E /* LoginHome.swift */; };
		04349D0F1DAC333400216141 /* ArcanaButtonsCell.swift in Sources */ = {isa = PBXBuildFile; fileRef = 04349D0E1DAC333400216141 /* ArcanaButtonsCell.swift */; };
		04349D111DACD79600216141 /* ArcanaEditList.swift in Sources */ = {isa = PBXBuildFile; fileRef = 04349D101DACD79600216141 /* ArcanaEditList.swift */; };
		04349D151DACDA1F00216141 /* ArcanaEditListCell.swift in Sources */ = {isa = PBXBuildFile; fileRef = 04349D141DACDA1F00216141 /* ArcanaEditListCell.swift */; };
		0434BD331E9362D900DF840E /* DataCell.swift in Sources */ = {isa = PBXBuildFile; fileRef = 0434BD321E9362D900DF840E /* DataCell.swift */; };
		043523971DB45CAF004D96A3 /* credits.py in Resources */ = {isa = PBXBuildFile; fileRef = 043523961DB45CAF004D96A3 /* credits.py */; };
		0435239B1DB461CA004D96A3 /* Credits.plist in Resources */ = {isa = PBXBuildFile; fileRef = 0435239A1DB461CA004D96A3 /* Credits.plist */; };
		043616021DBC976700BFFB64 /* FontAwesome.otf in Resources */ = {isa = PBXBuildFile; fileRef = 043616011DBC974B00BFFB64 /* FontAwesome.otf */; };
		043A7CB61E8FB1DA0061EDD8 /* ChainUITests.swift in Sources */ = {isa = PBXBuildFile; fileRef = 043A7CB51E8FB1DA0061EDD8 /* ChainUITests.swift */; };
		043A7CBE1E8FB2500061EDD8 /* SnapshotHelper.swift in Sources */ = {isa = PBXBuildFile; fileRef = 043A7CBD1E8FB2500061EDD8 /* SnapshotHelper.swift */; };
		043EEFB31E89DCDC00650B28 /* SearchBar.swift in Sources */ = {isa = PBXBuildFile; fileRef = 043EEFB21E89DCDC00650B28 /* SearchBar.swift */; };
		043EEFB91E8B172500650B28 /* ArcanaViewPageController.swift in Sources */ = {isa = PBXBuildFile; fileRef = 043EEFB81E8B172500650B28 /* ArcanaViewPageController.swift */; };
		043EEFBD1E8B4AEB00650B28 /* ImageTypeCell.swift in Sources */ = {isa = PBXBuildFile; fileRef = 043EEFBC1E8B4AEB00650B28 /* ImageTypeCell.swift */; };
		043EEFBF1E8B525500650B28 /* ArcanaMainImageCell.swift in Sources */ = {isa = PBXBuildFile; fileRef = 043EEFBE1E8B525500650B28 /* ArcanaMainImageCell.swift */; };
		043F4CC61EF8D3D60007A3A4 /* ArcanaViewController+TableView.swift in Sources */ = {isa = PBXBuildFile; fileRef = 043F4CC51EF8D35E0007A3A4 /* ArcanaViewController+TableView.swift */; };
		043F4CC71EF8D3DA0007A3A4 /* ArcanaSplitViewController.swift in Sources */ = {isa = PBXBuildFile; fileRef = 043F4CC41EF8D1FF0007A3A4 /* ArcanaSplitViewController.swift */; };
		0443FA971E9847FE00F6CD4E /* SearchArcanaPageViewController.swift in Sources */ = {isa = PBXBuildFile; fileRef = 0443FA961E9847FE00F6CD4E /* SearchArcanaPageViewController.swift */; };
		0447255A1DAA2D6D0013EC13 /* LaunchScreenView.swift in Sources */ = {isa = PBXBuildFile; fileRef = 044725591DAA2D6D0013EC13 /* LaunchScreenView.swift */; };
		044916891EE264CE00123FF5 /* RatePopupView.swift in Sources */ = {isa = PBXBuildFile; fileRef = 044916881EE264CE00123FF5 /* RatePopupView.swift */; };
		0449168B1EE286DF00123FF5 /* SurveyViewController.swift in Sources */ = {isa = PBXBuildFile; fileRef = 0449168A1EE286DF00123FF5 /* SurveyViewController.swift */; };
		0449168D1EE28B8000123FF5 /* SurveyPageViewController.swift in Sources */ = {isa = PBXBuildFile; fileRef = 0449168C1EE28B8000123FF5 /* SurveyPageViewController.swift */; };
		0449168F1EE3325D00123FF5 /* SurveyCell.swift in Sources */ = {isa = PBXBuildFile; fileRef = 0449168E1EE3325D00123FF5 /* SurveyCell.swift */; };
		044AFD2A1EF64C81006DA5B2 /* UploadArcanaViewController.swift in Sources */ = {isa = PBXBuildFile; fileRef = 044AFD271EF64C1A006DA5B2 /* UploadArcanaViewController.swift */; };
		044AFD2B1EF64C85006DA5B2 /* UploadArcanaViewController+Drop.swift in Sources */ = {isa = PBXBuildFile; fileRef = 044AFD281EF64C1A006DA5B2 /* UploadArcanaViewController+Drop.swift */; };
		044AFD2C1EF64C88006DA5B2 /* UploadArcanaViewController+UITextField.swift in Sources */ = {isa = PBXBuildFile; fileRef = 044AFD291EF64C1A006DA5B2 /* UploadArcanaViewController+UITextField.swift */; };
		045E4D0E1DB9D8A400EBC793 /* SearchController.swift in Sources */ = {isa = PBXBuildFile; fileRef = 045E4D0D1DB9D8A400EBC793 /* SearchController.swift */; };
		045EF6AA1DAB5DEE002148DD /* Settings.swift in Sources */ = {isa = PBXBuildFile; fileRef = 045EF6A91DAB5DEE002148DD /* Settings.swift */; };
		0465F9851EE3449800282014 /* KRLabel.swift in Sources */ = {isa = PBXBuildFile; fileRef = 0465F9841EE3449800282014 /* KRLabel.swift */; };
		046710C21D97D011000CF487 /* SearchHistory.swift in Sources */ = {isa = PBXBuildFile; fileRef = 046710C11D97D011000CF487 /* SearchHistory.swift */; };
		046710C61D97D18F000CF487 /* ArcanaTextCell.swift in Sources */ = {isa = PBXBuildFile; fileRef = 046710C51D97D18F000CF487 /* ArcanaTextCell.swift */; };
		0468D2DF1ED907BF0040A87A /* FestivalViewController.swift in Sources */ = {isa = PBXBuildFile; fileRef = 0468D2DE1ED907BF0040A87A /* FestivalViewController.swift */; };
		04691E8F1D97A87300E15C5F /* ArcanaCell.xib in Resources */ = {isa = PBXBuildFile; fileRef = 04691E8E1D97A87300E15C5F /* ArcanaCell.xib */; };
		046C93371D7582E9000E3FBD /* ArcanaSkillCell.swift in Sources */ = {isa = PBXBuildFile; fileRef = 046C93361D7582E9000E3FBD /* ArcanaSkillCell.swift */; };
		046FDD3C1D738060001E955B /* MyTabBarController.swift in Sources */ = {isa = PBXBuildFile; fileRef = 046FDD3B1D738060001E955B /* MyTabBarController.swift */; };
		047561571D946BB1004886BF /* RoundedButton.swift in Sources */ = {isa = PBXBuildFile; fileRef = 047561561D946BB1004886BF /* RoundedButton.swift */; };
		0475D2851E8DF0AA00F0D03A /* MainListTableView.swift in Sources */ = {isa = PBXBuildFile; fileRef = 0475D2841E8DF0AA00F0D03A /* MainListTableView.swift */; };
		047B576F1EF8EC8F0077FAFB /* ArcanaDetail.swift in Sources */ = {isa = PBXBuildFile; fileRef = 047B576D1EF8EC8F0077FAFB /* ArcanaDetail.swift */; };
		047B57701EF8EC8F0077FAFB /* ArcanaDetail+TableView.swift in Sources */ = {isa = PBXBuildFile; fileRef = 047B576E1EF8EC8F0077FAFB /* ArcanaDetail+TableView.swift */; };
		047B57721EF8ED480077FAFB /* ArcanaImageCell.swift in Sources */ = {isa = PBXBuildFile; fileRef = 047B57711EF8ED480077FAFB /* ArcanaImageCell.swift */; };
		047B57741EF8EDAA0077FAFB /* ImageHelpers.swift in Sources */ = {isa = PBXBuildFile; fileRef = 047B57731EF8EDAA0077FAFB /* ImageHelpers.swift */; };
		047C0D4D1E8CA927008F83F3 /* ArcanaViewTypePageViewController.swift in Sources */ = {isa = PBXBuildFile; fileRef = 047C0D4C1E8CA927008F83F3 /* ArcanaViewTypePageViewController.swift */; };
		047C0D4F1E8CAA31008F83F3 /* ArcanaViewTypeViewController.swift in Sources */ = {isa = PBXBuildFile; fileRef = 047C0D4E1E8CAA31008F83F3 /* ArcanaViewTypeViewController.swift */; };
		047C0D511E8CDD68008F83F3 /* SelectViewForArcanaTypeTableViewController.swift in Sources */ = {isa = PBXBuildFile; fileRef = 047C0D501E8CDD68008F83F3 /* SelectViewForArcanaTypeTableViewController.swift */; };
		047FCE801E8F80C200D9B832 /* AppRater.swift in Sources */ = {isa = PBXBuildFile; fileRef = 047FCE7F1E8F80C200D9B832 /* AppRater.swift */; };
		0486E8FF1DADF4F600FE6FA3 /* ArcanaViewEditsCell.swift in Sources */ = {isa = PBXBuildFile; fileRef = 0486E8FE1DADF4F600FE6FA3 /* ArcanaViewEditsCell.swift */; };
		0486E9011DADF8F300FE6FA3 /* ArcanaEdit.swift in Sources */ = {isa = PBXBuildFile; fileRef = 0486E9001DADF8F300FE6FA3 /* ArcanaEdit.swift */; };
		048B31281D76C84C0011477D /* ArcanaSkillAbilityDescCell.swift in Sources */ = {isa = PBXBuildFile; fileRef = 048B31271D76C84C0011477D /* ArcanaSkillAbilityDescCell.swift */; };
		048E6E551D729A7D00687513 /* GlobalConstants.swift in Sources */ = {isa = PBXBuildFile; fileRef = 048E6E541D729A7D00687513 /* GlobalConstants.swift */; };
		0490A8231E68F701000E3E4D /* FilterCell.swift in Sources */ = {isa = PBXBuildFile; fileRef = 0490A8221E68F701000E3E4D /* FilterCell.swift */; };
		04941A3D1D6FAD2800BAE389 /* ArcanaCell.swift in Sources */ = {isa = PBXBuildFile; fileRef = 04941A3C1D6FAD2800BAE389 /* ArcanaCell.swift */; };
		04970C0B1EF8D7C000BB49CE /* WelcomeViewController.swift in Sources */ = {isa = PBXBuildFile; fileRef = 04970C0A1EF8D7AE00BB49CE /* WelcomeViewController.swift */; };
		049C58F61DAF6FAC005924F9 /* ArcanaEditHistory.swift in Sources */ = {isa = PBXBuildFile; fileRef = 049C58F51DAF6FAC005924F9 /* ArcanaEditHistory.swift */; };
		049CF7481D95E52B00B283EC /* TransitioningObject.swift in Sources */ = {isa = PBXBuildFile; fileRef = 049CF7471D95E52B00B283EC /* TransitioningObject.swift */; };
		04A2EC951D6F7FA300189142 /* AppDelegate.swift in Sources */ = {isa = PBXBuildFile; fileRef = 04A2EC941D6F7FA300189142 /* AppDelegate.swift */; };
		04A2EC9F1D6F7FA300189142 /* Assets.xcassets in Resources */ = {isa = PBXBuildFile; fileRef = 04A2EC9E1D6F7FA300189142 /* Assets.xcassets */; };
		04A2ECA21D6F7FA300189142 /* LaunchScreen.storyboard in Resources */ = {isa = PBXBuildFile; fileRef = 04A2ECA01D6F7FA300189142 /* LaunchScreen.storyboard */; };
		04A2ECC91D6F80EB00189142 /* Arcana.swift in Sources */ = {isa = PBXBuildFile; fileRef = 04A2ECC81D6F80EB00189142 /* Arcana.swift */; };
		04AE0E261D7A2C23008902A8 /* FilterViewController.swift in Sources */ = {isa = PBXBuildFile; fileRef = 04AE0E251D7A2C23008902A8 /* FilterViewController.swift */; };
		04B2B22C1DEFC3BF00C7BD1A /* AbilityViewTableCell.swift in Sources */ = {isa = PBXBuildFile; fileRef = 04B2B22B1DEFC3BF00C7BD1A /* AbilityViewTableCell.swift */; };
		04BE5BC51DB80E97005E7968 /* ArcanaEditModel.swift in Sources */ = {isa = PBXBuildFile; fileRef = 04BE5BC41DB80E97005E7968 /* ArcanaEditModel.swift */; };
		04BF5AFF1DF214BE00AE8CD8 /* ChainLogo.swift in Sources */ = {isa = PBXBuildFile; fileRef = 04BF5AFE1DF214BE00AE8CD8 /* ChainLogo.swift */; };
		04BF5B011DF214CF00AE8CD8 /* PCView.swift in Sources */ = {isa = PBXBuildFile; fileRef = 04BF5B001DF214CF00AE8CD8 /* PCView.swift */; };
		04BF5B031DF26EBB00AE8CD8 /* AbilityViewDataSource.swift in Sources */ = {isa = PBXBuildFile; fileRef = 04BF5B021DF26EBB00AE8CD8 /* AbilityViewDataSource.swift */; };
		04C17B3D1EA145AB00AB93CF /* LoadingArcanaViewController.swift in Sources */ = {isa = PBXBuildFile; fileRef = 04C17B3C1EA145AB00AB93CF /* LoadingArcanaViewController.swift */; };
		04CBBD411E2B3FBE009D5E5F /* UIViewConstraints.swift in Sources */ = {isa = PBXBuildFile; fileRef = 04CBBD401E2B3FBE009D5E5F /* UIViewConstraints.swift */; };
		04CBBD431E2B4938009D5E5F /* SectionHeader.swift in Sources */ = {isa = PBXBuildFile; fileRef = 04CBBD421E2B4938009D5E5F /* SectionHeader.swift */; };
		04CBBD451E2B497D009D5E5F /* HorizontalBar.swift in Sources */ = {isa = PBXBuildFile; fileRef = 04CBBD441E2B497D009D5E5F /* HorizontalBar.swift */; };
		04D145531EEE293B00D11008 /* ArcanaDetail+Drag.swift in Sources */ = {isa = PBXBuildFile; fileRef = 04D145521EEE293B00D11008 /* ArcanaDetail+Drag.swift */; };
		04D226671DBB29FA00802EFF /* GoogleService-Info.plist in Resources */ = {isa = PBXBuildFile; fileRef = 04D226661DBB29FA00802EFF /* GoogleService-Info.plist */; };
		04D28F411DEC255D00F55D3F /* MenuBar.swift in Sources */ = {isa = PBXBuildFile; fileRef = 04D28F401DEC255D00F55D3F /* MenuBar.swift */; };
		04D28F461DEC2AAC00F55D3F /* AbilityListTableCell.swift in Sources */ = {isa = PBXBuildFile; fileRef = 04D28F441DEC2AAC00F55D3F /* AbilityListTableCell.swift */; };
		04D6594D1DB60A1200D30C21 /* PageViewController.swift in Sources */ = {isa = PBXBuildFile; fileRef = 04D6594C1DB60A1200D30C21 /* PageViewController.swift */; };
		04D6594F1DB60A3C00D30C21 /* TutorialViewController.swift in Sources */ = {isa = PBXBuildFile; fileRef = 04D6594E1DB60A3C00D30C21 /* TutorialViewController.swift */; };
		04DFF8D81EE0ED54002C7D05 /* HideBars.swift in Sources */ = {isa = PBXBuildFile; fileRef = 04DFF8D71EE0ED54002C7D05 /* HideBars.swift */; };
		04DFF8DA1EE13324002C7D05 /* ArcanaClassCell.swift in Sources */ = {isa = PBXBuildFile; fileRef = 04DFF8D91EE13324002C7D05 /* ArcanaClassCell.swift */; };
		04DFF8DC1EE148AB002C7D05 /* ArcanaBaseInfoCollectionView.swift in Sources */ = {isa = PBXBuildFile; fileRef = 04DFF8DB1EE148AB002C7D05 /* ArcanaBaseInfoCollectionView.swift */; };
		04E03D211E79DDA500432F10 /* ImageToggleCell.swift in Sources */ = {isa = PBXBuildFile; fileRef = 04E03D201E79DDA500432F10 /* ImageToggleCell.swift */; };
		04E78B0C1EF6E54C00B4F0FE /* ArcanaSplitViewController.swift in Sources */ = {isa = PBXBuildFile; fileRef = 04E78B0B1EF6E54C00B4F0FE /* ArcanaSplitViewController.swift */; };
		04E78B0E1EF6E6B400B4F0FE /* WelcomeViewController.swift in Sources */ = {isa = PBXBuildFile; fileRef = 04E78B0D1EF6E6B400B4F0FE /* WelcomeViewController.swift */; };
		04E78B101EF758F000B4F0FE /* ArcanaDetail+TableView.swift in Sources */ = {isa = PBXBuildFile; fileRef = 04E78B0F1EF758F000B4F0FE /* ArcanaDetail+TableView.swift */; };
		04EA719D1DB21C8C004E9A97 /* RarityCell.swift in Sources */ = {isa = PBXBuildFile; fileRef = 04ED6FD41D813F4800C87B17 /* RarityCell.swift */; };
		04EC93021E83B13E000CDA7B /* BannerAlert.swift in Sources */ = {isa = PBXBuildFile; fileRef = 049926E61DF7590C00FD9889 /* BannerAlert.swift */; };
		04EDE6F51D937AF2005731B9 /* CreateEmail.swift in Sources */ = {isa = PBXBuildFile; fileRef = 04EDE6F41D937AF2005731B9 /* CreateEmail.swift */; };
		04EDE7001D9391F1005731B9 /* ArcanaDetailEdit.swift in Sources */ = {isa = PBXBuildFile; fileRef = 04EDE6FF1D9391F1005731B9 /* ArcanaDetailEdit.swift */; };
		04EDE7021D93954A005731B9 /* ArcanaDetailEditCell.swift in Sources */ = {isa = PBXBuildFile; fileRef = 04EDE7011D93954A005731B9 /* ArcanaDetailEditCell.swift */; };
		04EF66A71DB31A9600E13370 /* SettingsSectionHeader.swift in Sources */ = {isa = PBXBuildFile; fileRef = 04EF66A61DB31A9600E13370 /* SettingsSectionHeader.swift */; };
		04EF66AB1DB363D000E13370 /* SettingsCell.swift in Sources */ = {isa = PBXBuildFile; fileRef = 04EF66AA1DB363D000E13370 /* SettingsCell.swift */; };
		04F3CD891DA31E620026D5AF /* CopyableLabel.swift in Sources */ = {isa = PBXBuildFile; fileRef = 04F3CD881DA31E620026D5AF /* CopyableLabel.swift */; };
		04F87D631E763C4000E318F7 /* BaseCollectionViewController.swift in Sources */ = {isa = PBXBuildFile; fileRef = 04F87D621E763C4000E318F7 /* BaseCollectionViewController.swift */; };
		04FAA2101E6F99A200E848B4 /* DataViewController.swift in Sources */ = {isa = PBXBuildFile; fileRef = 04FAA20F1E6F99A200E848B4 /* DataViewController.swift */; };
		04FAA2131E6F9D1B00E848B4 /* DataLink.swift in Sources */ = {isa = PBXBuildFile; fileRef = 04FAA2121E6F9D1B00E848B4 /* DataLink.swift */; };
		04FAA2151E6FA2F800E848B4 /* LinkViewController.swift in Sources */ = {isa = PBXBuildFile; fileRef = 04FAA2141E6FA2F800E848B4 /* LinkViewController.swift */; };
		04FAF3571D948ADD0061726F /* UnderlinedLabel.swift in Sources */ = {isa = PBXBuildFile; fileRef = 04FAF3561D948ADD0061726F /* UnderlinedLabel.swift */; };
		717844FE63C8914D215C1264 /* Pods_ChainUITests.framework in Frameworks */ = {isa = PBXBuildFile; fileRef = 95C07E5E6F21968556D6ACA5 /* Pods_ChainUITests.framework */; };
		C5E22DEC04C0CDB19F2CCB51 /* Pods_Chain.framework in Frameworks */ = {isa = PBXBuildFile; fileRef = B7E088AC701B4123C508DFB6 /* Pods_Chain.framework */; };
/* End PBXBuildFile section */

/* Begin PBXContainerItemProxy section */
		043A7CB81E8FB1DA0061EDD8 /* PBXContainerItemProxy */ = {
			isa = PBXContainerItemProxy;
			containerPortal = 04A2EC891D6F7FA300189142 /* Project object */;
			proxyType = 1;
			remoteGlobalIDString = 04A2EC901D6F7FA300189142;
			remoteInfo = Chain;
		};
/* End PBXContainerItemProxy section */

/* Begin PBXCopyFilesBuildPhase section */
		04012E351D8A6F8E00B17B44 /* Embed Frameworks */ = {
			isa = PBXCopyFilesBuildPhase;
			buildActionMask = 2147483647;
			dstPath = "";
			dstSubfolderSpec = 10;
			files = (
			);
			name = "Embed Frameworks";
			runOnlyForDeploymentPostprocessing = 0;
		};
/* End PBXCopyFilesBuildPhase section */

/* Begin PBXFileReference section */
		0400A3051E74D23E00B195E9 /* ArcanaPeekPreview.swift */ = {isa = PBXFileReference; fileEncoding = 4; lastKnownFileType = sourcecode.swift; path = ArcanaPeekPreview.swift; sourceTree = "<group>"; };
		0400A3071E751B1100B195E9 /* ArcanaPeekPreviewSectionHeaderCell.swift */ = {isa = PBXFileReference; fileEncoding = 4; lastKnownFileType = sourcecode.swift; path = ArcanaPeekPreviewSectionHeaderCell.swift; sourceTree = "<group>"; };
		0400A30B1E752A4E00B195E9 /* ArcanaPeekTableViewHeader.swift */ = {isa = PBXFileReference; fileEncoding = 4; lastKnownFileType = sourcecode.swift; path = ArcanaPeekTableViewHeader.swift; sourceTree = "<group>"; };
		0400A30F1E76333700B195E9 /* MenuBarViewController.swift */ = {isa = PBXFileReference; fileEncoding = 4; lastKnownFileType = sourcecode.swift; path = MenuBarViewController.swift; sourceTree = "<group>"; };
		0401333F1EF0EF100050ED32 /* ArcanaUploader.swift */ = {isa = PBXFileReference; lastKnownFileType = sourcecode.swift; path = ArcanaUploader.swift; sourceTree = "<group>"; };
		040133411EF0F3950050ED32 /* ArcanaUpload.swift */ = {isa = PBXFileReference; lastKnownFileType = sourcecode.swift; path = ArcanaUpload.swift; sourceTree = "<group>"; };
		040133431EF0F9F10050ED32 /* GoogleTranslator.swift */ = {isa = PBXFileReference; lastKnownFileType = sourcecode.swift; path = GoogleTranslator.swift; sourceTree = "<group>"; };
		040133451EF10F700050ED32 /* ArcanaAttributeConverter.swift */ = {isa = PBXFileReference; lastKnownFileType = sourcecode.swift; path = ArcanaAttributeConverter.swift; sourceTree = "<group>"; };
		040133481EF1117B0050ED32 /* Weapon.swift */ = {isa = PBXFileReference; lastKnownFileType = sourcecode.swift; path = Weapon.swift; sourceTree = "<group>"; };
		0401B2871D75386C00A0A728 /* ArcanaDetail.swift */ = {isa = PBXFileReference; fileEncoding = 4; lastKnownFileType = sourcecode.swift; path = ArcanaDetail.swift; sourceTree = "<group>"; };
		0401B28A1D75392F00A0A728 /* ArcanaImageCell.swift */ = {isa = PBXFileReference; fileEncoding = 4; lastKnownFileType = sourcecode.swift; path = ArcanaImageCell.swift; sourceTree = "<group>"; };
		0401B28C1D75394400A0A728 /* ArcanaAttributeCell.swift */ = {isa = PBXFileReference; fileEncoding = 4; lastKnownFileType = sourcecode.swift; path = ArcanaAttributeCell.swift; sourceTree = "<group>"; };
		040454941DFB981500A1F74E /* Ability.swift */ = {isa = PBXFileReference; fileEncoding = 4; lastKnownFileType = sourcecode.swift; path = Ability.swift; sourceTree = "<group>"; };
		0406BDE01D8BE3270085F4D8 /* ko */ = {isa = PBXFileReference; lastKnownFileType = text.plist.strings; name = ko; path = ko.lproj/LaunchScreen.strings; sourceTree = "<group>"; };
		0409F2D81EF501E8006DC6A9 /* AnimateUploadView.swift */ = {isa = PBXFileReference; lastKnownFileType = sourcecode.swift; path = AnimateUploadView.swift; sourceTree = "<group>"; };
		040EA1731DB878AE00193363 /* UserDefaultsHelper.swift */ = {isa = PBXFileReference; fileEncoding = 4; lastKnownFileType = sourcecode.swift; path = UserDefaultsHelper.swift; sourceTree = "<group>"; };
		040EA1751DB87A5E00193363 /* ChangeRootVC.swift */ = {isa = PBXFileReference; fileEncoding = 4; lastKnownFileType = sourcecode.swift; path = ChangeRootVC.swift; sourceTree = "<group>"; };
		040EA1771DB8940E00193363 /* FadeAnimation.swift */ = {isa = PBXFileReference; fileEncoding = 4; lastKnownFileType = sourcecode.swift; path = FadeAnimation.swift; sourceTree = "<group>"; };
		040EA1791DB8951F00193363 /* TavernNameHandler.swift */ = {isa = PBXFileReference; fileEncoding = 4; lastKnownFileType = sourcecode.swift; path = TavernNameHandler.swift; sourceTree = "<group>"; };
		040EA17B1DB8955200193363 /* DismissKeyboard.swift */ = {isa = PBXFileReference; fileEncoding = 4; lastKnownFileType = sourcecode.swift; path = DismissKeyboard.swift; sourceTree = "<group>"; };
		040FA9A11E886B2200C315CD /* ArcanaAbilityPreviewCell.swift */ = {isa = PBXFileReference; fileEncoding = 4; lastKnownFileType = sourcecode.swift; path = ArcanaAbilityPreviewCell.swift; sourceTree = "<group>"; };
		040FA9A31E886B7500C315CD /* BaseTableViewCell.swift */ = {isa = PBXFileReference; fileEncoding = 4; lastKnownFileType = sourcecode.swift; path = BaseTableViewCell.swift; sourceTree = "<group>"; };
		040FA9A51E88952000C315CD /* ArcanaIconCell.swift */ = {isa = PBXFileReference; fileEncoding = 4; lastKnownFileType = sourcecode.swift; path = ArcanaIconCell.swift; sourceTree = "<group>"; };
		040FA9A91E88BD0300C315CD /* ArcanaIconLabelCell.swift */ = {isa = PBXFileReference; fileEncoding = 4; lastKnownFileType = sourcecode.swift; path = ArcanaIconLabelCell.swift; sourceTree = "<group>"; };
		041729061E7297D50090E634 /* FloatingTextField.swift */ = {isa = PBXFileReference; fileEncoding = 4; lastKnownFileType = sourcecode.swift; path = FloatingTextField.swift; sourceTree = "<group>"; };
		04180A371DF6368500C1BA72 /* BaseCollectionViewCell.swift */ = {isa = PBXFileReference; fileEncoding = 4; lastKnownFileType = sourcecode.swift; path = BaseCollectionViewCell.swift; sourceTree = "<group>"; };
		04180A391DF63A1F00C1BA72 /* TavernListTableCell.swift */ = {isa = PBXFileReference; fileEncoding = 4; lastKnownFileType = sourcecode.swift; name = TavernListTableCell.swift; path = ../Ability/TavernListTableCell.swift; sourceTree = "<group>"; };
		04180D2D1DEC0CD500E4303D /* AbilityListDataSource.swift */ = {isa = PBXFileReference; fileEncoding = 4; lastKnownFileType = sourcecode.swift; path = AbilityListDataSource.swift; sourceTree = "<group>"; };
		041B691C1D8A4933008B5771 /* Kanna.framework */ = {isa = PBXFileReference; lastKnownFileType = wrapper.framework; name = Kanna.framework; path = Carthage/Build/iOS/Kanna.framework; sourceTree = "<group>"; };
		041FD5681DB9A6F50068657F /* FirebaseService.swift */ = {isa = PBXFileReference; fileEncoding = 4; lastKnownFileType = sourcecode.swift; path = FirebaseService.swift; sourceTree = "<group>"; };
		042071C21EEE3C60007B7B6E /* ArcanaViewController+Drag.swift */ = {isa = PBXFileReference; lastKnownFileType = sourcecode.swift; path = "ArcanaViewController+Drag.swift"; sourceTree = "<group>"; };
		042071C41EEE4701007B7B6E /* ArcanaDetail+Drop.swift */ = {isa = PBXFileReference; lastKnownFileType = sourcecode.swift; path = "ArcanaDetail+Drop.swift"; sourceTree = "<group>"; };
		0425D4911E7893690030BF4A /* NavigationController.swift */ = {isa = PBXFileReference; fileEncoding = 4; lastKnownFileType = sourcecode.swift; path = NavigationController.swift; sourceTree = "<group>"; };
		0425D4951E78C0D40030BF4A /* ArcanaViewController.swift */ = {isa = PBXFileReference; fileEncoding = 4; lastKnownFileType = sourcecode.swift; path = ArcanaViewController.swift; sourceTree = "<group>"; };
		0425D4971E78D3010030BF4A /* TavernArcanaViewController.swift */ = {isa = PBXFileReference; fileEncoding = 4; lastKnownFileType = sourcecode.swift; path = TavernArcanaViewController.swift; sourceTree = "<group>"; };
		0425D4991E78E8700030BF4A /* SearchArcanaViewController.swift */ = {isa = PBXFileReference; fileEncoding = 4; lastKnownFileType = sourcecode.swift; path = SearchArcanaViewController.swift; sourceTree = "<group>"; };
		0425D49B1E78FBC00030BF4A /* FavoritesArcanaViewController.swift */ = {isa = PBXFileReference; fileEncoding = 4; lastKnownFileType = sourcecode.swift; path = FavoritesArcanaViewController.swift; sourceTree = "<group>"; };
		042834F81D91AF680043BE6E /* Chain.entitlements */ = {isa = PBXFileReference; lastKnownFileType = text.plist.entitlements; path = Chain.entitlements; sourceTree = "<group>"; };
		042834F91D91E10D0043BE6E /* ArcanaChainStoryCell.swift */ = {isa = PBXFileReference; fileEncoding = 4; lastKnownFileType = sourcecode.swift; path = ArcanaChainStoryCell.swift; sourceTree = "<group>"; };
		042835011D91EE250043BE6E /* LoginHome.swift */ = {isa = PBXFileReference; fileEncoding = 4; lastKnownFileType = sourcecode.swift; path = LoginHome.swift; sourceTree = "<group>"; };
		04349D0E1DAC333400216141 /* ArcanaButtonsCell.swift */ = {isa = PBXFileReference; fileEncoding = 4; lastKnownFileType = sourcecode.swift; path = ArcanaButtonsCell.swift; sourceTree = "<group>"; };
		04349D101DACD79600216141 /* ArcanaEditList.swift */ = {isa = PBXFileReference; fileEncoding = 4; lastKnownFileType = sourcecode.swift; path = ArcanaEditList.swift; sourceTree = "<group>"; };
		04349D141DACDA1F00216141 /* ArcanaEditListCell.swift */ = {isa = PBXFileReference; fileEncoding = 4; lastKnownFileType = sourcecode.swift; path = ArcanaEditListCell.swift; sourceTree = "<group>"; };
		0434BD321E9362D900DF840E /* DataCell.swift */ = {isa = PBXFileReference; fileEncoding = 4; lastKnownFileType = sourcecode.swift; path = DataCell.swift; sourceTree = "<group>"; };
		043523961DB45CAF004D96A3 /* credits.py */ = {isa = PBXFileReference; fileEncoding = 4; lastKnownFileType = text.script.python; path = credits.py; sourceTree = "<group>"; };
		0435239A1DB461CA004D96A3 /* Credits.plist */ = {isa = PBXFileReference; fileEncoding = 4; lastKnownFileType = text.plist.xml; path = Credits.plist; sourceTree = "<group>"; };
		043616011DBC974B00BFFB64 /* FontAwesome.otf */ = {isa = PBXFileReference; lastKnownFileType = file; path = FontAwesome.otf; sourceTree = "<group>"; };
		043A7CB31E8FB1DA0061EDD8 /* ChainUITests.xctest */ = {isa = PBXFileReference; explicitFileType = wrapper.cfbundle; includeInIndex = 0; path = ChainUITests.xctest; sourceTree = BUILT_PRODUCTS_DIR; };
		043A7CB51E8FB1DA0061EDD8 /* ChainUITests.swift */ = {isa = PBXFileReference; lastKnownFileType = sourcecode.swift; path = ChainUITests.swift; sourceTree = "<group>"; };
		043A7CB71E8FB1DA0061EDD8 /* Info.plist */ = {isa = PBXFileReference; lastKnownFileType = text.plist.xml; path = Info.plist; sourceTree = "<group>"; };
		043A7CBD1E8FB2500061EDD8 /* SnapshotHelper.swift */ = {isa = PBXFileReference; fileEncoding = 4; lastKnownFileType = sourcecode.swift; path = SnapshotHelper.swift; sourceTree = "<group>"; };
		043EEFB21E89DCDC00650B28 /* SearchBar.swift */ = {isa = PBXFileReference; fileEncoding = 4; lastKnownFileType = sourcecode.swift; path = SearchBar.swift; sourceTree = "<group>"; };
		043EEFB81E8B172500650B28 /* ArcanaViewPageController.swift */ = {isa = PBXFileReference; fileEncoding = 4; lastKnownFileType = sourcecode.swift; path = ArcanaViewPageController.swift; sourceTree = "<group>"; };
		043EEFBC1E8B4AEB00650B28 /* ImageTypeCell.swift */ = {isa = PBXFileReference; fileEncoding = 4; lastKnownFileType = sourcecode.swift; path = ImageTypeCell.swift; sourceTree = "<group>"; };
		043EEFBE1E8B525500650B28 /* ArcanaMainImageCell.swift */ = {isa = PBXFileReference; fileEncoding = 4; lastKnownFileType = sourcecode.swift; path = ArcanaMainImageCell.swift; sourceTree = "<group>"; };
		044725591DAA2D6D0013EC13 /* LaunchScreenView.swift */ = {isa = PBXFileReference; fileEncoding = 4; lastKnownFileType = sourcecode.swift; path = LaunchScreenView.swift; sourceTree = "<group>"; };
		044916881EE264CE00123FF5 /* RatePopupView.swift */ = {isa = PBXFileReference; fileEncoding = 4; lastKnownFileType = sourcecode.swift; path = RatePopupView.swift; sourceTree = "<group>"; };
		0449168A1EE286DF00123FF5 /* SurveyViewController.swift */ = {isa = PBXFileReference; fileEncoding = 4; lastKnownFileType = sourcecode.swift; path = SurveyViewController.swift; sourceTree = "<group>"; };
		0449168C1EE28B8000123FF5 /* SurveyPageViewController.swift */ = {isa = PBXFileReference; fileEncoding = 4; lastKnownFileType = sourcecode.swift; path = SurveyPageViewController.swift; sourceTree = "<group>"; };
		0449168E1EE3325D00123FF5 /* SurveyCell.swift */ = {isa = PBXFileReference; fileEncoding = 4; lastKnownFileType = sourcecode.swift; path = SurveyCell.swift; sourceTree = "<group>"; };
		044AFD271EF64C1A006DA5B2 /* UploadArcanaViewController.swift */ = {isa = PBXFileReference; lastKnownFileType = sourcecode.swift; path = UploadArcanaViewController.swift; sourceTree = "<group>"; };
		044AFD281EF64C1A006DA5B2 /* UploadArcanaViewController+Drop.swift */ = {isa = PBXFileReference; lastKnownFileType = sourcecode.swift; path = "UploadArcanaViewController+Drop.swift"; sourceTree = "<group>"; };
		044AFD291EF64C1A006DA5B2 /* UploadArcanaViewController+UITextField.swift */ = {isa = PBXFileReference; lastKnownFileType = sourcecode.swift; path = "UploadArcanaViewController+UITextField.swift"; sourceTree = "<group>"; };
		045E4D0D1DB9D8A400EBC793 /* SearchController.swift */ = {isa = PBXFileReference; fileEncoding = 4; lastKnownFileType = sourcecode.swift; path = SearchController.swift; sourceTree = "<group>"; };
		045EF6A91DAB5DEE002148DD /* Settings.swift */ = {isa = PBXFileReference; fileEncoding = 4; lastKnownFileType = sourcecode.swift; path = Settings.swift; sourceTree = "<group>"; };
		0465F9841EE3449800282014 /* KRLabel.swift */ = {isa = PBXFileReference; fileEncoding = 4; lastKnownFileType = sourcecode.swift; path = KRLabel.swift; sourceTree = "<group>"; };
		046710C11D97D011000CF487 /* SearchHistory.swift */ = {isa = PBXFileReference; fileEncoding = 4; lastKnownFileType = sourcecode.swift; path = SearchHistory.swift; sourceTree = "<group>"; };
		046710C51D97D18F000CF487 /* ArcanaTextCell.swift */ = {isa = PBXFileReference; fileEncoding = 4; lastKnownFileType = sourcecode.swift; path = ArcanaTextCell.swift; sourceTree = "<group>"; };
		0468D2DE1ED907BF0040A87A /* FestivalViewController.swift */ = {isa = PBXFileReference; fileEncoding = 4; lastKnownFileType = sourcecode.swift; path = FestivalViewController.swift; sourceTree = "<group>"; };
		04691E8E1D97A87300E15C5F /* ArcanaCell.xib */ = {isa = PBXFileReference; fileEncoding = 4; lastKnownFileType = file.xib; path = ArcanaCell.xib; sourceTree = "<group>"; };
		046C93361D7582E9000E3FBD /* ArcanaSkillCell.swift */ = {isa = PBXFileReference; fileEncoding = 4; lastKnownFileType = sourcecode.swift; path = ArcanaSkillCell.swift; sourceTree = "<group>"; };
		046FDD3B1D738060001E955B /* MyTabBarController.swift */ = {isa = PBXFileReference; fileEncoding = 4; lastKnownFileType = sourcecode.swift; path = MyTabBarController.swift; sourceTree = "<group>"; };
		047561561D946BB1004886BF /* RoundedButton.swift */ = {isa = PBXFileReference; fileEncoding = 4; lastKnownFileType = sourcecode.swift; path = RoundedButton.swift; sourceTree = "<group>"; };
		0475D2841E8DF0AA00F0D03A /* MainListTableView.swift */ = {isa = PBXFileReference; fileEncoding = 4; lastKnownFileType = sourcecode.swift; path = MainListTableView.swift; sourceTree = "<group>"; };
		047B576D1EF8EC8F0077FAFB /* ArcanaDetail.swift */ = {isa = PBXFileReference; fileEncoding = 4; lastKnownFileType = sourcecode.swift; path = ArcanaDetail.swift; sourceTree = "<group>"; };
		047B576E1EF8EC8F0077FAFB /* ArcanaDetail+TableView.swift */ = {isa = PBXFileReference; fileEncoding = 4; lastKnownFileType = sourcecode.swift; path = "ArcanaDetail+TableView.swift"; sourceTree = "<group>"; };
		047B57711EF8ED480077FAFB /* ArcanaImageCell.swift */ = {isa = PBXFileReference; fileEncoding = 4; lastKnownFileType = sourcecode.swift; path = ArcanaImageCell.swift; sourceTree = "<group>"; };
		047B57731EF8EDAA0077FAFB /* ImageHelpers.swift */ = {isa = PBXFileReference; fileEncoding = 4; lastKnownFileType = sourcecode.swift; path = ImageHelpers.swift; sourceTree = "<group>"; };
		047C0D4C1E8CA927008F83F3 /* ArcanaViewTypePageViewController.swift */ = {isa = PBXFileReference; fileEncoding = 4; lastKnownFileType = sourcecode.swift; path = ArcanaViewTypePageViewController.swift; sourceTree = "<group>"; };
		047C0D4E1E8CAA31008F83F3 /* ArcanaViewTypeViewController.swift */ = {isa = PBXFileReference; fileEncoding = 4; lastKnownFileType = sourcecode.swift; path = ArcanaViewTypeViewController.swift; sourceTree = "<group>"; };
		047C0D501E8CDD68008F83F3 /* SelectViewForArcanaTypeTableViewController.swift */ = {isa = PBXFileReference; fileEncoding = 4; lastKnownFileType = sourcecode.swift; path = SelectViewForArcanaTypeTableViewController.swift; sourceTree = "<group>"; };
		047FCE7F1E8F80C200D9B832 /* AppRater.swift */ = {isa = PBXFileReference; fileEncoding = 4; lastKnownFileType = sourcecode.swift; path = AppRater.swift; sourceTree = "<group>"; };
		0486E8FE1DADF4F600FE6FA3 /* ArcanaViewEditsCell.swift */ = {isa = PBXFileReference; fileEncoding = 4; lastKnownFileType = sourcecode.swift; path = ArcanaViewEditsCell.swift; sourceTree = "<group>"; };
		0486E9001DADF8F300FE6FA3 /* ArcanaEdit.swift */ = {isa = PBXFileReference; fileEncoding = 4; lastKnownFileType = sourcecode.swift; path = ArcanaEdit.swift; sourceTree = "<group>"; };
		04885B871D926EA800A69992 /* FontAwesome.otf */ = {isa = PBXFileReference; lastKnownFileType = file; path = FontAwesome.otf; sourceTree = "<group>"; };
		048B31271D76C84C0011477D /* ArcanaSkillAbilityDescCell.swift */ = {isa = PBXFileReference; fileEncoding = 4; lastKnownFileType = sourcecode.swift; path = ArcanaSkillAbilityDescCell.swift; sourceTree = "<group>"; };
		048E6E541D729A7D00687513 /* GlobalConstants.swift */ = {isa = PBXFileReference; fileEncoding = 4; lastKnownFileType = sourcecode.swift; name = GlobalConstants.swift; path = etc/GlobalConstants.swift; sourceTree = "<group>"; };
		0490A8221E68F701000E3E4D /* FilterCell.swift */ = {isa = PBXFileReference; fileEncoding = 4; lastKnownFileType = sourcecode.swift; path = FilterCell.swift; sourceTree = "<group>"; };
		04941A3C1D6FAD2800BAE389 /* ArcanaCell.swift */ = {isa = PBXFileReference; fileEncoding = 4; lastKnownFileType = sourcecode.swift; path = ArcanaCell.swift; sourceTree = "<group>"; };
		04970C0A1EF8D7AE00BB49CE /* WelcomeViewController.swift */ = {isa = PBXFileReference; lastKnownFileType = sourcecode.swift; path = WelcomeViewController.swift; sourceTree = "<group>"; };
		049926E61DF7590C00FD9889 /* BannerAlert.swift */ = {isa = PBXFileReference; fileEncoding = 4; lastKnownFileType = sourcecode.swift; path = BannerAlert.swift; sourceTree = "<group>"; };
		049C58F51DAF6FAC005924F9 /* ArcanaEditHistory.swift */ = {isa = PBXFileReference; fileEncoding = 4; lastKnownFileType = sourcecode.swift; path = ArcanaEditHistory.swift; sourceTree = "<group>"; };
		049CF7471D95E52B00B283EC /* TransitioningObject.swift */ = {isa = PBXFileReference; fileEncoding = 4; lastKnownFileType = sourcecode.swift; path = TransitioningObject.swift; sourceTree = "<group>"; };
		04A2EC911D6F7FA300189142 /* Chain.app */ = {isa = PBXFileReference; explicitFileType = wrapper.application; includeInIndex = 0; path = Chain.app; sourceTree = BUILT_PRODUCTS_DIR; };
		04A2EC941D6F7FA300189142 /* AppDelegate.swift */ = {isa = PBXFileReference; lastKnownFileType = sourcecode.swift; path = AppDelegate.swift; sourceTree = "<group>"; };
		04A2EC9E1D6F7FA300189142 /* Assets.xcassets */ = {isa = PBXFileReference; lastKnownFileType = folder.assetcatalog; path = Assets.xcassets; sourceTree = "<group>"; };
		04A2ECA11D6F7FA300189142 /* Base */ = {isa = PBXFileReference; lastKnownFileType = file.storyboard; name = Base; path = Base.lproj/LaunchScreen.storyboard; sourceTree = "<group>"; };
		04A2ECA31D6F7FA300189142 /* Info.plist */ = {isa = PBXFileReference; lastKnownFileType = text.plist.xml; name = Info.plist; path = etc/Info.plist; sourceTree = "<group>"; };
		04A2ECC81D6F80EB00189142 /* Arcana.swift */ = {isa = PBXFileReference; fileEncoding = 4; lastKnownFileType = sourcecode.swift; path = Arcana.swift; sourceTree = "<group>"; };
		04AE0E251D7A2C23008902A8 /* FilterViewController.swift */ = {isa = PBXFileReference; fileEncoding = 4; lastKnownFileType = sourcecode.swift; path = FilterViewController.swift; sourceTree = "<group>"; };
		04B2B22B1DEFC3BF00C7BD1A /* AbilityViewTableCell.swift */ = {isa = PBXFileReference; fileEncoding = 4; lastKnownFileType = sourcecode.swift; path = AbilityViewTableCell.swift; sourceTree = "<group>"; };
		04BE5BC41DB80E97005E7968 /* ArcanaEditModel.swift */ = {isa = PBXFileReference; fileEncoding = 4; lastKnownFileType = sourcecode.swift; path = ArcanaEditModel.swift; sourceTree = "<group>"; };
		04BF5AFE1DF214BE00AE8CD8 /* ChainLogo.swift */ = {isa = PBXFileReference; fileEncoding = 4; lastKnownFileType = sourcecode.swift; path = ChainLogo.swift; sourceTree = "<group>"; };
		04BF5B001DF214CF00AE8CD8 /* PCView.swift */ = {isa = PBXFileReference; fileEncoding = 4; lastKnownFileType = sourcecode.swift; path = PCView.swift; sourceTree = "<group>"; };
		04BF5B021DF26EBB00AE8CD8 /* AbilityViewDataSource.swift */ = {isa = PBXFileReference; fileEncoding = 4; lastKnownFileType = sourcecode.swift; path = AbilityViewDataSource.swift; sourceTree = "<group>"; };
		04C17B3C1EA145AB00AB93CF /* LoadingArcanaViewController.swift */ = {isa = PBXFileReference; fileEncoding = 4; lastKnownFileType = sourcecode.swift; path = LoadingArcanaViewController.swift; sourceTree = "<group>"; };
		04CBBD401E2B3FBE009D5E5F /* UIViewConstraints.swift */ = {isa = PBXFileReference; fileEncoding = 4; lastKnownFileType = sourcecode.swift; path = UIViewConstraints.swift; sourceTree = "<group>"; };
		04CBBD421E2B4938009D5E5F /* SectionHeader.swift */ = {isa = PBXFileReference; fileEncoding = 4; lastKnownFileType = sourcecode.swift; path = SectionHeader.swift; sourceTree = "<group>"; };
		04CBBD441E2B497D009D5E5F /* HorizontalBar.swift */ = {isa = PBXFileReference; fileEncoding = 4; lastKnownFileType = sourcecode.swift; path = HorizontalBar.swift; sourceTree = "<group>"; };
		04D145521EEE293B00D11008 /* ArcanaDetail+Drag.swift */ = {isa = PBXFileReference; lastKnownFileType = sourcecode.swift; path = "ArcanaDetail+Drag.swift"; sourceTree = "<group>"; };
		04D226661DBB29FA00802EFF /* GoogleService-Info.plist */ = {isa = PBXFileReference; fileEncoding = 4; lastKnownFileType = text.plist.xml; path = "GoogleService-Info.plist"; sourceTree = "<group>"; };
		04D28F401DEC255D00F55D3F /* MenuBar.swift */ = {isa = PBXFileReference; fileEncoding = 4; lastKnownFileType = sourcecode.swift; path = MenuBar.swift; sourceTree = "<group>"; };
		04D28F441DEC2AAC00F55D3F /* AbilityListTableCell.swift */ = {isa = PBXFileReference; fileEncoding = 4; lastKnownFileType = sourcecode.swift; path = AbilityListTableCell.swift; sourceTree = "<group>"; };
		04D6594C1DB60A1200D30C21 /* PageViewController.swift */ = {isa = PBXFileReference; fileEncoding = 4; lastKnownFileType = sourcecode.swift; path = PageViewController.swift; sourceTree = "<group>"; };
		04D6594E1DB60A3C00D30C21 /* TutorialViewController.swift */ = {isa = PBXFileReference; fileEncoding = 4; lastKnownFileType = sourcecode.swift; path = TutorialViewController.swift; sourceTree = "<group>"; };
		04DFF8D71EE0ED54002C7D05 /* HideBars.swift */ = {isa = PBXFileReference; fileEncoding = 4; lastKnownFileType = sourcecode.swift; path = HideBars.swift; sourceTree = "<group>"; };
		04DFF8D91EE13324002C7D05 /* ArcanaClassCell.swift */ = {isa = PBXFileReference; fileEncoding = 4; lastKnownFileType = sourcecode.swift; path = ArcanaClassCell.swift; sourceTree = "<group>"; };
		04DFF8DB1EE148AB002C7D05 /* ArcanaBaseInfoCollectionView.swift */ = {isa = PBXFileReference; fileEncoding = 4; lastKnownFileType = sourcecode.swift; path = ArcanaBaseInfoCollectionView.swift; sourceTree = "<group>"; };
		04E03D201E79DDA500432F10 /* ImageToggleCell.swift */ = {isa = PBXFileReference; fileEncoding = 4; lastKnownFileType = sourcecode.swift; path = ImageToggleCell.swift; sourceTree = "<group>"; };
		04E78B0B1EF6E54C00B4F0FE /* ArcanaSplitViewController.swift */ = {isa = PBXFileReference; lastKnownFileType = sourcecode.swift; path = ArcanaSplitViewController.swift; sourceTree = "<group>"; };
		04E78B0D1EF6E6B400B4F0FE /* WelcomeViewController.swift */ = {isa = PBXFileReference; lastKnownFileType = sourcecode.swift; path = WelcomeViewController.swift; sourceTree = "<group>"; };
		04E78B0F1EF758F000B4F0FE /* ArcanaDetail+TableView.swift */ = {isa = PBXFileReference; lastKnownFileType = sourcecode.swift; path = "ArcanaDetail+TableView.swift"; sourceTree = "<group>"; };
		04ED6FD41D813F4800C87B17 /* RarityCell.swift */ = {isa = PBXFileReference; fileEncoding = 4; lastKnownFileType = sourcecode.swift; path = RarityCell.swift; sourceTree = "<group>"; };
		04EDE6F41D937AF2005731B9 /* CreateEmail.swift */ = {isa = PBXFileReference; fileEncoding = 4; lastKnownFileType = sourcecode.swift; path = CreateEmail.swift; sourceTree = "<group>"; };
		04EDE6FF1D9391F1005731B9 /* ArcanaDetailEdit.swift */ = {isa = PBXFileReference; fileEncoding = 4; lastKnownFileType = sourcecode.swift; path = ArcanaDetailEdit.swift; sourceTree = "<group>"; };
		04EDE7011D93954A005731B9 /* ArcanaDetailEditCell.swift */ = {isa = PBXFileReference; fileEncoding = 4; lastKnownFileType = sourcecode.swift; path = ArcanaDetailEditCell.swift; sourceTree = "<group>"; };
		04EF66A61DB31A9600E13370 /* SettingsSectionHeader.swift */ = {isa = PBXFileReference; fileEncoding = 4; lastKnownFileType = sourcecode.swift; path = SettingsSectionHeader.swift; sourceTree = "<group>"; };
		04EF66AA1DB363D000E13370 /* SettingsCell.swift */ = {isa = PBXFileReference; fileEncoding = 4; lastKnownFileType = sourcecode.swift; path = SettingsCell.swift; sourceTree = "<group>"; };
		04F3CD881DA31E620026D5AF /* CopyableLabel.swift */ = {isa = PBXFileReference; fileEncoding = 4; lastKnownFileType = sourcecode.swift; path = CopyableLabel.swift; sourceTree = "<group>"; };
		04F87D621E763C4000E318F7 /* BaseCollectionViewController.swift */ = {isa = PBXFileReference; fileEncoding = 4; lastKnownFileType = sourcecode.swift; path = BaseCollectionViewController.swift; sourceTree = "<group>"; };
		04FAA20F1E6F99A200E848B4 /* DataViewController.swift */ = {isa = PBXFileReference; fileEncoding = 4; lastKnownFileType = sourcecode.swift; name = DataViewController.swift; path = Chain/DataViewController.swift; sourceTree = SOURCE_ROOT; };
		04FAA2121E6F9D1B00E848B4 /* DataLink.swift */ = {isa = PBXFileReference; fileEncoding = 4; lastKnownFileType = sourcecode.swift; path = DataLink.swift; sourceTree = "<group>"; };
		04FAA2141E6FA2F800E848B4 /* LinkViewController.swift */ = {isa = PBXFileReference; fileEncoding = 4; lastKnownFileType = sourcecode.swift; name = LinkViewController.swift; path = Chain/LinkViewController.swift; sourceTree = SOURCE_ROOT; };
		04FAF3561D948ADD0061726F /* UnderlinedLabel.swift */ = {isa = PBXFileReference; fileEncoding = 4; lastKnownFileType = sourcecode.swift; path = UnderlinedLabel.swift; sourceTree = "<group>"; };
		1BAF675FCE57B957E684B58C /* Pods-ChainUITests.debug.xcconfig */ = {isa = PBXFileReference; includeInIndex = 1; lastKnownFileType = text.xcconfig; name = "Pods-ChainUITests.debug.xcconfig"; path = "Pods/Target Support Files/Pods-ChainUITests/Pods-ChainUITests.debug.xcconfig"; sourceTree = "<group>"; };
		46B66FBB77D74CEB5A1B14A0 /* Pods-ChainTests.debug.xcconfig */ = {isa = PBXFileReference; includeInIndex = 1; lastKnownFileType = text.xcconfig; name = "Pods-ChainTests.debug.xcconfig"; path = "Pods/Target Support Files/Pods-ChainTests/Pods-ChainTests.debug.xcconfig"; sourceTree = "<group>"; };
		4CD31E6E1E167E52C1F627D7 /* Pods_ChainTests.framework */ = {isa = PBXFileReference; explicitFileType = wrapper.framework; includeInIndex = 0; path = Pods_ChainTests.framework; sourceTree = BUILT_PRODUCTS_DIR; };
		568660B9981E438E1C64B066 /* Pods-Chain.debug.xcconfig */ = {isa = PBXFileReference; includeInIndex = 1; lastKnownFileType = text.xcconfig; name = "Pods-Chain.debug.xcconfig"; path = "Pods/Target Support Files/Pods-Chain/Pods-Chain.debug.xcconfig"; sourceTree = "<group>"; };
		623F61408F5822348BA67D97 /* Pods-Chain.release.xcconfig */ = {isa = PBXFileReference; includeInIndex = 1; lastKnownFileType = text.xcconfig; name = "Pods-Chain.release.xcconfig"; path = "Pods/Target Support Files/Pods-Chain/Pods-Chain.release.xcconfig"; sourceTree = "<group>"; };
		95C07E5E6F21968556D6ACA5 /* Pods_ChainUITests.framework */ = {isa = PBXFileReference; explicitFileType = wrapper.framework; includeInIndex = 0; path = Pods_ChainUITests.framework; sourceTree = BUILT_PRODUCTS_DIR; };
		9F24342BA979ECF14F6FFE66 /* Pods-ChainTests.release.xcconfig */ = {isa = PBXFileReference; includeInIndex = 1; lastKnownFileType = text.xcconfig; name = "Pods-ChainTests.release.xcconfig"; path = "Pods/Target Support Files/Pods-ChainTests/Pods-ChainTests.release.xcconfig"; sourceTree = "<group>"; };
		A7B05ACE02E45F09E2A44AE1 /* Pods-ChainUITests.release.xcconfig */ = {isa = PBXFileReference; includeInIndex = 1; lastKnownFileType = text.xcconfig; name = "Pods-ChainUITests.release.xcconfig"; path = "Pods/Target Support Files/Pods-ChainUITests/Pods-ChainUITests.release.xcconfig"; sourceTree = "<group>"; };
		B7E088AC701B4123C508DFB6 /* Pods_Chain.framework */ = {isa = PBXFileReference; explicitFileType = wrapper.framework; includeInIndex = 0; path = Pods_Chain.framework; sourceTree = BUILT_PRODUCTS_DIR; };
/* End PBXFileReference section */

/* Begin PBXFrameworksBuildPhase section */
		043A7CB01E8FB1DA0061EDD8 /* Frameworks */ = {
			isa = PBXFrameworksBuildPhase;
			buildActionMask = 2147483647;
			files = (
				717844FE63C8914D215C1264 /* Pods_ChainUITests.framework in Frameworks */,
			);
			runOnlyForDeploymentPostprocessing = 0;
		};
		04A2EC8E1D6F7FA300189142 /* Frameworks */ = {
			isa = PBXFrameworksBuildPhase;
			buildActionMask = 2147483647;
			files = (
				C5E22DEC04C0CDB19F2CCB51 /* Pods_Chain.framework in Frameworks */,
			);
			runOnlyForDeploymentPostprocessing = 0;
		};
/* End PBXFrameworksBuildPhase section */

/* Begin PBXGroup section */
		040EA1721DB8787E00193363 /* Helpers */ = {
			isa = PBXGroup;
			children = (
				047FCE7F1E8F80C200D9B832 /* AppRater.swift */,
				040EA1731DB878AE00193363 /* UserDefaultsHelper.swift */,
				041FD5681DB9A6F50068657F /* FirebaseService.swift */,
				040EA1751DB87A5E00193363 /* ChangeRootVC.swift */,
				040EA1771DB8940E00193363 /* FadeAnimation.swift */,
				040EA1791DB8951F00193363 /* TavernNameHandler.swift */,
				040EA17B1DB8955200193363 /* DismissKeyboard.swift */,
				045E4D0D1DB9D8A400EBC793 /* SearchController.swift */,
				043EEFB21E89DCDC00650B28 /* SearchBar.swift */,
				049CF7471D95E52B00B283EC /* TransitioningObject.swift */,
				04CBBD401E2B3FBE009D5E5F /* UIViewConstraints.swift */,
				047B57731EF8EDAA0077FAFB /* ImageHelpers.swift */,
				04DFF8D71EE0ED54002C7D05 /* HideBars.swift */,
				040133431EF0F9F10050ED32 /* GoogleTranslator.swift */,
			);
			path = Helpers;
			sourceTree = "<group>";
		};
		042834FC1D91EA1E0043BE6E /* Login */ = {
			isa = PBXGroup;
			children = (
				04D6594C1DB60A1200D30C21 /* PageViewController.swift */,
				04D6594E1DB60A3C00D30C21 /* TutorialViewController.swift */,
				041729061E7297D50090E634 /* FloatingTextField.swift */,
				042835011D91EE250043BE6E /* LoginHome.swift */,
				04EDE6F41D937AF2005731B9 /* CreateEmail.swift */,
			);
			path = Login;
			sourceTree = "<group>";
		};
		043A7CB41E8FB1DA0061EDD8 /* ChainUITests */ = {
			isa = PBXGroup;
			children = (
				043A7CB51E8FB1DA0061EDD8 /* ChainUITests.swift */,
				043A7CBD1E8FB2500061EDD8 /* SnapshotHelper.swift */,
				043A7CB71E8FB1DA0061EDD8 /* Info.plist */,
			);
			path = ChainUITests;
			sourceTree = "<group>";
		};
		0447E1D71D87D09500670834 /* Ability */ = {
			isa = PBXGroup;
			children = (
				040454941DFB981500A1F74E /* Ability.swift */,
				0400A30F1E76333700B195E9 /* MenuBarViewController.swift */,
				04F87D621E763C4000E318F7 /* BaseCollectionViewController.swift */,
				04D28F401DEC255D00F55D3F /* MenuBar.swift */,
				04180A371DF6368500C1BA72 /* BaseCollectionViewCell.swift */,
				04CBBD421E2B4938009D5E5F /* SectionHeader.swift */,
				04CBBD441E2B497D009D5E5F /* HorizontalBar.swift */,
				04D28F441DEC2AAC00F55D3F /* AbilityListTableCell.swift */,
				04180D2D1DEC0CD500E4303D /* AbilityListDataSource.swift */,
				04B2B22B1DEFC3BF00C7BD1A /* AbilityViewTableCell.swift */,
				04BF5B021DF26EBB00AE8CD8 /* AbilityViewDataSource.swift */,
				040FA9A11E886B2200C315CD /* ArcanaAbilityPreviewCell.swift */,
			);
			path = Ability;
			sourceTree = "<group>";
		};
		045EF6A81DAB5DCA002148DD /* Settings */ = {
			isa = PBXGroup;
			children = (
				045EF6A91DAB5DEE002148DD /* Settings.swift */,
				04EF66AA1DB363D000E13370 /* SettingsCell.swift */,
				04E03D201E79DDA500432F10 /* ImageToggleCell.swift */,
				04EF66A61DB31A9600E13370 /* SettingsSectionHeader.swift */,
				043EEFBC1E8B4AEB00650B28 /* ImageTypeCell.swift */,
				047C0D4C1E8CA927008F83F3 /* ArcanaViewTypePageViewController.swift */,
				047C0D4E1E8CAA31008F83F3 /* ArcanaViewTypeViewController.swift */,
				047C0D501E8CDD68008F83F3 /* SelectViewForArcanaTypeTableViewController.swift */,
			);
			path = Settings;
			sourceTree = "<group>";
		};
		046C93351D7582D6000E3FBD /* Arcana */ = {
			isa = PBXGroup;
			children = (
				0401B2871D75386C00A0A728 /* ArcanaDetail.swift */,
				04E78B0F1EF758F000B4F0FE /* ArcanaDetail+TableView.swift */,
				04D145521EEE293B00D11008 /* ArcanaDetail+Drag.swift */,
				042071C41EEE4701007B7B6E /* ArcanaDetail+Drop.swift */,
				04C17B3C1EA145AB00AB93CF /* LoadingArcanaViewController.swift */,
				040FA9A31E886B7500C315CD /* BaseTableViewCell.swift */,
				047B57711EF8ED480077FAFB /* ArcanaImageCell.swift */,
				04349D0E1DAC333400216141 /* ArcanaButtonsCell.swift */,
				0401B28C1D75394400A0A728 /* ArcanaAttributeCell.swift */,
				04DFF8DB1EE148AB002C7D05 /* ArcanaBaseInfoCollectionView.swift */,
				04DFF8D91EE13324002C7D05 /* ArcanaClassCell.swift */,
				046C93361D7582E9000E3FBD /* ArcanaSkillCell.swift */,
				048B31271D76C84C0011477D /* ArcanaSkillAbilityDescCell.swift */,
				042834F91D91E10D0043BE6E /* ArcanaChainStoryCell.swift */,
				04EDE6FF1D9391F1005731B9 /* ArcanaDetailEdit.swift */,
				04EDE7011D93954A005731B9 /* ArcanaDetailEditCell.swift */,
				04349D101DACD79600216141 /* ArcanaEditList.swift */,
				04BE5BC41DB80E97005E7968 /* ArcanaEditModel.swift */,
				04349D141DACDA1F00216141 /* ArcanaEditListCell.swift */,
				049C58F51DAF6FAC005924F9 /* ArcanaEditHistory.swift */,
				0486E8FE1DADF4F600FE6FA3 /* ArcanaViewEditsCell.swift */,
				0449168C1EE28B8000123FF5 /* SurveyPageViewController.swift */,
				0449168A1EE286DF00123FF5 /* SurveyViewController.swift */,
				0449168E1EE3325D00123FF5 /* SurveyCell.swift */,
			);
			path = Arcana;
			sourceTree = "<group>";
		};
		047561581D946E1C004886BF /* Main */ = {
			isa = PBXGroup;
			children = (
				046FDD3B1D738060001E955B /* MyTabBarController.swift */,
				0425D4911E7893690030BF4A /* NavigationController.swift */,
				04E78B0B1EF6E54C00B4F0FE /* ArcanaSplitViewController.swift */,
				04E78B0D1EF6E6B400B4F0FE /* WelcomeViewController.swift */,
				0425D4951E78C0D40030BF4A /* ArcanaViewController.swift */,
				040FA9A71E88999E00C315CD /* ArcanaViewController+TableView.swift */,
				042071C21EEE3C60007B7B6E /* ArcanaViewController+Drag.swift */,
				0425D4991E78E8700030BF4A /* SearchArcanaViewController.swift */,
				0425D4971E78D3010030BF4A /* TavernArcanaViewController.swift */,
				0425D49B1E78FBC00030BF4A /* FavoritesArcanaViewController.swift */,
				0468D2DE1ED907BF0040A87A /* FestivalViewController.swift */,
				0400A3051E74D23E00B195E9 /* ArcanaPeekPreview.swift */,
				0400A30B1E752A4E00B195E9 /* ArcanaPeekTableViewHeader.swift */,
				0400A3071E751B1100B195E9 /* ArcanaPeekPreviewSectionHeaderCell.swift */,
				04691E8E1D97A87300E15C5F /* ArcanaCell.xib */,
				04941A3C1D6FAD2800BAE389 /* ArcanaCell.swift */,
				043EEFBE1E8B525500650B28 /* ArcanaMainImageCell.swift */,
				040FA9A51E88952000C315CD /* ArcanaIconCell.swift */,
				0475D2841E8DF0AA00F0D03A /* MainListTableView.swift */,
				040FA9A91E88BD0300C315CD /* ArcanaIconLabelCell.swift */,
				04AE0E251D7A2C23008902A8 /* FilterViewController.swift */,
				0490A8221E68F701000E3E4D /* FilterCell.swift */,
				04ED6FD41D813F4800C87B17 /* RarityCell.swift */,
				046710C11D97D011000CF487 /* SearchHistory.swift */,
				046710C51D97D18F000CF487 /* ArcanaTextCell.swift */,
				043EEFB81E8B172500650B28 /* ArcanaViewPageController.swift */,
			);
			path = Main;
			sourceTree = "<group>";
		};
		04A2EC881D6F7FA300189142 = {
			isa = PBXGroup;
			children = (
				04A2EC931D6F7FA300189142 /* Chain */,
				043A7CB41E8FB1DA0061EDD8 /* ChainUITests */,
				04A2EC921D6F7FA300189142 /* Products */,
				B5ABB791CCC4485D0388B147 /* Pods */,
				775C9A4348BE0849F66B6F00 /* Frameworks */,
			);
			sourceTree = "<group>";
		};
		04A2EC921D6F7FA300189142 /* Products */ = {
			isa = PBXGroup;
			children = (
				04A2EC911D6F7FA300189142 /* Chain.app */,
				043A7CB31E8FB1DA0061EDD8 /* ChainUITests.xctest */,
			);
			name = Products;
			sourceTree = "<group>";
		};
		04A2EC931D6F7FA300189142 /* Chain */ = {
			isa = PBXGroup;
			children = (
				04A2EC941D6F7FA300189142 /* AppDelegate.swift */,
				048E6E541D729A7D00687513 /* GlobalConstants.swift */,
				040EA1721DB8787E00193363 /* Helpers */,
				042834FC1D91EA1E0043BE6E /* Login */,
				047561581D946E1C004886BF /* Main */,
				046C93351D7582D6000E3FBD /* Arcana */,
				0447E1D71D87D09500670834 /* Ability */,
				04A3B1761D8E7B7500BBF297 /* Tavern */,
				04FAA2111E6F99A800E848B4 /* Data */,
				04A2ECC51D6F80BF00189142 /* Custom Views */,
				045EF6A81DAB5DCA002148DD /* Settings */,
				04A2ECC71D6F80D300189142 /* Model */,
				04A2ECC61D6F80C800189142 /* etc */,
				04A2EC9E1D6F7FA300189142 /* Assets.xcassets */,
				04A2ECA01D6F7FA300189142 /* LaunchScreen.storyboard */,
				044725591DAA2D6D0013EC13 /* LaunchScreenView.swift */,
				04A2ECA31D6F7FA300189142 /* Info.plist */,
			);
			path = Chain;
			sourceTree = "<group>";
		};
		04A2ECC51D6F80BF00189142 /* Custom Views */ = {
			isa = PBXGroup;
			children = (
				04BF5AFE1DF214BE00AE8CD8 /* ChainLogo.swift */,
				049926E61DF7590C00FD9889 /* BannerAlert.swift */,
				04BF5B001DF214CF00AE8CD8 /* PCView.swift */,
				047561561D946BB1004886BF /* RoundedButton.swift */,
				04FAF3561D948ADD0061726F /* UnderlinedLabel.swift */,
				04F3CD881DA31E620026D5AF /* CopyableLabel.swift */,
				044916881EE264CE00123FF5 /* RatePopupView.swift */,
				0465F9841EE3449800282014 /* KRLabel.swift */,
				0409F2D81EF501E8006DC6A9 /* AnimateUploadView.swift */,
			);
			name = "Custom Views";
			path = CustomViews;
			sourceTree = "<group>";
		};
		04A2ECC61D6F80C800189142 /* etc */ = {
			isa = PBXGroup;
			children = (
				04D226661DBB29FA00802EFF /* GoogleService-Info.plist */,
				042834F81D91AF680043BE6E /* Chain.entitlements */,
				0435239A1DB461CA004D96A3 /* Credits.plist */,
				043523961DB45CAF004D96A3 /* credits.py */,
				043616011DBC974B00BFFB64 /* FontAwesome.otf */,
			);
			path = etc;
			sourceTree = "<group>";
		};
		04A2ECC71D6F80D300189142 /* Model */ = {
			isa = PBXGroup;
			children = (
				04A2ECC81D6F80EB00189142 /* Arcana.swift */,
				040133411EF0F3950050ED32 /* ArcanaUpload.swift */,
				0486E9001DADF8F300FE6FA3 /* ArcanaEdit.swift */,
				040133481EF1117B0050ED32 /* Weapon.swift */,
			);
			path = Model;
			sourceTree = "<group>";
		};
		04A3B1761D8E7B7500BBF297 /* Tavern */ = {
			isa = PBXGroup;
			children = (
				04180A391DF63A1F00C1BA72 /* TavernListTableCell.swift */,
			);
			path = Tavern;
			sourceTree = "<group>";
		};
		04FAA2111E6F99A800E848B4 /* Data */ = {
			isa = PBXGroup;
			children = (
				04FAA2121E6F9D1B00E848B4 /* DataLink.swift */,
				04FAA20F1E6F99A200E848B4 /* DataViewController.swift */,
				0434BD321E9362D900DF840E /* DataCell.swift */,
				04FAA2141E6FA2F800E848B4 /* LinkViewController.swift */,
				0401333F1EF0EF100050ED32 /* ArcanaUploader.swift */,
				044AFD271EF64C1A006DA5B2 /* UploadArcanaViewController.swift */,
				044AFD281EF64C1A006DA5B2 /* UploadArcanaViewController+Drop.swift */,
				044AFD291EF64C1A006DA5B2 /* UploadArcanaViewController+UITextField.swift */,
				040133451EF10F700050ED32 /* ArcanaAttributeConverter.swift */,
			);
			name = Data;
			path = Tavern;
			sourceTree = "<group>";
		};
		775C9A4348BE0849F66B6F00 /* Frameworks */ = {
			isa = PBXGroup;
			children = (
				04885B871D926EA800A69992 /* FontAwesome.otf */,
				041B691C1D8A4933008B5771 /* Kanna.framework */,
				B7E088AC701B4123C508DFB6 /* Pods_Chain.framework */,
				4CD31E6E1E167E52C1F627D7 /* Pods_ChainTests.framework */,
				95C07E5E6F21968556D6ACA5 /* Pods_ChainUITests.framework */,
			);
			name = Frameworks;
			sourceTree = "<group>";
		};
		B5ABB791CCC4485D0388B147 /* Pods */ = {
			isa = PBXGroup;
			children = (
				568660B9981E438E1C64B066 /* Pods-Chain.debug.xcconfig */,
				623F61408F5822348BA67D97 /* Pods-Chain.release.xcconfig */,
				46B66FBB77D74CEB5A1B14A0 /* Pods-ChainTests.debug.xcconfig */,
				9F24342BA979ECF14F6FFE66 /* Pods-ChainTests.release.xcconfig */,
				1BAF675FCE57B957E684B58C /* Pods-ChainUITests.debug.xcconfig */,
				A7B05ACE02E45F09E2A44AE1 /* Pods-ChainUITests.release.xcconfig */,
			);
			name = Pods;
			sourceTree = "<group>";
		};
/* End PBXGroup section */

/* Begin PBXNativeTarget section */
		043A7CB21E8FB1DA0061EDD8 /* ChainUITests */ = {
			isa = PBXNativeTarget;
			buildConfigurationList = 043A7CBA1E8FB1DA0061EDD8 /* Build configuration list for PBXNativeTarget "ChainUITests" */;
			buildPhases = (
				51437BD89CE382A168766CEA /* [CP] Check Pods Manifest.lock */,
				043A7CAF1E8FB1DA0061EDD8 /* Sources */,
				043A7CB01E8FB1DA0061EDD8 /* Frameworks */,
				043A7CB11E8FB1DA0061EDD8 /* Resources */,
				F515FFDB209237A5FA13BF9F /* [CP] Embed Pods Frameworks */,
				D56F4DBFD1255103A3DDFA92 /* [CP] Copy Pods Resources */,
			);
			buildRules = (
			);
			dependencies = (
				043A7CB91E8FB1DA0061EDD8 /* PBXTargetDependency */,
			);
			name = ChainUITests;
			productName = ChainUITests;
			productReference = 043A7CB31E8FB1DA0061EDD8 /* ChainUITests.xctest */;
			productType = "com.apple.product-type.bundle.ui-testing";
		};
		04A2EC901D6F7FA300189142 /* Chain */ = {
			isa = PBXNativeTarget;
			buildConfigurationList = 04A2ECBC1D6F7FA300189142 /* Build configuration list for PBXNativeTarget "Chain" */;
			buildPhases = (
				19B5C4E54CCF81B0CB4F751C /* [CP] Check Pods Manifest.lock */,
				04A2EC8D1D6F7FA300189142 /* Sources */,
				04A2EC8E1D6F7FA300189142 /* Frameworks */,
				04A2EC8F1D6F7FA300189142 /* Resources */,
				83361517803DC7A3512E7B83 /* [CP] Embed Pods Frameworks */,
				4540E040F161CA1C1FBF4868 /* [CP] Copy Pods Resources */,
				04012E351D8A6F8E00B17B44 /* Embed Frameworks */,
				043523951DB45C65004D96A3 /* Process Credits */,
				04ED3D3F1E7FA0D900A4C95E /* Upload Symbols to Firebase Crash Reporting */,
			);
			buildRules = (
			);
			dependencies = (
			);
			name = Chain;
			productName = Chain;
			productReference = 04A2EC911D6F7FA300189142 /* Chain.app */;
			productType = "com.apple.product-type.application";
		};
/* End PBXNativeTarget section */

/* Begin PBXProject section */
		04A2EC891D6F7FA300189142 /* Project object */ = {
			isa = PBXProject;
			attributes = {
				LastSwiftUpdateCheck = 0820;
				LastUpgradeCheck = 0900;
				ORGANIZATIONNAME = "Jitae Kim";
				TargetAttributes = {
					043A7CB21E8FB1DA0061EDD8 = {
						CreatedOnToolsVersion = 8.2.1;
						LastSwiftMigration = 0900;
						ProvisioningStyle = Automatic;
						TestTargetID = 04A2EC901D6F7FA300189142;
					};
					04A2EC901D6F7FA300189142 = {
						CreatedOnToolsVersion = 7.3.1;
						DevelopmentTeam = 3NP653TDUD;
						LastSwiftMigration = 0900;
						ProvisioningStyle = Automatic;
						SystemCapabilities = {
							com.apple.Keychain = {
								enabled = 1;
							};
							com.apple.SafariKeychain = {
								enabled = 1;
							};
						};
					};
				};
			};
			buildConfigurationList = 04A2EC8C1D6F7FA300189142 /* Build configuration list for PBXProject "Chain" */;
			compatibilityVersion = "Xcode 3.2";
			developmentRegion = English;
			hasScannedForEncodings = 0;
			knownRegions = (
				Base,
			);
			mainGroup = 04A2EC881D6F7FA300189142;
			productRefGroup = 04A2EC921D6F7FA300189142 /* Products */;
			projectDirPath = "";
			projectRoot = "";
			targets = (
				04A2EC901D6F7FA300189142 /* Chain */,
				043A7CB21E8FB1DA0061EDD8 /* ChainUITests */,
			);
		};
/* End PBXProject section */

/* Begin PBXResourcesBuildPhase section */
		043A7CB11E8FB1DA0061EDD8 /* Resources */ = {
			isa = PBXResourcesBuildPhase;
			buildActionMask = 2147483647;
			files = (
			);
			runOnlyForDeploymentPostprocessing = 0;
		};
		04A2EC8F1D6F7FA300189142 /* Resources */ = {
			isa = PBXResourcesBuildPhase;
			buildActionMask = 2147483647;
			files = (
				043616021DBC976700BFFB64 /* FontAwesome.otf in Resources */,
				04A2ECA21D6F7FA300189142 /* LaunchScreen.storyboard in Resources */,
				04A2EC9F1D6F7FA300189142 /* Assets.xcassets in Resources */,
				04D226671DBB29FA00802EFF /* GoogleService-Info.plist in Resources */,
				0435239B1DB461CA004D96A3 /* Credits.plist in Resources */,
				043523971DB45CAF004D96A3 /* credits.py in Resources */,
				04691E8F1D97A87300E15C5F /* ArcanaCell.xib in Resources */,
			);
			runOnlyForDeploymentPostprocessing = 0;
		};
/* End PBXResourcesBuildPhase section */

/* Begin PBXShellScriptBuildPhase section */
		043523951DB45C65004D96A3 /* Process Credits */ = {
			isa = PBXShellScriptBuildPhase;
			buildActionMask = 8;
			files = (
			);
			inputPaths = (
			);
			name = "Process Credits";
			outputPaths = (
			);
			runOnlyForDeploymentPostprocessing = 1;
			shellPath = /bin/sh;
			shellScript = "./Chain/etc/credits.py -s \"$SRCROOT\" -o \"$SRCROOT/Credits.plist\"";
		};
		04ED3D3F1E7FA0D900A4C95E /* Upload Symbols to Firebase Crash Reporting */ = {
			isa = PBXShellScriptBuildPhase;
			buildActionMask = 8;
			files = (
			);
			inputPaths = (
			);
			name = "Upload Symbols to Firebase Crash Reporting";
			outputPaths = (
			);
			runOnlyForDeploymentPostprocessing = 1;
			shellPath = /bin/sh;
			shellScript = "# Replace this with the GOOGLE_APP_ID from your GoogleService-Info.plist file\nGOOGLE_APP_ID=1:1:1008757887866:ios:e713b34761ca7fad\n\n# Replace the /Path/To/ServiceAccount.json with the path to the key you just downloaded\n\"${PODS_ROOT}\"/FirebaseCrash/upload-sym \"/Users/jitae/Desktop/Chain/chainchronicle-ea233-firebase-crashreporting-je9x8-173e1b9a6a.json\"";
		};
		19B5C4E54CCF81B0CB4F751C /* [CP] Check Pods Manifest.lock */ = {
			isa = PBXShellScriptBuildPhase;
			buildActionMask = 2147483647;
			files = (
			);
			inputPaths = (
			);
			name = "[CP] Check Pods Manifest.lock";
			outputPaths = (
			);
			runOnlyForDeploymentPostprocessing = 0;
			shellPath = /bin/sh;
			shellScript = "diff \"${PODS_PODFILE_DIR_PATH}/Podfile.lock\" \"${PODS_ROOT}/Manifest.lock\" > /dev/null\nif [ $? != 0 ] ; then\n    # print error to STDERR\n    echo \"error: The sandbox is not in sync with the Podfile.lock. Run 'pod install' or update your CocoaPods installation.\" >&2\n    exit 1\nfi\n";
			showEnvVarsInLog = 0;
		};
		4540E040F161CA1C1FBF4868 /* [CP] Copy Pods Resources */ = {
			isa = PBXShellScriptBuildPhase;
			buildActionMask = 2147483647;
			files = (
			);
			inputPaths = (
			);
			name = "[CP] Copy Pods Resources";
			outputPaths = (
			);
			runOnlyForDeploymentPostprocessing = 0;
			shellPath = /bin/sh;
			shellScript = "\"${SRCROOT}/Pods/Target Support Files/Pods-Chain/Pods-Chain-resources.sh\"\n";
			showEnvVarsInLog = 0;
		};
		51437BD89CE382A168766CEA /* [CP] Check Pods Manifest.lock */ = {
			isa = PBXShellScriptBuildPhase;
			buildActionMask = 2147483647;
			files = (
			);
			inputPaths = (
			);
			name = "[CP] Check Pods Manifest.lock";
			outputPaths = (
			);
			runOnlyForDeploymentPostprocessing = 0;
			shellPath = /bin/sh;
			shellScript = "diff \"${PODS_PODFILE_DIR_PATH}/Podfile.lock\" \"${PODS_ROOT}/Manifest.lock\" > /dev/null\nif [ $? != 0 ] ; then\n    # print error to STDERR\n    echo \"error: The sandbox is not in sync with the Podfile.lock. Run 'pod install' or update your CocoaPods installation.\" >&2\n    exit 1\nfi\n";
			showEnvVarsInLog = 0;
		};
		83361517803DC7A3512E7B83 /* [CP] Embed Pods Frameworks */ = {
			isa = PBXShellScriptBuildPhase;
			buildActionMask = 2147483647;
			files = (
			);
			inputPaths = (
			);
			name = "[CP] Embed Pods Frameworks";
			outputPaths = (
			);
			runOnlyForDeploymentPostprocessing = 0;
			shellPath = /bin/sh;
			shellScript = "\"${SRCROOT}/Pods/Target Support Files/Pods-Chain/Pods-Chain-frameworks.sh\"\n";
			showEnvVarsInLog = 0;
		};
		D56F4DBFD1255103A3DDFA92 /* [CP] Copy Pods Resources */ = {
			isa = PBXShellScriptBuildPhase;
			buildActionMask = 2147483647;
			files = (
			);
			inputPaths = (
			);
			name = "[CP] Copy Pods Resources";
			outputPaths = (
			);
			runOnlyForDeploymentPostprocessing = 0;
			shellPath = /bin/sh;
			shellScript = "\"${SRCROOT}/Pods/Target Support Files/Pods-ChainUITests/Pods-ChainUITests-resources.sh\"\n";
			showEnvVarsInLog = 0;
		};
		F515FFDB209237A5FA13BF9F /* [CP] Embed Pods Frameworks */ = {
			isa = PBXShellScriptBuildPhase;
			buildActionMask = 2147483647;
			files = (
			);
			inputPaths = (
			);
			name = "[CP] Embed Pods Frameworks";
			outputPaths = (
			);
			runOnlyForDeploymentPostprocessing = 0;
			shellPath = /bin/sh;
			shellScript = "\"${SRCROOT}/Pods/Target Support Files/Pods-ChainUITests/Pods-ChainUITests-frameworks.sh\"\n";
			showEnvVarsInLog = 0;
		};
/* End PBXShellScriptBuildPhase section */

/* Begin PBXSourcesBuildPhase section */
		043A7CAF1E8FB1DA0061EDD8 /* Sources */ = {
			isa = PBXSourcesBuildPhase;
			buildActionMask = 2147483647;
			files = (
				043A7CB61E8FB1DA0061EDD8 /* ChainUITests.swift in Sources */,
				043A7CBE1E8FB2500061EDD8 /* SnapshotHelper.swift in Sources */,
			);
			runOnlyForDeploymentPostprocessing = 0;
		};
		04A2EC8D1D6F7FA300189142 /* Sources */ = {
			isa = PBXSourcesBuildPhase;
			buildActionMask = 2147483647;
			files = (
				044AFD2C1EF64C88006DA5B2 /* UploadArcanaViewController+UITextField.swift in Sources */,
				044AFD2B1EF64C85006DA5B2 /* UploadArcanaViewController+Drop.swift in Sources */,
				044AFD2A1EF64C81006DA5B2 /* UploadArcanaViewController.swift in Sources */,
				040133491EF111AA0050ED32 /* Weapon.swift in Sources */,
				04EC93021E83B13E000CDA7B /* BannerAlert.swift in Sources */,
				04EA719D1DB21C8C004E9A97 /* RarityCell.swift in Sources */,
				043EEFBF1E8B525500650B28 /* ArcanaMainImageCell.swift in Sources */,
				0449168D1EE28B8000123FF5 /* SurveyPageViewController.swift in Sources */,
				04BF5B011DF214CF00AE8CD8 /* PCView.swift in Sources */,
				0465F9851EE3449800282014 /* KRLabel.swift in Sources */,
				0486E8FF1DADF4F600FE6FA3 /* ArcanaViewEditsCell.swift in Sources */,
				040FA9A81E88999E00C315CD /* ArcanaViewController+TableView.swift in Sources */,
				04A2ECC91D6F80EB00189142 /* Arcana.swift in Sources */,
				04F87D631E763C4000E318F7 /* BaseCollectionViewController.swift in Sources */,
				040454951DFB981500A1F74E /* Ability.swift in Sources */,
				040EA1781DB8940E00193363 /* FadeAnimation.swift in Sources */,
				040FA9A61E88952000C315CD /* ArcanaIconCell.swift in Sources */,
				04EF66A71DB31A9600E13370 /* SettingsSectionHeader.swift in Sources */,
				04DFF8DC1EE148AB002C7D05 /* ArcanaBaseInfoCollectionView.swift in Sources */,
				042835021D91EE250043BE6E /* LoginHome.swift in Sources */,
				04CBBD431E2B4938009D5E5F /* SectionHeader.swift in Sources */,
				045EF6AA1DAB5DEE002148DD /* Settings.swift in Sources */,
				040EA1741DB878AE00193363 /* UserDefaultsHelper.swift in Sources */,
				04B2B22C1DEFC3BF00C7BD1A /* AbilityViewTableCell.swift in Sources */,
				049CF7481D95E52B00B283EC /* TransitioningObject.swift in Sources */,
				040133421EF0F3950050ED32 /* ArcanaUpload.swift in Sources */,
				0425D49C1E78FBC00030BF4A /* FavoritesArcanaViewController.swift in Sources */,
				0449168B1EE286DF00123FF5 /* SurveyViewController.swift in Sources */,
				043EEFB91E8B172500650B28 /* ArcanaViewPageController.swift in Sources */,
				047C0D511E8CDD68008F83F3 /* SelectViewForArcanaTypeTableViewController.swift in Sources */,
				0425D49A1E78E8700030BF4A /* SearchArcanaViewController.swift in Sources */,
				04C17B3D1EA145AB00AB93CF /* LoadingArcanaViewController.swift in Sources */,
				04FAA2101E6F99A200E848B4 /* DataViewController.swift in Sources */,
				046FDD3C1D738060001E955B /* MyTabBarController.swift in Sources */,
				04DFF8D81EE0ED54002C7D05 /* HideBars.swift in Sources */,
				048B31281D76C84C0011477D /* ArcanaSkillAbilityDescCell.swift in Sources */,
				04D28F411DEC255D00F55D3F /* MenuBar.swift in Sources */,
				048E6E551D729A7D00687513 /* GlobalConstants.swift in Sources */,
				04BF5AFF1DF214BE00AE8CD8 /* ChainLogo.swift in Sources */,
				0490A8231E68F701000E3E4D /* FilterCell.swift in Sources */,
				04D145531EEE293B00D11008 /* ArcanaDetail+Drag.swift in Sources */,
				04349D111DACD79600216141 /* ArcanaEditList.swift in Sources */,
				04CBBD451E2B497D009D5E5F /* HorizontalBar.swift in Sources */,
				04EF66AB1DB363D000E13370 /* SettingsCell.swift in Sources */,
				040EA17A1DB8951F00193363 /* TavernNameHandler.swift in Sources */,
				047561571D946BB1004886BF /* RoundedButton.swift in Sources */,
				04180A381DF6368500C1BA72 /* BaseCollectionViewCell.swift in Sources */,
				04180D2E1DEC0CD500E4303D /* AbilityListDataSource.swift in Sources */,
				0425D4961E78C0D40030BF4A /* ArcanaViewController.swift in Sources */,
				04BE5BC51DB80E97005E7968 /* ArcanaEditModel.swift in Sources */,
				04E78B101EF758F000B4F0FE /* ArcanaDetail+TableView.swift in Sources */,
				0434BD331E9362D900DF840E /* DataCell.swift in Sources */,
				041FD5691DB9A6F50068657F /* FirebaseService.swift in Sources */,
				0425D4921E7893690030BF4A /* NavigationController.swift in Sources */,
				0486E9011DADF8F300FE6FA3 /* ArcanaEdit.swift in Sources */,
				0400A3081E751B1100B195E9 /* ArcanaPeekPreviewSectionHeaderCell.swift in Sources */,
				046C93371D7582E9000E3FBD /* ArcanaSkillCell.swift in Sources */,
				047B57701EF8EC8F0077FAFB /* ArcanaDetail+TableView.swift in Sources */,
				040EA17C1DB8955200193363 /* DismissKeyboard.swift in Sources */,
				045E4D0E1DB9D8A400EBC793 /* SearchController.swift in Sources */,
				040133401EF0EF100050ED32 /* ArcanaUploader.swift in Sources */,
				040FA9AA1E88BD0300C315CD /* ArcanaIconLabelCell.swift in Sources */,
				040133461EF10F700050ED32 /* ArcanaAttributeConverter.swift in Sources */,
				047C0D4D1E8CA927008F83F3 /* ArcanaViewTypePageViewController.swift in Sources */,
				0425D4981E78D3010030BF4A /* TavernArcanaViewController.swift in Sources */,
				04349D151DACDA1F00216141 /* ArcanaEditListCell.swift in Sources */,
				043EEFBD1E8B4AEB00650B28 /* ImageTypeCell.swift in Sources */,
				04E78B0C1EF6E54C00B4F0FE /* ArcanaSplitViewController.swift in Sources */,
				0400A30A1E75233E00B195E9 /* ImageHelpers.swift in Sources */,
				04AE0E261D7A2C23008902A8 /* FilterViewController.swift in Sources */,
				0447255A1DAA2D6D0013EC13 /* LaunchScreenView.swift in Sources */,
				04D28F461DEC2AAC00F55D3F /* AbilityListTableCell.swift in Sources */,
				042071C31EEE3C60007B7B6E /* ArcanaViewController+Drag.swift in Sources */,
				042071C51EEE4701007B7B6E /* ArcanaDetail+Drop.swift in Sources */,
				04E78B0E1EF6E6B400B4F0FE /* WelcomeViewController.swift in Sources */,
				04349D0F1DAC333400216141 /* ArcanaButtonsCell.swift in Sources */,
				04E03D211E79DDA500432F10 /* ImageToggleCell.swift in Sources */,
				0401B28D1D75394400A0A728 /* ArcanaAttributeCell.swift in Sources */,
				04EDE7001D9391F1005731B9 /* ArcanaDetailEdit.swift in Sources */,
				042834FA1D91E10D0043BE6E /* ArcanaChainStoryCell.swift in Sources */,
				04FAA2131E6F9D1B00E848B4 /* DataLink.swift in Sources */,
				047B576F1EF8EC8F0077FAFB /* ArcanaDetail.swift in Sources */,
				04FAF3571D948ADD0061726F /* UnderlinedLabel.swift in Sources */,
				046710C21D97D011000CF487 /* SearchHistory.swift in Sources */,
				044916891EE264CE00123FF5 /* RatePopupView.swift in Sources */,
				04D6594D1DB60A1200D30C21 /* PageViewController.swift in Sources */,
				047C0D4F1E8CAA31008F83F3 /* ArcanaViewTypeViewController.swift in Sources */,
				0468D2DF1ED907BF0040A87A /* FestivalViewController.swift in Sources */,
				0400A3061E74D23E00B195E9 /* ArcanaPeekPreview.swift in Sources */,
				049C58F61DAF6FAC005924F9 /* ArcanaEditHistory.swift in Sources */,
				047B57721EF8ED480077FAFB /* ArcanaImageCell.swift in Sources */,
				0400A3101E76333700B195E9 /* MenuBarViewController.swift in Sources */,
				04BF5B031DF26EBB00AE8CD8 /* AbilityViewDataSource.swift in Sources */,
				04DFF8DA1EE13324002C7D05 /* ArcanaClassCell.swift in Sources */,
				0475D2851E8DF0AA00F0D03A /* MainListTableView.swift in Sources */,
				04FAA2151E6FA2F800E848B4 /* LinkViewController.swift in Sources */,
				0409F2D91EF501E8006DC6A9 /* AnimateUploadView.swift in Sources */,
				04A2EC951D6F7FA300189142 /* AppDelegate.swift in Sources */,
				04CBBD411E2B3FBE009D5E5F /* UIViewConstraints.swift in Sources */,
				0449168F1EE3325D00123FF5 /* SurveyCell.swift in Sources */,
				0400A30C1E752A4E00B195E9 /* ArcanaPeekTableViewHeader.swift in Sources */,
				040EA1761DB87A5E00193363 /* ChangeRootVC.swift in Sources */,
				04D6594F1DB60A3C00D30C21 /* TutorialViewController.swift in Sources */,
				046710C61D97D18F000CF487 /* ArcanaTextCell.swift in Sources */,
				040133441EF0F9F10050ED32 /* GoogleTranslator.swift in Sources */,
				04180A3A1DF63A1F00C1BA72 /* TavernListTableCell.swift in Sources */,
				04EDE7021D93954A005731B9 /* ArcanaDetailEditCell.swift in Sources */,
				041729071E7297D50090E634 /* FloatingTextField.swift in Sources */,
				043EEFB31E89DCDC00650B28 /* SearchBar.swift in Sources */,
				04EDE6F51D937AF2005731B9 /* CreateEmail.swift in Sources */,
				047FCE801E8F80C200D9B832 /* AppRater.swift in Sources */,
				047B57741EF8EDAA0077FAFB /* ImageHelpers.swift in Sources */,
				04F3CD891DA31E620026D5AF /* CopyableLabel.swift in Sources */,
				04941A3D1D6FAD2800BAE389 /* ArcanaCell.swift in Sources */,
				040FA9A41E886B7500C315CD /* BaseTableViewCell.swift in Sources */,
				040FA9A21E886B2200C315CD /* ArcanaAbilityPreviewCell.swift in Sources */,
			);
			runOnlyForDeploymentPostprocessing = 0;
		};
/* End PBXSourcesBuildPhase section */

/* Begin PBXTargetDependency section */
		043A7CB91E8FB1DA0061EDD8 /* PBXTargetDependency */ = {
			isa = PBXTargetDependency;
			target = 04A2EC901D6F7FA300189142 /* Chain */;
			targetProxy = 043A7CB81E8FB1DA0061EDD8 /* PBXContainerItemProxy */;
		};
/* End PBXTargetDependency section */

/* Begin PBXVariantGroup section */
		04A2ECA01D6F7FA300189142 /* LaunchScreen.storyboard */ = {
			isa = PBXVariantGroup;
			children = (
				04A2ECA11D6F7FA300189142 /* Base */,
				0406BDE01D8BE3270085F4D8 /* ko */,
			);
			name = LaunchScreen.storyboard;
			sourceTree = "<group>";
		};
/* End PBXVariantGroup section */

/* Begin XCBuildConfiguration section */
		043A7CBB1E8FB1DA0061EDD8 /* Debug */ = {
			isa = XCBuildConfiguration;
			baseConfigurationReference = 1BAF675FCE57B957E684B58C /* Pods-ChainUITests.debug.xcconfig */;
			buildSettings = {
				ALWAYS_SEARCH_USER_PATHS = NO;
				CLANG_WARN_DOCUMENTATION_COMMENTS = YES;
				"CODE_SIGN_IDENTITY[sdk=iphoneos*]" = "iPhone Developer";
				DEVELOPMENT_TEAM = "";
				INFOPLIST_FILE = ChainUITests/Info.plist;
				IPHONEOS_DEPLOYMENT_TARGET = 10.2;
				LD_RUNPATH_SEARCH_PATHS = "$(inherited) @executable_path/Frameworks @loader_path/Frameworks";
				PRODUCT_BUNDLE_IDENTIFIER = jk.ChainUITests;
				PRODUCT_NAME = "$(TARGET_NAME)";
				PROVISIONING_PROFILE = "";
				PROVISIONING_PROFILE_SPECIFIER = "";
				SWIFT_ACTIVE_COMPILATION_CONDITIONS = DEBUG;
				SWIFT_SWIFT3_OBJC_INFERENCE = On;
				SWIFT_VERSION = 4.0;
				TEST_TARGET_NAME = Chain;
			};
			name = Debug;
		};
		043A7CBC1E8FB1DA0061EDD8 /* Release */ = {
			isa = XCBuildConfiguration;
			baseConfigurationReference = A7B05ACE02E45F09E2A44AE1 /* Pods-ChainUITests.release.xcconfig */;
			buildSettings = {
				ALWAYS_SEARCH_USER_PATHS = NO;
				CLANG_WARN_DOCUMENTATION_COMMENTS = YES;
				"CODE_SIGN_IDENTITY[sdk=iphoneos*]" = "iPhone Developer";
				DEVELOPMENT_TEAM = "";
				INFOPLIST_FILE = ChainUITests/Info.plist;
				IPHONEOS_DEPLOYMENT_TARGET = 10.2;
				LD_RUNPATH_SEARCH_PATHS = "$(inherited) @executable_path/Frameworks @loader_path/Frameworks";
				PRODUCT_BUNDLE_IDENTIFIER = jk.ChainUITests;
				PRODUCT_NAME = "$(TARGET_NAME)";
				PROVISIONING_PROFILE = "";
				PROVISIONING_PROFILE_SPECIFIER = "";
				SWIFT_SWIFT3_OBJC_INFERENCE = On;
				SWIFT_VERSION = 4.0;
				TEST_TARGET_NAME = Chain;
			};
			name = Release;
		};
		04A2ECBA1D6F7FA300189142 /* Debug */ = {
			isa = XCBuildConfiguration;
			buildSettings = {
				ALWAYS_SEARCH_USER_PATHS = YES;
				CLANG_ANALYZER_LOCALIZABILITY_NONLOCALIZED = YES;
				CLANG_ANALYZER_NONNULL = YES;
				CLANG_CXX_LANGUAGE_STANDARD = "gnu++0x";
				CLANG_CXX_LIBRARY = "libc++";
				CLANG_ENABLE_MODULES = YES;
				CLANG_ENABLE_OBJC_ARC = YES;
				CLANG_WARN_BLOCK_CAPTURE_AUTORELEASING = YES;
				CLANG_WARN_BOOL_CONVERSION = YES;
				CLANG_WARN_COMMA = YES;
				CLANG_WARN_CONSTANT_CONVERSION = YES;
				CLANG_WARN_DIRECT_OBJC_ISA_USAGE = YES_ERROR;
				CLANG_WARN_EMPTY_BODY = YES;
				CLANG_WARN_ENUM_CONVERSION = YES;
				CLANG_WARN_INFINITE_RECURSION = YES;
				CLANG_WARN_INT_CONVERSION = YES;
				CLANG_WARN_NON_LITERAL_NULL_CONVERSION = YES;
				CLANG_WARN_OBJC_LITERAL_CONVERSION = YES;
				CLANG_WARN_OBJC_ROOT_CLASS = YES_ERROR;
				CLANG_WARN_RANGE_LOOP_ANALYSIS = YES;
				CLANG_WARN_STRICT_PROTOTYPES = YES;
				CLANG_WARN_SUSPICIOUS_MOVE = YES;
				CLANG_WARN_UNREACHABLE_CODE = YES;
				CLANG_WARN__DUPLICATE_METHOD_MATCH = YES;
				CODE_SIGN_IDENTITY = "iPhone Developer";
				"CODE_SIGN_IDENTITY[sdk=iphoneos*]" = "iPhone Developer";
				COPY_PHASE_STRIP = NO;
				DEBUG_INFORMATION_FORMAT = dwarf;
				DEVELOPMENT_TEAM = 3NP653TDUD;
				ENABLE_STRICT_OBJC_MSGSEND = YES;
				ENABLE_TESTABILITY = YES;
				GCC_C_LANGUAGE_STANDARD = gnu99;
				GCC_DYNAMIC_NO_PIC = NO;
				GCC_NO_COMMON_BLOCKS = YES;
				GCC_OPTIMIZATION_LEVEL = 0;
				GCC_PREPROCESSOR_DEFINITIONS = (
					"DEBUG=1",
					"$(inherited)",
				);
				GCC_WARN_64_TO_32_BIT_CONVERSION = YES;
				GCC_WARN_ABOUT_RETURN_TYPE = YES_ERROR;
				GCC_WARN_UNDECLARED_SELECTOR = YES;
				GCC_WARN_UNINITIALIZED_AUTOS = YES_AGGRESSIVE;
				GCC_WARN_UNUSED_FUNCTION = YES;
				GCC_WARN_UNUSED_VARIABLE = YES;
				IPHONEOS_DEPLOYMENT_TARGET = 9.0;
				MTL_ENABLE_DEBUG_INFO = YES;
				ONLY_ACTIVE_ARCH = YES;
				OTHER_SWIFT_FLAGS = "";
				SDKROOT = iphoneos;
				SWIFT_INSTALL_OBJC_HEADER = NO;
				SWIFT_OPTIMIZATION_LEVEL = "-Onone";
				SWIFT_VERSION = 4.0;
			};
			name = Debug;
		};
		04A2ECBB1D6F7FA300189142 /* Release */ = {
			isa = XCBuildConfiguration;
			buildSettings = {
				ALWAYS_SEARCH_USER_PATHS = YES;
				CLANG_ANALYZER_LOCALIZABILITY_NONLOCALIZED = YES;
				CLANG_ANALYZER_NONNULL = YES;
				CLANG_CXX_LANGUAGE_STANDARD = "gnu++0x";
				CLANG_CXX_LIBRARY = "libc++";
				CLANG_ENABLE_MODULES = YES;
				CLANG_ENABLE_OBJC_ARC = YES;
				CLANG_WARN_BLOCK_CAPTURE_AUTORELEASING = YES;
				CLANG_WARN_BOOL_CONVERSION = YES;
				CLANG_WARN_COMMA = YES;
				CLANG_WARN_CONSTANT_CONVERSION = YES;
				CLANG_WARN_DIRECT_OBJC_ISA_USAGE = YES_ERROR;
				CLANG_WARN_EMPTY_BODY = YES;
				CLANG_WARN_ENUM_CONVERSION = YES;
				CLANG_WARN_INFINITE_RECURSION = YES;
				CLANG_WARN_INT_CONVERSION = YES;
				CLANG_WARN_NON_LITERAL_NULL_CONVERSION = YES;
				CLANG_WARN_OBJC_LITERAL_CONVERSION = YES;
				CLANG_WARN_OBJC_ROOT_CLASS = YES_ERROR;
				CLANG_WARN_RANGE_LOOP_ANALYSIS = YES;
				CLANG_WARN_STRICT_PROTOTYPES = YES;
				CLANG_WARN_SUSPICIOUS_MOVE = YES;
				CLANG_WARN_UNREACHABLE_CODE = YES;
				CLANG_WARN__DUPLICATE_METHOD_MATCH = YES;
				CODE_SIGN_IDENTITY = "iPhone Distribution: Jitae Kim (3NP653TDUD)";
				"CODE_SIGN_IDENTITY[sdk=iphoneos*]" = "iPhone Distribution: Jitae Kim (3NP653TDUD)";
				COPY_PHASE_STRIP = NO;
				DEBUG_INFORMATION_FORMAT = "dwarf-with-dsym";
				DEVELOPMENT_TEAM = 3NP653TDUD;
				ENABLE_NS_ASSERTIONS = NO;
				ENABLE_STRICT_OBJC_MSGSEND = YES;
				GCC_C_LANGUAGE_STANDARD = gnu99;
				GCC_NO_COMMON_BLOCKS = YES;
				GCC_WARN_64_TO_32_BIT_CONVERSION = YES;
				GCC_WARN_ABOUT_RETURN_TYPE = YES_ERROR;
				GCC_WARN_UNDECLARED_SELECTOR = YES;
				GCC_WARN_UNINITIALIZED_AUTOS = YES_AGGRESSIVE;
				GCC_WARN_UNUSED_FUNCTION = YES;
				GCC_WARN_UNUSED_VARIABLE = YES;
				IPHONEOS_DEPLOYMENT_TARGET = 9.0;
				MTL_ENABLE_DEBUG_INFO = NO;
				ONLY_ACTIVE_ARCH = YES;
				OTHER_SWIFT_FLAGS = "";
				SDKROOT = iphoneos;
				SWIFT_INSTALL_OBJC_HEADER = NO;
				SWIFT_OPTIMIZATION_LEVEL = "-Owholemodule";
				SWIFT_VERSION = 4.0;
				VALIDATE_PRODUCT = YES;
			};
			name = Release;
		};
		04A2ECBD1D6F7FA300189142 /* Debug */ = {
			isa = XCBuildConfiguration;
			baseConfigurationReference = 568660B9981E438E1C64B066 /* Pods-Chain.debug.xcconfig */;
			buildSettings = {
				ALWAYS_EMBED_SWIFT_STANDARD_LIBRARIES = YES;
				ALWAYS_SEARCH_USER_PATHS = NO;
				APP_DISPLAY_NAME = "체인 베타";
				ASSETCATALOG_COMPILER_APPICON_NAME = AppIcon;
				CLANG_ENABLE_MODULES = YES;
				COCOAPODS_PARALLEL_CODE_SIGN = true;
				CODE_SIGN_ENTITLEMENTS = Chain/etc/Chain.entitlements;
				CODE_SIGN_IDENTITY = "iPhone Developer: Jitae Kim (52T2475ZWN)";
				"CODE_SIGN_IDENTITY[sdk=iphoneos*]" = "iPhone Developer";
				CURRENT_PROJECT_VERSION = 54;
				DEVELOPMENT_TEAM = 3NP653TDUD;
				INFOPLIST_FILE = ./Chain/etc/Info.plist;
				IPHONEOS_DEPLOYMENT_TARGET = 9.0;
				LD_RUNPATH_SEARCH_PATHS = "$(inherited) @executable_path/Frameworks";
				OTHER_SWIFT_FLAGS = "-Xfrontend -debug-time-function-bodies $(inherited)";
				PRODUCT_BUNDLE_IDENTIFIER = com.jk.cckorea.debug;
				PRODUCT_NAME = "$(TARGET_NAME)";
				PROVISIONING_PROFILE = "";
				PROVISIONING_PROFILE_SPECIFIER = "";
				SWIFT_OBJC_BRIDGING_HEADER = "";
				SWIFT_OPTIMIZATION_LEVEL = "-Onone";
				SWIFT_SWIFT3_OBJC_INFERENCE = On;
				SWIFT_VERSION = 4.0;
				TARGETED_DEVICE_FAMILY = "1,2";
			};
			name = Debug;
		};
		04A2ECBE1D6F7FA300189142 /* Release */ = {
			isa = XCBuildConfiguration;
			baseConfigurationReference = 623F61408F5822348BA67D97 /* Pods-Chain.release.xcconfig */;
			buildSettings = {
				ALWAYS_EMBED_SWIFT_STANDARD_LIBRARIES = YES;
				ALWAYS_SEARCH_USER_PATHS = NO;
				APP_DISPLAY_NAME = "체인 위키";
				ASSETCATALOG_COMPILER_APPICON_NAME = AppIcon;
				CLANG_ENABLE_MODULES = YES;
				COCOAPODS_PARALLEL_CODE_SIGN = true;
				CODE_SIGN_ENTITLEMENTS = Chain/etc/Chain.entitlements;
				CODE_SIGN_IDENTITY = "iPhone Distribution: Jitae Kim (3NP653TDUD)";
				"CODE_SIGN_IDENTITY[sdk=iphoneos*]" = "iPhone Developer";
				CURRENT_PROJECT_VERSION = 54;
				DEVELOPMENT_TEAM = 3NP653TDUD;
				FRAMEWORK_SEARCH_PATHS = "$(inherited)";
				INFOPLIST_FILE = ./Chain/etc/Info.plist;
				IPHONEOS_DEPLOYMENT_TARGET = 9.0;
				LD_RUNPATH_SEARCH_PATHS = "$(inherited) @executable_path/Frameworks";
				OTHER_SWIFT_FLAGS = "-Xfrontend -debug-time-function-bodies $(inherited)";
				PRODUCT_BUNDLE_IDENTIFIER = com.jk.cckorea;
				PRODUCT_NAME = "$(TARGET_NAME)";
				PROVISIONING_PROFILE = "";
				PROVISIONING_PROFILE_SPECIFIER = "";
				SWIFT_OBJC_BRIDGING_HEADER = "";
				SWIFT_SWIFT3_OBJC_INFERENCE = On;
				SWIFT_VERSION = 4.0;
				TARGETED_DEVICE_FAMILY = "1,2";
			};
			name = Release;
		};
/* End XCBuildConfiguration section */

/* Begin XCConfigurationList section */
		043A7CBA1E8FB1DA0061EDD8 /* Build configuration list for PBXNativeTarget "ChainUITests" */ = {
			isa = XCConfigurationList;
			buildConfigurations = (
				043A7CBB1E8FB1DA0061EDD8 /* Debug */,
				043A7CBC1E8FB1DA0061EDD8 /* Release */,
			);
			defaultConfigurationIsVisible = 0;
			defaultConfigurationName = Debug;
		};
		04A2EC8C1D6F7FA300189142 /* Build configuration list for PBXProject "Chain" */ = {
			isa = XCConfigurationList;
			buildConfigurations = (
				04A2ECBA1D6F7FA300189142 /* Debug */,
				04A2ECBB1D6F7FA300189142 /* Release */,
			);
			defaultConfigurationIsVisible = 0;
			defaultConfigurationName = Debug;
		};
		04A2ECBC1D6F7FA300189142 /* Build configuration list for PBXNativeTarget "Chain" */ = {
			isa = XCConfigurationList;
			buildConfigurations = (
				04A2ECBD1D6F7FA300189142 /* Debug */,
				04A2ECBE1D6F7FA300189142 /* Release */,
			);
			defaultConfigurationIsVisible = 0;
			defaultConfigurationName = Debug;
		};
/* End XCConfigurationList section */
	};
	rootObject = 04A2EC891D6F7FA300189142 /* Project object */;
}
