// !$*UTF8*$!
{
	archiveVersion = 1;
	classes = {
	};
	objectVersion = 46;
	objects = {

/* Begin PBXBuildFile section */
		0401B2881D75386C00A0A728 /* ArcanaDetail.swift in Sources */ = {isa = PBXBuildFile; fileRef = 0401B2871D75386C00A0A728 /* ArcanaDetail.swift */; };
		0401B28B1D75392F00A0A728 /* ArcanaImageCell.swift in Sources */ = {isa = PBXBuildFile; fileRef = 0401B28A1D75392F00A0A728 /* ArcanaImageCell.swift */; };
		0401B28D1D75394400A0A728 /* ArcanaAttributeCell.swift in Sources */ = {isa = PBXBuildFile; fileRef = 0401B28C1D75394400A0A728 /* ArcanaAttributeCell.swift */; };
		042834FA1D91E10D0043BE6E /* ArcanaChainStory.swift in Sources */ = {isa = PBXBuildFile; fileRef = 042834F91D91E10D0043BE6E /* ArcanaChainStory.swift */; };
		042835021D91EE250043BE6E /* LoginForm.swift in Sources */ = {isa = PBXBuildFile; fileRef = 042835011D91EE250043BE6E /* LoginForm.swift */; };
		042FE9CE1D98A82C002ACE74 /* ArcanaDetailEditCell.xib in Resources */ = {isa = PBXBuildFile; fileRef = 042FE9CD1D98A82C002ACE74 /* ArcanaDetailEditCell.xib */; };
		04349D0F1DAC333400216141 /* ArcanaButtonsCell.swift in Sources */ = {isa = PBXBuildFile; fileRef = 04349D0E1DAC333400216141 /* ArcanaButtonsCell.swift */; };
		04349D111DACD79600216141 /* ArcanaEditList.swift in Sources */ = {isa = PBXBuildFile; fileRef = 04349D101DACD79600216141 /* ArcanaEditList.swift */; };
		04349D131DACD9FF00216141 /* ArcanaEditListCell.xib in Resources */ = {isa = PBXBuildFile; fileRef = 04349D121DACD9FF00216141 /* ArcanaEditListCell.xib */; };
		04349D151DACDA1F00216141 /* ArcanaEditListCell.swift in Sources */ = {isa = PBXBuildFile; fileRef = 04349D141DACDA1F00216141 /* ArcanaEditListCell.swift */; };
		043523921DB45937004D96A3 /* credits.py in Resources */ = {isa = PBXBuildFile; fileRef = 043523911DB45937004D96A3 /* credits.py */; };
		0447255A1DAA2D6D0013EC13 /* LaunchScreenView.swift in Sources */ = {isa = PBXBuildFile; fileRef = 044725591DAA2D6D0013EC13 /* LaunchScreenView.swift */; };
		0447E1D41D87BA8200670834 /* Ability.storyboard in Resources */ = {isa = PBXBuildFile; fileRef = 0447E1D31D87BA8200670834 /* Ability.storyboard */; };
		0447E1D61D87D05200670834 /* AbilityView.swift in Sources */ = {isa = PBXBuildFile; fileRef = 0447E1D51D87D05200670834 /* AbilityView.swift */; };
		0447E1D91D87D0BC00670834 /* ManaAbilityCell.swift in Sources */ = {isa = PBXBuildFile; fileRef = 0447E1D81D87D0BC00670834 /* ManaAbilityCell.swift */; };
		0447E1DB1D87D93E00670834 /* DrawCircle.swift in Sources */ = {isa = PBXBuildFile; fileRef = 0447E1DA1D87D93E00670834 /* DrawCircle.swift */; };
		045EF6A51DAB4F7F002148DD /* User.swift in Sources */ = {isa = PBXBuildFile; fileRef = 045EF6A41DAB4F7F002148DD /* User.swift */; };
		045EF6A71DAB5DC4002148DD /* Settings.storyboard in Resources */ = {isa = PBXBuildFile; fileRef = 045EF6A61DAB5DC4002148DD /* Settings.storyboard */; };
		045EF6AA1DAB5DEE002148DD /* Settings.swift in Sources */ = {isa = PBXBuildFile; fileRef = 045EF6A91DAB5DEE002148DD /* Settings.swift */; };
		046710C21D97D011000CF487 /* SearchHistory.swift in Sources */ = {isa = PBXBuildFile; fileRef = 046710C11D97D011000CF487 /* SearchHistory.swift */; };
		046710C41D97D070000CF487 /* ArcanaTextCell.xib in Resources */ = {isa = PBXBuildFile; fileRef = 046710C31D97D070000CF487 /* ArcanaTextCell.xib */; };
		046710C61D97D18F000CF487 /* ArcanaTextCell.swift in Sources */ = {isa = PBXBuildFile; fileRef = 046710C51D97D18F000CF487 /* ArcanaTextCell.swift */; };
		04691E8D1D979D2800E15C5F /* TavernHomeView.swift in Sources */ = {isa = PBXBuildFile; fileRef = 04691E8C1D979D2800E15C5F /* TavernHomeView.swift */; };
		04691E8F1D97A87300E15C5F /* ArcanaCell.xib in Resources */ = {isa = PBXBuildFile; fileRef = 04691E8E1D97A87300E15C5F /* ArcanaCell.xib */; };
		04691E911D97AE0E00E15C5F /* GlobalFunctions.swift in Sources */ = {isa = PBXBuildFile; fileRef = 04691E901D97AE0E00E15C5F /* GlobalFunctions.swift */; };
		04691E961D97BF8C00E15C5F /* Favorites.swift in Sources */ = {isa = PBXBuildFile; fileRef = 04691E951D97BF8C00E15C5F /* Favorites.swift */; };
		046C93371D7582E9000E3FBD /* ArcanaSkillCell.swift in Sources */ = {isa = PBXBuildFile; fileRef = 046C93361D7582E9000E3FBD /* ArcanaSkillCell.swift */; };
		046FDD3C1D738060001E955B /* MyTabBarController.swift in Sources */ = {isa = PBXBuildFile; fileRef = 046FDD3B1D738060001E955B /* MyTabBarController.swift */; };
		047561571D946BB1004886BF /* RoundedButton.swift in Sources */ = {isa = PBXBuildFile; fileRef = 047561561D946BB1004886BF /* RoundedButton.swift */; };
		047950181D9A35D300205A3C /* AbilityChart.swift in Sources */ = {isa = PBXBuildFile; fileRef = 047950171D9A35D300205A3C /* AbilityChart.swift */; };
		0479501A1D9A4A1B00205A3C /* ArcanaProfileCell.xib in Resources */ = {isa = PBXBuildFile; fileRef = 047950191D9A4A1B00205A3C /* ArcanaProfileCell.xib */; };
		0479501C1D9A4BDB00205A3C /* ArcanaProfileCell.swift in Sources */ = {isa = PBXBuildFile; fileRef = 0479501B1D9A4BDB00205A3C /* ArcanaProfileCell.swift */; };
		0479501E1D9A4C9900205A3C /* LabelCell.swift in Sources */ = {isa = PBXBuildFile; fileRef = 0479501D1D9A4C9900205A3C /* LabelCell.swift */; };
		047950201D9A4CB100205A3C /* LabelCell.xib in Resources */ = {isa = PBXBuildFile; fileRef = 0479501F1D9A4CB100205A3C /* LabelCell.xib */; };
		047B6FB81D8ECC3F00083DAC /* TavernHeader.swift in Sources */ = {isa = PBXBuildFile; fileRef = 047B6FB71D8ECC3F00083DAC /* TavernHeader.swift */; };
		0486E8FF1DADF4F600FE6FA3 /* ArcanaViewEditsCell.swift in Sources */ = {isa = PBXBuildFile; fileRef = 0486E8FE1DADF4F600FE6FA3 /* ArcanaViewEditsCell.swift */; };
		0486E9011DADF8F300FE6FA3 /* ArcanaEdit.swift in Sources */ = {isa = PBXBuildFile; fileRef = 0486E9001DADF8F300FE6FA3 /* ArcanaEdit.swift */; };
		04885B881D926EB800A69992 /* FontAwesome.otf in Resources */ = {isa = PBXBuildFile; fileRef = 04885B871D926EA800A69992 /* FontAwesome.otf */; };
		048B31261D7642CA0011477D /* AbilityList.swift in Sources */ = {isa = PBXBuildFile; fileRef = 048B31251D7642CA0011477D /* AbilityList.swift */; };
		048B31281D76C84C0011477D /* ArcanaSkillAbilityDescCell.swift in Sources */ = {isa = PBXBuildFile; fileRef = 048B31271D76C84C0011477D /* ArcanaSkillAbilityDescCell.swift */; };
		048E6E551D729A7D00687513 /* GlobalConstants.swift in Sources */ = {isa = PBXBuildFile; fileRef = 048E6E541D729A7D00687513 /* GlobalConstants.swift */; };
		04941A3D1D6FAD2800BAE389 /* ArcanaCell.swift in Sources */ = {isa = PBXBuildFile; fileRef = 04941A3C1D6FAD2800BAE389 /* ArcanaCell.swift */; };
		049C58F61DAF6FAC005924F9 /* ArcanaEditHistory.swift in Sources */ = {isa = PBXBuildFile; fileRef = 049C58F51DAF6FAC005924F9 /* ArcanaEditHistory.swift */; };
		049CF7461D95DC4800B283EC /* GoogleService-Info.plist in Resources */ = {isa = PBXBuildFile; fileRef = 049CF7451D95DC4800B283EC /* GoogleService-Info.plist */; };
		049CF7481D95E52B00B283EC /* TransitioningObject.swift in Sources */ = {isa = PBXBuildFile; fileRef = 049CF7471D95E52B00B283EC /* TransitioningObject.swift */; };
		04A2EC951D6F7FA300189142 /* AppDelegate.swift in Sources */ = {isa = PBXBuildFile; fileRef = 04A2EC941D6F7FA300189142 /* AppDelegate.swift */; };
		04A2EC971D6F7FA300189142 /* Home.swift in Sources */ = {isa = PBXBuildFile; fileRef = 04A2EC961D6F7FA300189142 /* Home.swift */; };
		04A2EC9A1D6F7FA300189142 /* Main.storyboard in Resources */ = {isa = PBXBuildFile; fileRef = 04A2EC981D6F7FA300189142 /* Main.storyboard */; };
		04A2EC9D1D6F7FA300189142 /* Chain.xcdatamodeld in Sources */ = {isa = PBXBuildFile; fileRef = 04A2EC9B1D6F7FA300189142 /* Chain.xcdatamodeld */; };
		04A2EC9F1D6F7FA300189142 /* Assets.xcassets in Resources */ = {isa = PBXBuildFile; fileRef = 04A2EC9E1D6F7FA300189142 /* Assets.xcassets */; };
		04A2ECA21D6F7FA300189142 /* LaunchScreen.storyboard in Resources */ = {isa = PBXBuildFile; fileRef = 04A2ECA01D6F7FA300189142 /* LaunchScreen.storyboard */; };
		04A2ECAD1D6F7FA300189142 /* ChainTests.swift in Sources */ = {isa = PBXBuildFile; fileRef = 04A2ECAC1D6F7FA300189142 /* ChainTests.swift */; };
		04A2ECB81D6F7FA300189142 /* ChainUITests.swift in Sources */ = {isa = PBXBuildFile; fileRef = 04A2ECB71D6F7FA300189142 /* ChainUITests.swift */; };
		04A2ECC91D6F80EB00189142 /* Arcana.swift in Sources */ = {isa = PBXBuildFile; fileRef = 04A2ECC81D6F80EB00189142 /* Arcana.swift */; };
		04A3B1751D8E7B6C00BBF297 /* TavernView.swift in Sources */ = {isa = PBXBuildFile; fileRef = 04A3B1741D8E7B6C00BBF297 /* TavernView.swift */; };
		04A3B1781D8E7B9000BBF297 /* Tavern.storyboard in Resources */ = {isa = PBXBuildFile; fileRef = 04A3B1771D8E7B9000BBF297 /* Tavern.storyboard */; };
		04A3B17A1D8E7C0D00BBF297 /* TavernCell.swift in Sources */ = {isa = PBXBuildFile; fileRef = 04A3B1791D8E7C0D00BBF297 /* TavernCell.swift */; };
		04AE0E261D7A2C23008902A8 /* Filter.swift in Sources */ = {isa = PBXBuildFile; fileRef = 04AE0E251D7A2C23008902A8 /* Filter.swift */; };
		04AE0E281D7A2E70008902A8 /* FilterCell.swift in Sources */ = {isa = PBXBuildFile; fileRef = 04AE0E271D7A2E70008902A8 /* FilterCell.swift */; };
		04BDA9B91D9F55B70070FE87 /* FirebaseHandler.swift in Sources */ = {isa = PBXBuildFile; fileRef = 04BDA9B81D9F55B70070FE87 /* FirebaseHandler.swift */; };
		04C869C61D7B787900ED70C3 /* ReverseImageSearch.swift in Sources */ = {isa = PBXBuildFile; fileRef = 04C869C51D7B787900ED70C3 /* ReverseImageSearch.swift */; };
		04CDAF221DB1AD6C00F659BA /* SnapshotHelper.swift in Sources */ = {isa = PBXBuildFile; fileRef = 04CDAF211DB1AD6C00F659BA /* SnapshotHelper.swift */; };
		04DD91101D864FA70023CDA4 /* AbilityCell.swift in Sources */ = {isa = PBXBuildFile; fileRef = 04DD910F1D864FA70023CDA4 /* AbilityCell.swift */; };
		04DD91141D8669B50023CDA4 /* Login.storyboard in Resources */ = {isa = PBXBuildFile; fileRef = 04DD91131D8669B50023CDA4 /* Login.storyboard */; };
		04EA719D1DB21C8C004E9A97 /* RarityCell.swift in Sources */ = {isa = PBXBuildFile; fileRef = 04ED6FD41D813F4800C87B17 /* RarityCell.swift */; };
		04EDE6F31D9377CA005731B9 /* LoginHome.swift in Sources */ = {isa = PBXBuildFile; fileRef = 04EDE6F21D9377CA005731B9 /* LoginHome.swift */; };
		04EDE6F51D937AF2005731B9 /* CreateEmail.swift in Sources */ = {isa = PBXBuildFile; fileRef = 04EDE6F41D937AF2005731B9 /* CreateEmail.swift */; };
		04EDE7001D9391F1005731B9 /* ArcanaDetailEdit.swift in Sources */ = {isa = PBXBuildFile; fileRef = 04EDE6FF1D9391F1005731B9 /* ArcanaDetailEdit.swift */; };
		04EDE7021D93954A005731B9 /* ArcanaDetailEditCell.swift in Sources */ = {isa = PBXBuildFile; fileRef = 04EDE7011D93954A005731B9 /* ArcanaDetailEditCell.swift */; };
		04EF66A51DB319DC00E13370 /* SettingsSectionHeader.xib in Resources */ = {isa = PBXBuildFile; fileRef = 04EF66A41DB319DC00E13370 /* SettingsSectionHeader.xib */; };
		04EF66A71DB31A9600E13370 /* SettingsSectionHeader.swift in Sources */ = {isa = PBXBuildFile; fileRef = 04EF66A61DB31A9600E13370 /* SettingsSectionHeader.swift */; };
		04EF66AB1DB363D000E13370 /* SettingsCell.swift in Sources */ = {isa = PBXBuildFile; fileRef = 04EF66AA1DB363D000E13370 /* SettingsCell.swift */; };
		04EF66AD1DB3640200E13370 /* SettingsCell.xib in Resources */ = {isa = PBXBuildFile; fileRef = 04EF66AC1DB3640200E13370 /* SettingsCell.xib */; };
		04F3CD891DA31E620026D5AF /* CopyableLabel.swift in Sources */ = {isa = PBXBuildFile; fileRef = 04F3CD881DA31E620026D5AF /* CopyableLabel.swift */; };
		04FAF3571D948ADD0061726F /* UnderlinedLabel.swift in Sources */ = {isa = PBXBuildFile; fileRef = 04FAF3561D948ADD0061726F /* UnderlinedLabel.swift */; };
		618D1B0D0E4CF6B80138C776 /* Pods_ChainUITests.framework in Frameworks */ = {isa = PBXBuildFile; fileRef = 95C07E5E6F21968556D6ACA5 /* Pods_ChainUITests.framework */; };
		781C1EFA08CB36191209ED35 /* Pods_ChainTests.framework in Frameworks */ = {isa = PBXBuildFile; fileRef = 4CD31E6E1E167E52C1F627D7 /* Pods_ChainTests.framework */; };
		C5E22DEC04C0CDB19F2CCB51 /* Pods_Chain.framework in Frameworks */ = {isa = PBXBuildFile; fileRef = B7E088AC701B4123C508DFB6 /* Pods_Chain.framework */; };
/* End PBXBuildFile section */

/* Begin PBXContainerItemProxy section */
		04A2ECA91D6F7FA300189142 /* PBXContainerItemProxy */ = {
			isa = PBXContainerItemProxy;
			containerPortal = 04A2EC891D6F7FA300189142 /* Project object */;
			proxyType = 1;
			remoteGlobalIDString = 04A2EC901D6F7FA300189142;
			remoteInfo = Chain;
		};
		04A2ECB41D6F7FA300189142 /* PBXContainerItemProxy */ = {
			isa = PBXContainerItemProxy;
			containerPortal = 04A2EC891D6F7FA300189142 /* Project object */;
			proxyType = 1;
			remoteGlobalIDString = 04A2EC901D6F7FA300189142;
			remoteInfo = Chain;
		};
/* End PBXContainerItemProxy section */

/* Begin PBXCopyFilesBuildPhase section */
		04012E351D8A6F8E00B17B44 /* Embed Frameworks */ = {
			isa = PBXCopyFilesBuildPhase;
			buildActionMask = 2147483647;
			dstPath = "";
			dstSubfolderSpec = 10;
			files = (
			);
			name = "Embed Frameworks";
			runOnlyForDeploymentPostprocessing = 0;
		};
/* End PBXCopyFilesBuildPhase section */

/* Begin PBXFileReference section */
		0401B2871D75386C00A0A728 /* ArcanaDetail.swift */ = {isa = PBXFileReference; fileEncoding = 4; lastKnownFileType = sourcecode.swift; path = ArcanaDetail.swift; sourceTree = "<group>"; };
		0401B28A1D75392F00A0A728 /* ArcanaImageCell.swift */ = {isa = PBXFileReference; fileEncoding = 4; lastKnownFileType = sourcecode.swift; path = ArcanaImageCell.swift; sourceTree = "<group>"; };
		0401B28C1D75394400A0A728 /* ArcanaAttributeCell.swift */ = {isa = PBXFileReference; fileEncoding = 4; lastKnownFileType = sourcecode.swift; path = ArcanaAttributeCell.swift; sourceTree = "<group>"; };
		0406BDDD1D8BE3060085F4D8 /* ja */ = {isa = PBXFileReference; lastKnownFileType = text.plist.strings; name = ja; path = ja.lproj/Main.strings; sourceTree = "<group>"; };
		0406BDDE1D8BE3060085F4D8 /* ja */ = {isa = PBXFileReference; lastKnownFileType = text.plist.strings; name = ja; path = ja.lproj/LaunchScreen.strings; sourceTree = "<group>"; };
		0406BDDF1D8BE3270085F4D8 /* ko */ = {isa = PBXFileReference; lastKnownFileType = text.plist.strings; name = ko; path = ko.lproj/Main.strings; sourceTree = "<group>"; };
		0406BDE01D8BE3270085F4D8 /* ko */ = {isa = PBXFileReference; lastKnownFileType = text.plist.strings; name = ko; path = ko.lproj/LaunchScreen.strings; sourceTree = "<group>"; };
		041B691C1D8A4933008B5771 /* Kanna.framework */ = {isa = PBXFileReference; lastKnownFileType = wrapper.framework; name = Kanna.framework; path = Carthage/Build/iOS/Kanna.framework; sourceTree = "<group>"; };
		042834F81D91AF680043BE6E /* Chain.entitlements */ = {isa = PBXFileReference; lastKnownFileType = text.plist.entitlements; path = Chain.entitlements; sourceTree = "<group>"; };
		042834F91D91E10D0043BE6E /* ArcanaChainStory.swift */ = {isa = PBXFileReference; fileEncoding = 4; lastKnownFileType = sourcecode.swift; path = ArcanaChainStory.swift; sourceTree = "<group>"; };
		042835011D91EE250043BE6E /* LoginForm.swift */ = {isa = PBXFileReference; fileEncoding = 4; lastKnownFileType = sourcecode.swift; path = LoginForm.swift; sourceTree = "<group>"; };
		042FE9CD1D98A82C002ACE74 /* ArcanaDetailEditCell.xib */ = {isa = PBXFileReference; fileEncoding = 4; lastKnownFileType = file.xib; path = ArcanaDetailEditCell.xib; sourceTree = "<group>"; };
		04349D0E1DAC333400216141 /* ArcanaButtonsCell.swift */ = {isa = PBXFileReference; fileEncoding = 4; lastKnownFileType = sourcecode.swift; path = ArcanaButtonsCell.swift; sourceTree = "<group>"; };
		04349D101DACD79600216141 /* ArcanaEditList.swift */ = {isa = PBXFileReference; fileEncoding = 4; lastKnownFileType = sourcecode.swift; path = ArcanaEditList.swift; sourceTree = "<group>"; };
		04349D121DACD9FF00216141 /* ArcanaEditListCell.xib */ = {isa = PBXFileReference; fileEncoding = 4; lastKnownFileType = file.xib; path = ArcanaEditListCell.xib; sourceTree = "<group>"; };
		04349D141DACDA1F00216141 /* ArcanaEditListCell.swift */ = {isa = PBXFileReference; fileEncoding = 4; lastKnownFileType = sourcecode.swift; path = ArcanaEditListCell.swift; sourceTree = "<group>"; };
		043523911DB45937004D96A3 /* credits.py */ = {isa = PBXFileReference; fileEncoding = 4; lastKnownFileType = text.script.python; name = credits.py; path = "../../../Downloads/LicenseGenerator-iOS-master/credits.py"; sourceTree = "<group>"; };
		044725591DAA2D6D0013EC13 /* LaunchScreenView.swift */ = {isa = PBXFileReference; fileEncoding = 4; lastKnownFileType = sourcecode.swift; path = LaunchScreenView.swift; sourceTree = "<group>"; };
		0447E1D31D87BA8200670834 /* Ability.storyboard */ = {isa = PBXFileReference; fileEncoding = 4; lastKnownFileType = file.storyboard; path = Ability.storyboard; sourceTree = "<group>"; };
		0447E1D51D87D05200670834 /* AbilityView.swift */ = {isa = PBXFileReference; fileEncoding = 4; lastKnownFileType = sourcecode.swift; path = AbilityView.swift; sourceTree = "<group>"; };
		0447E1D81D87D0BC00670834 /* ManaAbilityCell.swift */ = {isa = PBXFileReference; fileEncoding = 4; lastKnownFileType = sourcecode.swift; path = ManaAbilityCell.swift; sourceTree = "<group>"; };
		0447E1DA1D87D93E00670834 /* DrawCircle.swift */ = {isa = PBXFileReference; fileEncoding = 4; lastKnownFileType = sourcecode.swift; path = DrawCircle.swift; sourceTree = "<group>"; };
		045EF6A41DAB4F7F002148DD /* User.swift */ = {isa = PBXFileReference; fileEncoding = 4; lastKnownFileType = sourcecode.swift; path = User.swift; sourceTree = "<group>"; };
		045EF6A61DAB5DC4002148DD /* Settings.storyboard */ = {isa = PBXFileReference; fileEncoding = 4; lastKnownFileType = file.storyboard; path = Settings.storyboard; sourceTree = "<group>"; };
		045EF6A91DAB5DEE002148DD /* Settings.swift */ = {isa = PBXFileReference; fileEncoding = 4; lastKnownFileType = sourcecode.swift; path = Settings.swift; sourceTree = "<group>"; };
		046710C11D97D011000CF487 /* SearchHistory.swift */ = {isa = PBXFileReference; fileEncoding = 4; lastKnownFileType = sourcecode.swift; path = SearchHistory.swift; sourceTree = "<group>"; };
		046710C31D97D070000CF487 /* ArcanaTextCell.xib */ = {isa = PBXFileReference; fileEncoding = 4; lastKnownFileType = file.xib; path = ArcanaTextCell.xib; sourceTree = "<group>"; };
		046710C51D97D18F000CF487 /* ArcanaTextCell.swift */ = {isa = PBXFileReference; fileEncoding = 4; lastKnownFileType = sourcecode.swift; path = ArcanaTextCell.swift; sourceTree = "<group>"; };
		04691E8C1D979D2800E15C5F /* TavernHomeView.swift */ = {isa = PBXFileReference; fileEncoding = 4; lastKnownFileType = sourcecode.swift; path = TavernHomeView.swift; sourceTree = "<group>"; };
		04691E8E1D97A87300E15C5F /* ArcanaCell.xib */ = {isa = PBXFileReference; fileEncoding = 4; lastKnownFileType = file.xib; path = ArcanaCell.xib; sourceTree = "<group>"; };
		04691E901D97AE0E00E15C5F /* GlobalFunctions.swift */ = {isa = PBXFileReference; fileEncoding = 4; lastKnownFileType = sourcecode.swift; path = GlobalFunctions.swift; sourceTree = "<group>"; };
		04691E951D97BF8C00E15C5F /* Favorites.swift */ = {isa = PBXFileReference; fileEncoding = 4; lastKnownFileType = sourcecode.swift; path = Favorites.swift; sourceTree = "<group>"; };
		046C93361D7582E9000E3FBD /* ArcanaSkillCell.swift */ = {isa = PBXFileReference; fileEncoding = 4; lastKnownFileType = sourcecode.swift; path = ArcanaSkillCell.swift; sourceTree = "<group>"; };
		046FDD3B1D738060001E955B /* MyTabBarController.swift */ = {isa = PBXFileReference; fileEncoding = 4; lastKnownFileType = sourcecode.swift; path = MyTabBarController.swift; sourceTree = "<group>"; };
		047561561D946BB1004886BF /* RoundedButton.swift */ = {isa = PBXFileReference; fileEncoding = 4; lastKnownFileType = sourcecode.swift; path = RoundedButton.swift; sourceTree = "<group>"; };
		047950171D9A35D300205A3C /* AbilityChart.swift */ = {isa = PBXFileReference; fileEncoding = 4; lastKnownFileType = sourcecode.swift; path = AbilityChart.swift; sourceTree = "<group>"; };
		047950191D9A4A1B00205A3C /* ArcanaProfileCell.xib */ = {isa = PBXFileReference; fileEncoding = 4; lastKnownFileType = file.xib; path = ArcanaProfileCell.xib; sourceTree = "<group>"; };
		0479501B1D9A4BDB00205A3C /* ArcanaProfileCell.swift */ = {isa = PBXFileReference; fileEncoding = 4; lastKnownFileType = sourcecode.swift; path = ArcanaProfileCell.swift; sourceTree = "<group>"; };
		0479501D1D9A4C9900205A3C /* LabelCell.swift */ = {isa = PBXFileReference; fileEncoding = 4; lastKnownFileType = sourcecode.swift; path = LabelCell.swift; sourceTree = "<group>"; };
		0479501F1D9A4CB100205A3C /* LabelCell.xib */ = {isa = PBXFileReference; fileEncoding = 4; lastKnownFileType = file.xib; path = LabelCell.xib; sourceTree = "<group>"; };
		047B6FB71D8ECC3F00083DAC /* TavernHeader.swift */ = {isa = PBXFileReference; fileEncoding = 4; lastKnownFileType = sourcecode.swift; path = TavernHeader.swift; sourceTree = "<group>"; };
		0486E8FE1DADF4F600FE6FA3 /* ArcanaViewEditsCell.swift */ = {isa = PBXFileReference; fileEncoding = 4; lastKnownFileType = sourcecode.swift; path = ArcanaViewEditsCell.swift; sourceTree = "<group>"; };
		0486E9001DADF8F300FE6FA3 /* ArcanaEdit.swift */ = {isa = PBXFileReference; fileEncoding = 4; lastKnownFileType = sourcecode.swift; path = ArcanaEdit.swift; sourceTree = "<group>"; };
		04885B871D926EA800A69992 /* FontAwesome.otf */ = {isa = PBXFileReference; lastKnownFileType = file; path = FontAwesome.otf; sourceTree = "<group>"; };
		048B31251D7642CA0011477D /* AbilityList.swift */ = {isa = PBXFileReference; fileEncoding = 4; lastKnownFileType = sourcecode.swift; path = AbilityList.swift; sourceTree = "<group>"; };
		048B31271D76C84C0011477D /* ArcanaSkillAbilityDescCell.swift */ = {isa = PBXFileReference; fileEncoding = 4; lastKnownFileType = sourcecode.swift; path = ArcanaSkillAbilityDescCell.swift; sourceTree = "<group>"; };
		048E6E541D729A7D00687513 /* GlobalConstants.swift */ = {isa = PBXFileReference; fileEncoding = 4; lastKnownFileType = sourcecode.swift; path = GlobalConstants.swift; sourceTree = "<group>"; };
		04941A3C1D6FAD2800BAE389 /* ArcanaCell.swift */ = {isa = PBXFileReference; fileEncoding = 4; lastKnownFileType = sourcecode.swift; path = ArcanaCell.swift; sourceTree = "<group>"; };
		04941A441D6FC9FE00BAE389 /* Database Lookup.rtf */ = {isa = PBXFileReference; fileEncoding = 4; lastKnownFileType = text.rtf; path = "Database Lookup.rtf"; sourceTree = "<group>"; };
		049C58F51DAF6FAC005924F9 /* ArcanaEditHistory.swift */ = {isa = PBXFileReference; fileEncoding = 4; lastKnownFileType = sourcecode.swift; path = ArcanaEditHistory.swift; sourceTree = "<group>"; };
		049CF7451D95DC4800B283EC /* GoogleService-Info.plist */ = {isa = PBXFileReference; fileEncoding = 4; lastKnownFileType = text.plist.xml; path = "GoogleService-Info.plist"; sourceTree = "<group>"; };
		049CF7471D95E52B00B283EC /* TransitioningObject.swift */ = {isa = PBXFileReference; fileEncoding = 4; lastKnownFileType = sourcecode.swift; path = TransitioningObject.swift; sourceTree = "<group>"; };
		04A2EC911D6F7FA300189142 /* Chain.app */ = {isa = PBXFileReference; explicitFileType = wrapper.application; includeInIndex = 0; path = Chain.app; sourceTree = BUILT_PRODUCTS_DIR; };
		04A2EC941D6F7FA300189142 /* AppDelegate.swift */ = {isa = PBXFileReference; lastKnownFileType = sourcecode.swift; path = AppDelegate.swift; sourceTree = "<group>"; };
		04A2EC961D6F7FA300189142 /* Home.swift */ = {isa = PBXFileReference; lastKnownFileType = sourcecode.swift; path = Home.swift; sourceTree = "<group>"; };
		04A2EC991D6F7FA300189142 /* Base */ = {isa = PBXFileReference; lastKnownFileType = file.storyboard; name = Base; path = Base.lproj/Main.storyboard; sourceTree = "<group>"; };
		04A2EC9C1D6F7FA300189142 /* Chain.xcdatamodel */ = {isa = PBXFileReference; lastKnownFileType = wrapper.xcdatamodel; path = Chain.xcdatamodel; sourceTree = "<group>"; };
		04A2EC9E1D6F7FA300189142 /* Assets.xcassets */ = {isa = PBXFileReference; lastKnownFileType = folder.assetcatalog; path = Assets.xcassets; sourceTree = "<group>"; };
		04A2ECA11D6F7FA300189142 /* Base */ = {isa = PBXFileReference; lastKnownFileType = file.storyboard; name = Base; path = Base.lproj/LaunchScreen.storyboard; sourceTree = "<group>"; };
		04A2ECA31D6F7FA300189142 /* Info.plist */ = {isa = PBXFileReference; lastKnownFileType = text.plist.xml; path = Info.plist; sourceTree = "<group>"; };
		04A2ECA81D6F7FA300189142 /* ChainTests.xctest */ = {isa = PBXFileReference; explicitFileType = wrapper.cfbundle; includeInIndex = 0; path = ChainTests.xctest; sourceTree = BUILT_PRODUCTS_DIR; };
		04A2ECAC1D6F7FA300189142 /* ChainTests.swift */ = {isa = PBXFileReference; lastKnownFileType = sourcecode.swift; path = ChainTests.swift; sourceTree = "<group>"; };
		04A2ECAE1D6F7FA300189142 /* Info.plist */ = {isa = PBXFileReference; lastKnownFileType = text.plist.xml; path = Info.plist; sourceTree = "<group>"; };
		04A2ECB31D6F7FA300189142 /* ChainUITests.xctest */ = {isa = PBXFileReference; explicitFileType = wrapper.cfbundle; includeInIndex = 0; path = ChainUITests.xctest; sourceTree = BUILT_PRODUCTS_DIR; };
		04A2ECB71D6F7FA300189142 /* ChainUITests.swift */ = {isa = PBXFileReference; lastKnownFileType = sourcecode.swift; path = ChainUITests.swift; sourceTree = "<group>"; };
		04A2ECB91D6F7FA300189142 /* Info.plist */ = {isa = PBXFileReference; lastKnownFileType = text.plist.xml; path = Info.plist; sourceTree = "<group>"; };
		04A2ECC81D6F80EB00189142 /* Arcana.swift */ = {isa = PBXFileReference; fileEncoding = 4; lastKnownFileType = sourcecode.swift; path = Arcana.swift; sourceTree = "<group>"; };
		04A3B1741D8E7B6C00BBF297 /* TavernView.swift */ = {isa = PBXFileReference; fileEncoding = 4; lastKnownFileType = sourcecode.swift; path = TavernView.swift; sourceTree = "<group>"; };
		04A3B1771D8E7B9000BBF297 /* Tavern.storyboard */ = {isa = PBXFileReference; fileEncoding = 4; lastKnownFileType = file.storyboard; path = Tavern.storyboard; sourceTree = "<group>"; };
		04A3B1791D8E7C0D00BBF297 /* TavernCell.swift */ = {isa = PBXFileReference; fileEncoding = 4; lastKnownFileType = sourcecode.swift; path = TavernCell.swift; sourceTree = "<group>"; };
		04AE0E251D7A2C23008902A8 /* Filter.swift */ = {isa = PBXFileReference; fileEncoding = 4; lastKnownFileType = sourcecode.swift; path = Filter.swift; sourceTree = "<group>"; };
		04AE0E271D7A2E70008902A8 /* FilterCell.swift */ = {isa = PBXFileReference; fileEncoding = 4; lastKnownFileType = sourcecode.swift; path = FilterCell.swift; sourceTree = "<group>"; };
		04BDA9B81D9F55B70070FE87 /* FirebaseHandler.swift */ = {isa = PBXFileReference; fileEncoding = 4; lastKnownFileType = sourcecode.swift; path = FirebaseHandler.swift; sourceTree = "<group>"; };
		04C869C51D7B787900ED70C3 /* ReverseImageSearch.swift */ = {isa = PBXFileReference; fileEncoding = 4; lastKnownFileType = sourcecode.swift; path = ReverseImageSearch.swift; sourceTree = "<group>"; };
		04CDAF211DB1AD6C00F659BA /* SnapshotHelper.swift */ = {isa = PBXFileReference; fileEncoding = 4; lastKnownFileType = sourcecode.swift; name = SnapshotHelper.swift; path = fastlane/SnapshotHelper.swift; sourceTree = SOURCE_ROOT; };
		04DD910F1D864FA70023CDA4 /* AbilityCell.swift */ = {isa = PBXFileReference; fileEncoding = 4; lastKnownFileType = sourcecode.swift; path = AbilityCell.swift; sourceTree = "<group>"; };
		04DD91131D8669B50023CDA4 /* Login.storyboard */ = {isa = PBXFileReference; fileEncoding = 4; lastKnownFileType = file.storyboard; path = Login.storyboard; sourceTree = "<group>"; };
		04ED6FD41D813F4800C87B17 /* RarityCell.swift */ = {isa = PBXFileReference; fileEncoding = 4; lastKnownFileType = sourcecode.swift; path = RarityCell.swift; sourceTree = "<group>"; };
		04EDE6F21D9377CA005731B9 /* LoginHome.swift */ = {isa = PBXFileReference; fileEncoding = 4; lastKnownFileType = sourcecode.swift; path = LoginHome.swift; sourceTree = "<group>"; };
		04EDE6F41D937AF2005731B9 /* CreateEmail.swift */ = {isa = PBXFileReference; fileEncoding = 4; lastKnownFileType = sourcecode.swift; path = CreateEmail.swift; sourceTree = "<group>"; };
		04EDE6FF1D9391F1005731B9 /* ArcanaDetailEdit.swift */ = {isa = PBXFileReference; fileEncoding = 4; lastKnownFileType = sourcecode.swift; path = ArcanaDetailEdit.swift; sourceTree = "<group>"; };
		04EDE7011D93954A005731B9 /* ArcanaDetailEditCell.swift */ = {isa = PBXFileReference; fileEncoding = 4; lastKnownFileType = sourcecode.swift; path = ArcanaDetailEditCell.swift; sourceTree = "<group>"; };
		04EF66A41DB319DC00E13370 /* SettingsSectionHeader.xib */ = {isa = PBXFileReference; fileEncoding = 4; lastKnownFileType = file.xib; path = SettingsSectionHeader.xib; sourceTree = "<group>"; };
		04EF66A61DB31A9600E13370 /* SettingsSectionHeader.swift */ = {isa = PBXFileReference; fileEncoding = 4; lastKnownFileType = sourcecode.swift; path = SettingsSectionHeader.swift; sourceTree = "<group>"; };
		04EF66AA1DB363D000E13370 /* SettingsCell.swift */ = {isa = PBXFileReference; fileEncoding = 4; lastKnownFileType = sourcecode.swift; path = SettingsCell.swift; sourceTree = "<group>"; };
		04EF66AC1DB3640200E13370 /* SettingsCell.xib */ = {isa = PBXFileReference; fileEncoding = 4; lastKnownFileType = file.xib; path = SettingsCell.xib; sourceTree = "<group>"; };
		04F3CD881DA31E620026D5AF /* CopyableLabel.swift */ = {isa = PBXFileReference; fileEncoding = 4; lastKnownFileType = sourcecode.swift; path = CopyableLabel.swift; sourceTree = "<group>"; };
		04FAF3561D948ADD0061726F /* UnderlinedLabel.swift */ = {isa = PBXFileReference; fileEncoding = 4; lastKnownFileType = sourcecode.swift; path = UnderlinedLabel.swift; sourceTree = "<group>"; };
		1BAF675FCE57B957E684B58C /* Pods-ChainUITests.debug.xcconfig */ = {isa = PBXFileReference; includeInIndex = 1; lastKnownFileType = text.xcconfig; name = "Pods-ChainUITests.debug.xcconfig"; path = "Pods/Target Support Files/Pods-ChainUITests/Pods-ChainUITests.debug.xcconfig"; sourceTree = "<group>"; };
		46B66FBB77D74CEB5A1B14A0 /* Pods-ChainTests.debug.xcconfig */ = {isa = PBXFileReference; includeInIndex = 1; lastKnownFileType = text.xcconfig; name = "Pods-ChainTests.debug.xcconfig"; path = "Pods/Target Support Files/Pods-ChainTests/Pods-ChainTests.debug.xcconfig"; sourceTree = "<group>"; };
		4CD31E6E1E167E52C1F627D7 /* Pods_ChainTests.framework */ = {isa = PBXFileReference; explicitFileType = wrapper.framework; includeInIndex = 0; path = Pods_ChainTests.framework; sourceTree = BUILT_PRODUCTS_DIR; };
		568660B9981E438E1C64B066 /* Pods-Chain.debug.xcconfig */ = {isa = PBXFileReference; includeInIndex = 1; lastKnownFileType = text.xcconfig; name = "Pods-Chain.debug.xcconfig"; path = "Pods/Target Support Files/Pods-Chain/Pods-Chain.debug.xcconfig"; sourceTree = "<group>"; };
		623F61408F5822348BA67D97 /* Pods-Chain.release.xcconfig */ = {isa = PBXFileReference; includeInIndex = 1; lastKnownFileType = text.xcconfig; name = "Pods-Chain.release.xcconfig"; path = "Pods/Target Support Files/Pods-Chain/Pods-Chain.release.xcconfig"; sourceTree = "<group>"; };
		95C07E5E6F21968556D6ACA5 /* Pods_ChainUITests.framework */ = {isa = PBXFileReference; explicitFileType = wrapper.framework; includeInIndex = 0; path = Pods_ChainUITests.framework; sourceTree = BUILT_PRODUCTS_DIR; };
		9F24342BA979ECF14F6FFE66 /* Pods-ChainTests.release.xcconfig */ = {isa = PBXFileReference; includeInIndex = 1; lastKnownFileType = text.xcconfig; name = "Pods-ChainTests.release.xcconfig"; path = "Pods/Target Support Files/Pods-ChainTests/Pods-ChainTests.release.xcconfig"; sourceTree = "<group>"; };
		A7B05ACE02E45F09E2A44AE1 /* Pods-ChainUITests.release.xcconfig */ = {isa = PBXFileReference; includeInIndex = 1; lastKnownFileType = text.xcconfig; name = "Pods-ChainUITests.release.xcconfig"; path = "Pods/Target Support Files/Pods-ChainUITests/Pods-ChainUITests.release.xcconfig"; sourceTree = "<group>"; };
		B7E088AC701B4123C508DFB6 /* Pods_Chain.framework */ = {isa = PBXFileReference; explicitFileType = wrapper.framework; includeInIndex = 0; path = Pods_Chain.framework; sourceTree = BUILT_PRODUCTS_DIR; };
/* End PBXFileReference section */

/* Begin PBXFrameworksBuildPhase section */
		04A2EC8E1D6F7FA300189142 /* Frameworks */ = {
			isa = PBXFrameworksBuildPhase;
			buildActionMask = 2147483647;
			files = (
				C5E22DEC04C0CDB19F2CCB51 /* Pods_Chain.framework in Frameworks */,
			);
			runOnlyForDeploymentPostprocessing = 0;
		};
		04A2ECA51D6F7FA300189142 /* Frameworks */ = {
			isa = PBXFrameworksBuildPhase;
			buildActionMask = 2147483647;
			files = (
				781C1EFA08CB36191209ED35 /* Pods_ChainTests.framework in Frameworks */,
			);
			runOnlyForDeploymentPostprocessing = 0;
		};
		04A2ECB01D6F7FA300189142 /* Frameworks */ = {
			isa = PBXFrameworksBuildPhase;
			buildActionMask = 2147483647;
			files = (
				618D1B0D0E4CF6B80138C776 /* Pods_ChainUITests.framework in Frameworks */,
			);
			runOnlyForDeploymentPostprocessing = 0;
		};
/* End PBXFrameworksBuildPhase section */

/* Begin PBXGroup section */
		042834FC1D91EA1E0043BE6E /* Login */ = {
			isa = PBXGroup;
			children = (
				04DD91131D8669B50023CDA4 /* Login.storyboard */,
				04EDE6F21D9377CA005731B9 /* LoginHome.swift */,
				042835011D91EE250043BE6E /* LoginForm.swift */,
				04EDE6F41D937AF2005731B9 /* CreateEmail.swift */,
			);
			name = Login;
			sourceTree = "<group>";
		};
		0447E1D71D87D09500670834 /* Abilities */ = {
			isa = PBXGroup;
			children = (
				0447E1D31D87BA8200670834 /* Ability.storyboard */,
				047950191D9A4A1B00205A3C /* ArcanaProfileCell.xib */,
				0479501B1D9A4BDB00205A3C /* ArcanaProfileCell.swift */,
				0479501F1D9A4CB100205A3C /* LabelCell.xib */,
				0479501D1D9A4C9900205A3C /* LabelCell.swift */,
				048B31251D7642CA0011477D /* AbilityList.swift */,
				04DD910F1D864FA70023CDA4 /* AbilityCell.swift */,
				0447E1DA1D87D93E00670834 /* DrawCircle.swift */,
				0447E1D51D87D05200670834 /* AbilityView.swift */,
				0447E1D81D87D0BC00670834 /* ManaAbilityCell.swift */,
				047950171D9A35D300205A3C /* AbilityChart.swift */,
			);
			name = Abilities;
			sourceTree = "<group>";
		};
		045EF6A81DAB5DCA002148DD /* Settings */ = {
			isa = PBXGroup;
			children = (
				045EF6A61DAB5DC4002148DD /* Settings.storyboard */,
				04EF66AA1DB363D000E13370 /* SettingsCell.swift */,
				04EF66AC1DB3640200E13370 /* SettingsCell.xib */,
				045EF6A91DAB5DEE002148DD /* Settings.swift */,
				04EF66A41DB319DC00E13370 /* SettingsSectionHeader.xib */,
				04EF66A61DB31A9600E13370 /* SettingsSectionHeader.swift */,
			);
			name = Settings;
			sourceTree = "<group>";
		};
		046C93351D7582D6000E3FBD /* Arcana */ = {
			isa = PBXGroup;
			children = (
				0401B2871D75386C00A0A728 /* ArcanaDetail.swift */,
				04EDE6FF1D9391F1005731B9 /* ArcanaDetailEdit.swift */,
				04EDE7011D93954A005731B9 /* ArcanaDetailEditCell.swift */,
				042FE9CD1D98A82C002ACE74 /* ArcanaDetailEditCell.xib */,
				04349D101DACD79600216141 /* ArcanaEditList.swift */,
				04349D121DACD9FF00216141 /* ArcanaEditListCell.xib */,
				04349D141DACDA1F00216141 /* ArcanaEditListCell.swift */,
				049C58F51DAF6FAC005924F9 /* ArcanaEditHistory.swift */,
				042834F91D91E10D0043BE6E /* ArcanaChainStory.swift */,
				0401B28A1D75392F00A0A728 /* ArcanaImageCell.swift */,
				04349D0E1DAC333400216141 /* ArcanaButtonsCell.swift */,
				0401B28C1D75394400A0A728 /* ArcanaAttributeCell.swift */,
				046C93361D7582E9000E3FBD /* ArcanaSkillCell.swift */,
				048B31271D76C84C0011477D /* ArcanaSkillAbilityDescCell.swift */,
				0486E8FE1DADF4F600FE6FA3 /* ArcanaViewEditsCell.swift */,
			);
			name = Arcana;
			sourceTree = "<group>";
		};
		047561581D946E1C004886BF /* Main */ = {
			isa = PBXGroup;
			children = (
				04A2EC981D6F7FA300189142 /* Main.storyboard */,
				046FDD3B1D738060001E955B /* MyTabBarController.swift */,
				04A2EC961D6F7FA300189142 /* Home.swift */,
				04691E8E1D97A87300E15C5F /* ArcanaCell.xib */,
				04941A3C1D6FAD2800BAE389 /* ArcanaCell.swift */,
				046710C31D97D070000CF487 /* ArcanaTextCell.xib */,
				046710C51D97D18F000CF487 /* ArcanaTextCell.swift */,
				04AE0E251D7A2C23008902A8 /* Filter.swift */,
				04ED6FD41D813F4800C87B17 /* RarityCell.swift */,
				04AE0E271D7A2E70008902A8 /* FilterCell.swift */,
				046710C11D97D011000CF487 /* SearchHistory.swift */,
				04691E951D97BF8C00E15C5F /* Favorites.swift */,
			);
			name = Main;
			sourceTree = "<group>";
		};
		04A2EC881D6F7FA300189142 = {
			isa = PBXGroup;
			children = (
				04A2EC931D6F7FA300189142 /* Chain */,
				04A2ECAB1D6F7FA300189142 /* ChainTests */,
				04A2ECB61D6F7FA300189142 /* ChainUITests */,
				04A2EC921D6F7FA300189142 /* Products */,
				B5ABB791CCC4485D0388B147 /* Pods */,
				775C9A4348BE0849F66B6F00 /* Frameworks */,
			);
			sourceTree = "<group>";
		};
		04A2EC921D6F7FA300189142 /* Products */ = {
			isa = PBXGroup;
			children = (
				04A2EC911D6F7FA300189142 /* Chain.app */,
				04A2ECA81D6F7FA300189142 /* ChainTests.xctest */,
				04A2ECB31D6F7FA300189142 /* ChainUITests.xctest */,
			);
			name = Products;
			sourceTree = "<group>";
		};
		04A2EC931D6F7FA300189142 /* Chain */ = {
			isa = PBXGroup;
			children = (
				042834F81D91AF680043BE6E /* Chain.entitlements */,
				04A2EC941D6F7FA300189142 /* AppDelegate.swift */,
				048E6E541D729A7D00687513 /* GlobalConstants.swift */,
				04691E901D97AE0E00E15C5F /* GlobalFunctions.swift */,
				04BDA9B81D9F55B70070FE87 /* FirebaseHandler.swift */,
				042834FC1D91EA1E0043BE6E /* Login */,
				047561581D946E1C004886BF /* Main */,
				046C93351D7582D6000E3FBD /* Arcana */,
				04A3B1761D8E7B7500BBF297 /* Tavern */,
				0447E1D71D87D09500670834 /* Abilities */,
				04A2ECC51D6F80BF00189142 /* Custom Views */,
				045EF6A81DAB5DCA002148DD /* Settings */,
				04A2ECC71D6F80D300189142 /* Model */,
				04A2ECC61D6F80C800189142 /* etc */,
				04CDAF201DB1AD3900F659BA /* Fastlane */,
				04A2EC9E1D6F7FA300189142 /* Assets.xcassets */,
				04A2ECA01D6F7FA300189142 /* LaunchScreen.storyboard */,
				044725591DAA2D6D0013EC13 /* LaunchScreenView.swift */,
				04A2ECA31D6F7FA300189142 /* Info.plist */,
				04A2EC9B1D6F7FA300189142 /* Chain.xcdatamodeld */,
				049CF7451D95DC4800B283EC /* GoogleService-Info.plist */,
			);
			path = Chain;
			sourceTree = "<group>";
		};
		04A2ECAB1D6F7FA300189142 /* ChainTests */ = {
			isa = PBXGroup;
			children = (
				04A2ECAC1D6F7FA300189142 /* ChainTests.swift */,
				04A2ECAE1D6F7FA300189142 /* Info.plist */,
			);
			path = ChainTests;
			sourceTree = "<group>";
		};
		04A2ECB61D6F7FA300189142 /* ChainUITests */ = {
			isa = PBXGroup;
			children = (
				04A2ECB71D6F7FA300189142 /* ChainUITests.swift */,
				04A2ECB91D6F7FA300189142 /* Info.plist */,
			);
			path = ChainUITests;
			sourceTree = "<group>";
		};
		04A2ECC51D6F80BF00189142 /* Custom Views */ = {
			isa = PBXGroup;
			children = (
				047561561D946BB1004886BF /* RoundedButton.swift */,
				04FAF3561D948ADD0061726F /* UnderlinedLabel.swift */,
				049CF7471D95E52B00B283EC /* TransitioningObject.swift */,
				04F3CD881DA31E620026D5AF /* CopyableLabel.swift */,
			);
			name = "Custom Views";
			sourceTree = "<group>";
		};
		04A2ECC61D6F80C800189142 /* etc */ = {
			isa = PBXGroup;
			children = (
				043523911DB45937004D96A3 /* credits.py */,
				04C869C51D7B787900ED70C3 /* ReverseImageSearch.swift */,
			);
			name = etc;
			sourceTree = "<group>";
		};
		04A2ECC71D6F80D300189142 /* Model */ = {
			isa = PBXGroup;
			children = (
				04A2ECC81D6F80EB00189142 /* Arcana.swift */,
				0486E9001DADF8F300FE6FA3 /* ArcanaEdit.swift */,
				045EF6A41DAB4F7F002148DD /* User.swift */,
				04941A441D6FC9FE00BAE389 /* Database Lookup.rtf */,
			);
			name = Model;
			sourceTree = "<group>";
		};
		04A3B1761D8E7B7500BBF297 /* Tavern */ = {
			isa = PBXGroup;
			children = (
				04A3B1771D8E7B9000BBF297 /* Tavern.storyboard */,
				04A3B1741D8E7B6C00BBF297 /* TavernView.swift */,
				04691E8C1D979D2800E15C5F /* TavernHomeView.swift */,
				04A3B1791D8E7C0D00BBF297 /* TavernCell.swift */,
				047B6FB71D8ECC3F00083DAC /* TavernHeader.swift */,
			);
			name = Tavern;
			sourceTree = "<group>";
		};
		04CDAF201DB1AD3900F659BA /* Fastlane */ = {
			isa = PBXGroup;
			children = (
				04CDAF211DB1AD6C00F659BA /* SnapshotHelper.swift */,
			);
			name = Fastlane;
			sourceTree = "<group>";
		};
		775C9A4348BE0849F66B6F00 /* Frameworks */ = {
			isa = PBXGroup;
			children = (
				04885B871D926EA800A69992 /* FontAwesome.otf */,
				041B691C1D8A4933008B5771 /* Kanna.framework */,
				B7E088AC701B4123C508DFB6 /* Pods_Chain.framework */,
				4CD31E6E1E167E52C1F627D7 /* Pods_ChainTests.framework */,
				95C07E5E6F21968556D6ACA5 /* Pods_ChainUITests.framework */,
			);
			name = Frameworks;
			sourceTree = "<group>";
		};
		B5ABB791CCC4485D0388B147 /* Pods */ = {
			isa = PBXGroup;
			children = (
				568660B9981E438E1C64B066 /* Pods-Chain.debug.xcconfig */,
				623F61408F5822348BA67D97 /* Pods-Chain.release.xcconfig */,
				46B66FBB77D74CEB5A1B14A0 /* Pods-ChainTests.debug.xcconfig */,
				9F24342BA979ECF14F6FFE66 /* Pods-ChainTests.release.xcconfig */,
				1BAF675FCE57B957E684B58C /* Pods-ChainUITests.debug.xcconfig */,
				A7B05ACE02E45F09E2A44AE1 /* Pods-ChainUITests.release.xcconfig */,
			);
			name = Pods;
			sourceTree = "<group>";
		};
/* End PBXGroup section */

/* Begin PBXNativeTarget section */
		04A2EC901D6F7FA300189142 /* Chain */ = {
			isa = PBXNativeTarget;
			buildConfigurationList = 04A2ECBC1D6F7FA300189142 /* Build configuration list for PBXNativeTarget "Chain" */;
			buildPhases = (
				19B5C4E54CCF81B0CB4F751C /* [CP] Check Pods Manifest.lock */,
				04A2EC8D1D6F7FA300189142 /* Sources */,
				04A2EC8E1D6F7FA300189142 /* Frameworks */,
				04A2EC8F1D6F7FA300189142 /* Resources */,
				83361517803DC7A3512E7B83 /* [CP] Embed Pods Frameworks */,
				4540E040F161CA1C1FBF4868 /* [CP] Copy Pods Resources */,
				04012E351D8A6F8E00B17B44 /* Embed Frameworks */,
			);
			buildRules = (
			);
			dependencies = (
			);
			name = Chain;
			productName = Chain;
			productReference = 04A2EC911D6F7FA300189142 /* Chain.app */;
			productType = "com.apple.product-type.application";
		};
		04A2ECA71D6F7FA300189142 /* ChainTests */ = {
			isa = PBXNativeTarget;
			buildConfigurationList = 04A2ECBF1D6F7FA300189142 /* Build configuration list for PBXNativeTarget "ChainTests" */;
			buildPhases = (
				8E62B0F76DE52333E9067EC4 /* [CP] Check Pods Manifest.lock */,
				04A2ECA41D6F7FA300189142 /* Sources */,
				04A2ECA51D6F7FA300189142 /* Frameworks */,
				04A2ECA61D6F7FA300189142 /* Resources */,
				620CA39547DDD47B301066DD /* [CP] Embed Pods Frameworks */,
				A9B59EE9595180FE586DACA7 /* [CP] Copy Pods Resources */,
			);
			buildRules = (
			);
			dependencies = (
				04A2ECAA1D6F7FA300189142 /* PBXTargetDependency */,
			);
			name = ChainTests;
			productName = ChainTests;
			productReference = 04A2ECA81D6F7FA300189142 /* ChainTests.xctest */;
			productType = "com.apple.product-type.bundle.unit-test";
		};
		04A2ECB21D6F7FA300189142 /* ChainUITests */ = {
			isa = PBXNativeTarget;
			buildConfigurationList = 04A2ECC21D6F7FA300189142 /* Build configuration list for PBXNativeTarget "ChainUITests" */;
			buildPhases = (
				E09CB1FAE94AC9EE2575CA2A /* [CP] Check Pods Manifest.lock */,
				04A2ECAF1D6F7FA300189142 /* Sources */,
				04A2ECB01D6F7FA300189142 /* Frameworks */,
				04A2ECB11D6F7FA300189142 /* Resources */,
				E3F1DE296C0381B9620905BC /* [CP] Copy Pods Resources */,
				1449A3C3D380BEEC9872C010 /* [CP] Embed Pods Frameworks */,
			);
			buildRules = (
			);
			dependencies = (
				04A2ECB51D6F7FA300189142 /* PBXTargetDependency */,
			);
			name = ChainUITests;
			productName = ChainUITests;
			productReference = 04A2ECB31D6F7FA300189142 /* ChainUITests.xctest */;
			productType = "com.apple.product-type.bundle.ui-testing";
		};
/* End PBXNativeTarget section */

/* Begin PBXProject section */
		04A2EC891D6F7FA300189142 /* Project object */ = {
			isa = PBXProject;
			attributes = {
				LastSwiftUpdateCheck = 0730;
				LastUpgradeCheck = 0800;
				ORGANIZATIONNAME = "Jitae Kim";
				TargetAttributes = {
					04A2EC901D6F7FA300189142 = {
						CreatedOnToolsVersion = 7.3.1;
						DevelopmentTeam = 3NP653TDUD;
						LastSwiftMigration = 0800;
						ProvisioningStyle = Automatic;
						SystemCapabilities = {
							com.apple.Keychain = {
								enabled = 1;
							};
						};
					};
					04A2ECA71D6F7FA300189142 = {
						CreatedOnToolsVersion = 7.3.1;
						LastSwiftMigration = 0800;
						ProvisioningStyle = Automatic;
						TestTargetID = 04A2EC901D6F7FA300189142;
					};
					04A2ECB21D6F7FA300189142 = {
						CreatedOnToolsVersion = 7.3.1;
						LastSwiftMigration = 0800;
						ProvisioningStyle = Automatic;
						TestTargetID = 04A2EC901D6F7FA300189142;
					};
				};
			};
			buildConfigurationList = 04A2EC8C1D6F7FA300189142 /* Build configuration list for PBXProject "Chain" */;
			compatibilityVersion = "Xcode 3.2";
			developmentRegion = English;
			hasScannedForEncodings = 0;
			knownRegions = (
				en,
				Base,
			);
			mainGroup = 04A2EC881D6F7FA300189142;
			productRefGroup = 04A2EC921D6F7FA300189142 /* Products */;
			projectDirPath = "";
			projectRoot = "";
			targets = (
				04A2EC901D6F7FA300189142 /* Chain */,
				04A2ECA71D6F7FA300189142 /* ChainTests */,
				04A2ECB21D6F7FA300189142 /* ChainUITests */,
			);
		};
/* End PBXProject section */

/* Begin PBXResourcesBuildPhase section */
		04A2EC8F1D6F7FA300189142 /* Resources */ = {
			isa = PBXResourcesBuildPhase;
			buildActionMask = 2147483647;
			files = (
				04A2ECA21D6F7FA300189142 /* LaunchScreen.storyboard in Resources */,
				0479501A1D9A4A1B00205A3C /* ArcanaProfileCell.xib in Resources */,
				04A3B1781D8E7B9000BBF297 /* Tavern.storyboard in Resources */,
				047950201D9A4CB100205A3C /* LabelCell.xib in Resources */,
				046710C41D97D070000CF487 /* ArcanaTextCell.xib in Resources */,
				04885B881D926EB800A69992 /* FontAwesome.otf in Resources */,
				042FE9CE1D98A82C002ACE74 /* ArcanaDetailEditCell.xib in Resources */,
				0447E1D41D87BA8200670834 /* Ability.storyboard in Resources */,
				04A2EC9F1D6F7FA300189142 /* Assets.xcassets in Resources */,
				04EF66A51DB319DC00E13370 /* SettingsSectionHeader.xib in Resources */,
				045EF6A71DAB5DC4002148DD /* Settings.storyboard in Resources */,
				04A2EC9A1D6F7FA300189142 /* Main.storyboard in Resources */,
				04EF66AD1DB3640200E13370 /* SettingsCell.xib in Resources */,
				049CF7461D95DC4800B283EC /* GoogleService-Info.plist in Resources */,
				04DD91141D8669B50023CDA4 /* Login.storyboard in Resources */,
				043523921DB45937004D96A3 /* credits.py in Resources */,
				04691E8F1D97A87300E15C5F /* ArcanaCell.xib in Resources */,
				04349D131DACD9FF00216141 /* ArcanaEditListCell.xib in Resources */,
			);
			runOnlyForDeploymentPostprocessing = 0;
		};
		04A2ECA61D6F7FA300189142 /* Resources */ = {
			isa = PBXResourcesBuildPhase;
			buildActionMask = 2147483647;
			files = (
			);
			runOnlyForDeploymentPostprocessing = 0;
		};
		04A2ECB11D6F7FA300189142 /* Resources */ = {
			isa = PBXResourcesBuildPhase;
			buildActionMask = 2147483647;
			files = (
			);
			runOnlyForDeploymentPostprocessing = 0;
		};
/* End PBXResourcesBuildPhase section */

/* Begin PBXShellScriptBuildPhase section */
		1449A3C3D380BEEC9872C010 /* [CP] Embed Pods Frameworks */ = {
			isa = PBXShellScriptBuildPhase;
			buildActionMask = 2147483647;
			files = (
			);
			inputPaths = (
			);
			name = "[CP] Embed Pods Frameworks";
			outputPaths = (
			);
			runOnlyForDeploymentPostprocessing = 0;
			shellPath = /bin/sh;
			shellScript = "\"${SRCROOT}/Pods/Target Support Files/Pods-ChainUITests/Pods-ChainUITests-frameworks.sh\"\n";
			showEnvVarsInLog = 0;
		};
		19B5C4E54CCF81B0CB4F751C /* [CP] Check Pods Manifest.lock */ = {
			isa = PBXShellScriptBuildPhase;
			buildActionMask = 2147483647;
			files = (
			);
			inputPaths = (
			);
			name = "[CP] Check Pods Manifest.lock";
			outputPaths = (
			);
			runOnlyForDeploymentPostprocessing = 0;
			shellPath = /bin/sh;
			shellScript = "diff \"${PODS_ROOT}/../Podfile.lock\" \"${PODS_ROOT}/Manifest.lock\" > /dev/null\nif [ $? != 0 ] ; then\n    # print error to STDERR\n    echo \"error: The sandbox is not in sync with the Podfile.lock. Run 'pod install' or update your CocoaPods installation.\" >&2\n    exit 1\nfi\n";
			showEnvVarsInLog = 0;
		};
		4540E040F161CA1C1FBF4868 /* [CP] Copy Pods Resources */ = {
			isa = PBXShellScriptBuildPhase;
			buildActionMask = 2147483647;
			files = (
			);
			inputPaths = (
			);
			name = "[CP] Copy Pods Resources";
			outputPaths = (
			);
			runOnlyForDeploymentPostprocessing = 0;
			shellPath = /bin/sh;
			shellScript = "\"${SRCROOT}/Pods/Target Support Files/Pods-Chain/Pods-Chain-resources.sh\"\n";
			showEnvVarsInLog = 0;
		};
		620CA39547DDD47B301066DD /* [CP] Embed Pods Frameworks */ = {
			isa = PBXShellScriptBuildPhase;
			buildActionMask = 2147483647;
			files = (
			);
			inputPaths = (
			);
			name = "[CP] Embed Pods Frameworks";
			outputPaths = (
			);
			runOnlyForDeploymentPostprocessing = 0;
			shellPath = /bin/sh;
			shellScript = "\"${SRCROOT}/Pods/Target Support Files/Pods-ChainTests/Pods-ChainTests-frameworks.sh\"\n";
			showEnvVarsInLog = 0;
		};
		83361517803DC7A3512E7B83 /* [CP] Embed Pods Frameworks */ = {
			isa = PBXShellScriptBuildPhase;
			buildActionMask = 2147483647;
			files = (
			);
			inputPaths = (
			);
			name = "[CP] Embed Pods Frameworks";
			outputPaths = (
			);
			runOnlyForDeploymentPostprocessing = 0;
			shellPath = /bin/sh;
			shellScript = "\"${SRCROOT}/Pods/Target Support Files/Pods-Chain/Pods-Chain-frameworks.sh\"\n";
			showEnvVarsInLog = 0;
		};
		8E62B0F76DE52333E9067EC4 /* [CP] Check Pods Manifest.lock */ = {
			isa = PBXShellScriptBuildPhase;
			buildActionMask = 2147483647;
			files = (
			);
			inputPaths = (
			);
			name = "[CP] Check Pods Manifest.lock";
			outputPaths = (
			);
			runOnlyForDeploymentPostprocessing = 0;
			shellPath = /bin/sh;
			shellScript = "diff \"${PODS_ROOT}/../Podfile.lock\" \"${PODS_ROOT}/Manifest.lock\" > /dev/null\nif [ $? != 0 ] ; then\n    # print error to STDERR\n    echo \"error: The sandbox is not in sync with the Podfile.lock. Run 'pod install' or update your CocoaPods installation.\" >&2\n    exit 1\nfi\n";
			showEnvVarsInLog = 0;
		};
		A9B59EE9595180FE586DACA7 /* [CP] Copy Pods Resources */ = {
			isa = PBXShellScriptBuildPhase;
			buildActionMask = 2147483647;
			files = (
			);
			inputPaths = (
			);
			name = "[CP] Copy Pods Resources";
			outputPaths = (
			);
			runOnlyForDeploymentPostprocessing = 0;
			shellPath = /bin/sh;
			shellScript = "\"${SRCROOT}/Pods/Target Support Files/Pods-ChainTests/Pods-ChainTests-resources.sh\"\n";
			showEnvVarsInLog = 0;
		};
		E09CB1FAE94AC9EE2575CA2A /* [CP] Check Pods Manifest.lock */ = {
			isa = PBXShellScriptBuildPhase;
			buildActionMask = 2147483647;
			files = (
			);
			inputPaths = (
			);
			name = "[CP] Check Pods Manifest.lock";
			outputPaths = (
			);
			runOnlyForDeploymentPostprocessing = 0;
			shellPath = /bin/sh;
			shellScript = "diff \"${PODS_ROOT}/../Podfile.lock\" \"${PODS_ROOT}/Manifest.lock\" > /dev/null\nif [ $? != 0 ] ; then\n    # print error to STDERR\n    echo \"error: The sandbox is not in sync with the Podfile.lock. Run 'pod install' or update your CocoaPods installation.\" >&2\n    exit 1\nfi\n";
			showEnvVarsInLog = 0;
		};
		E3F1DE296C0381B9620905BC /* [CP] Copy Pods Resources */ = {
			isa = PBXShellScriptBuildPhase;
			buildActionMask = 2147483647;
			files = (
			);
			inputPaths = (
			);
			name = "[CP] Copy Pods Resources";
			outputPaths = (
			);
			runOnlyForDeploymentPostprocessing = 0;
			shellPath = /bin/sh;
			shellScript = "\"${SRCROOT}/Pods/Target Support Files/Pods-ChainUITests/Pods-ChainUITests-resources.sh\"\n";
			showEnvVarsInLog = 0;
		};
/* End PBXShellScriptBuildPhase section */

/* Begin PBXSourcesBuildPhase section */
		04A2EC8D1D6F7FA300189142 /* Sources */ = {
			isa = PBXSourcesBuildPhase;
			buildActionMask = 2147483647;
			files = (
				04EA719D1DB21C8C004E9A97 /* RarityCell.swift in Sources */,
				0401B2881D75386C00A0A728 /* ArcanaDetail.swift in Sources */,
				0486E8FF1DADF4F600FE6FA3 /* ArcanaViewEditsCell.swift in Sources */,
				0479501E1D9A4C9900205A3C /* LabelCell.swift in Sources */,
				04A2EC971D6F7FA300189142 /* Home.swift in Sources */,
				04A2ECC91D6F80EB00189142 /* Arcana.swift in Sources */,
				04EF66A71DB31A9600E13370 /* SettingsSectionHeader.swift in Sources */,
				04BDA9B91D9F55B70070FE87 /* FirebaseHandler.swift in Sources */,
				042835021D91EE250043BE6E /* LoginForm.swift in Sources */,
				04691E961D97BF8C00E15C5F /* Favorites.swift in Sources */,
				045EF6AA1DAB5DEE002148DD /* Settings.swift in Sources */,
				04AE0E281D7A2E70008902A8 /* FilterCell.swift in Sources */,
				049CF7481D95E52B00B283EC /* TransitioningObject.swift in Sources */,
				04A2EC9D1D6F7FA300189142 /* Chain.xcdatamodeld in Sources */,
				046FDD3C1D738060001E955B /* MyTabBarController.swift in Sources */,
				048B31281D76C84C0011477D /* ArcanaSkillAbilityDescCell.swift in Sources */,
				048E6E551D729A7D00687513 /* GlobalConstants.swift in Sources */,
				047B6FB81D8ECC3F00083DAC /* TavernHeader.swift in Sources */,
				04349D111DACD79600216141 /* ArcanaEditList.swift in Sources */,
				04691E8D1D979D2800E15C5F /* TavernHomeView.swift in Sources */,
				04EF66AB1DB363D000E13370 /* SettingsCell.swift in Sources */,
				047561571D946BB1004886BF /* RoundedButton.swift in Sources */,
				04EDE6F31D9377CA005731B9 /* LoginHome.swift in Sources */,
				0486E9011DADF8F300FE6FA3 /* ArcanaEdit.swift in Sources */,
				046C93371D7582E9000E3FBD /* ArcanaSkillCell.swift in Sources */,
				047950181D9A35D300205A3C /* AbilityChart.swift in Sources */,
				0401B28B1D75392F00A0A728 /* ArcanaImageCell.swift in Sources */,
				04A3B1751D8E7B6C00BBF297 /* TavernView.swift in Sources */,
				0447E1D61D87D05200670834 /* AbilityView.swift in Sources */,
				04349D151DACDA1F00216141 /* ArcanaEditListCell.swift in Sources */,
				045EF6A51DAB4F7F002148DD /* User.swift in Sources */,
				048B31261D7642CA0011477D /* AbilityList.swift in Sources */,
				04AE0E261D7A2C23008902A8 /* Filter.swift in Sources */,
				0447255A1DAA2D6D0013EC13 /* LaunchScreenView.swift in Sources */,
				04C869C61D7B787900ED70C3 /* ReverseImageSearch.swift in Sources */,
				0447E1D91D87D0BC00670834 /* ManaAbilityCell.swift in Sources */,
				04349D0F1DAC333400216141 /* ArcanaButtonsCell.swift in Sources */,
				0401B28D1D75394400A0A728 /* ArcanaAttributeCell.swift in Sources */,
				04EDE7001D9391F1005731B9 /* ArcanaDetailEdit.swift in Sources */,
				04DD91101D864FA70023CDA4 /* AbilityCell.swift in Sources */,
				0447E1DB1D87D93E00670834 /* DrawCircle.swift in Sources */,
				042834FA1D91E10D0043BE6E /* ArcanaChainStory.swift in Sources */,
				04A3B17A1D8E7C0D00BBF297 /* TavernCell.swift in Sources */,
				04FAF3571D948ADD0061726F /* UnderlinedLabel.swift in Sources */,
				04691E911D97AE0E00E15C5F /* GlobalFunctions.swift in Sources */,
				046710C21D97D011000CF487 /* SearchHistory.swift in Sources */,
				049C58F61DAF6FAC005924F9 /* ArcanaEditHistory.swift in Sources */,
				04A2EC951D6F7FA300189142 /* AppDelegate.swift in Sources */,
				0479501C1D9A4BDB00205A3C /* ArcanaProfileCell.swift in Sources */,
				046710C61D97D18F000CF487 /* ArcanaTextCell.swift in Sources */,
				04EDE7021D93954A005731B9 /* ArcanaDetailEditCell.swift in Sources */,
				04EDE6F51D937AF2005731B9 /* CreateEmail.swift in Sources */,
				04F3CD891DA31E620026D5AF /* CopyableLabel.swift in Sources */,
				04941A3D1D6FAD2800BAE389 /* ArcanaCell.swift in Sources */,
			);
			runOnlyForDeploymentPostprocessing = 0;
		};
		04A2ECA41D6F7FA300189142 /* Sources */ = {
			isa = PBXSourcesBuildPhase;
			buildActionMask = 2147483647;
			files = (
				04A2ECAD1D6F7FA300189142 /* ChainTests.swift in Sources */,
			);
			runOnlyForDeploymentPostprocessing = 0;
		};
		04A2ECAF1D6F7FA300189142 /* Sources */ = {
			isa = PBXSourcesBuildPhase;
			buildActionMask = 2147483647;
			files = (
				04A2ECB81D6F7FA300189142 /* ChainUITests.swift in Sources */,
				04CDAF221DB1AD6C00F659BA /* SnapshotHelper.swift in Sources */,
			);
			runOnlyForDeploymentPostprocessing = 0;
		};
/* End PBXSourcesBuildPhase section */

/* Begin PBXTargetDependency section */
		04A2ECAA1D6F7FA300189142 /* PBXTargetDependency */ = {
			isa = PBXTargetDependency;
			target = 04A2EC901D6F7FA300189142 /* Chain */;
			targetProxy = 04A2ECA91D6F7FA300189142 /* PBXContainerItemProxy */;
		};
		04A2ECB51D6F7FA300189142 /* PBXTargetDependency */ = {
			isa = PBXTargetDependency;
			target = 04A2EC901D6F7FA300189142 /* Chain */;
			targetProxy = 04A2ECB41D6F7FA300189142 /* PBXContainerItemProxy */;
		};
/* End PBXTargetDependency section */

/* Begin PBXVariantGroup section */
		04A2EC981D6F7FA300189142 /* Main.storyboard */ = {
			isa = PBXVariantGroup;
			children = (
				04A2EC991D6F7FA300189142 /* Base */,
				0406BDDD1D8BE3060085F4D8 /* ja */,
				0406BDDF1D8BE3270085F4D8 /* ko */,
			);
			name = Main.storyboard;
			sourceTree = "<group>";
		};
		04A2ECA01D6F7FA300189142 /* LaunchScreen.storyboard */ = {
			isa = PBXVariantGroup;
			children = (
				04A2ECA11D6F7FA300189142 /* Base */,
				0406BDDE1D8BE3060085F4D8 /* ja */,
				0406BDE01D8BE3270085F4D8 /* ko */,
			);
			name = LaunchScreen.storyboard;
			sourceTree = "<group>";
		};
/* End PBXVariantGroup section */

/* Begin XCBuildConfiguration section */
		04A2ECBA1D6F7FA300189142 /* Debug */ = {
			isa = XCBuildConfiguration;
			buildSettings = {
				ALWAYS_SEARCH_USER_PATHS = YES;
				CLANG_ANALYZER_LOCALIZABILITY_NONLOCALIZED = YES;
				CLANG_ANALYZER_NONNULL = YES;
				CLANG_CXX_LANGUAGE_STANDARD = "gnu++0x";
				CLANG_CXX_LIBRARY = "libc++";
				CLANG_ENABLE_MODULES = YES;
				CLANG_ENABLE_OBJC_ARC = YES;
				CLANG_WARN_BOOL_CONVERSION = YES;
				CLANG_WARN_CONSTANT_CONVERSION = YES;
				CLANG_WARN_DIRECT_OBJC_ISA_USAGE = YES_ERROR;
				CLANG_WARN_EMPTY_BODY = YES;
				CLANG_WARN_ENUM_CONVERSION = YES;
				CLANG_WARN_INFINITE_RECURSION = YES;
				CLANG_WARN_INT_CONVERSION = YES;
				CLANG_WARN_OBJC_ROOT_CLASS = YES_ERROR;
				CLANG_WARN_SUSPICIOUS_MOVE = YES;
				CLANG_WARN_UNREACHABLE_CODE = YES;
				CLANG_WARN__DUPLICATE_METHOD_MATCH = YES;
				"CODE_SIGN_IDENTITY[sdk=iphoneos*]" = "iPhone Developer";
				COPY_PHASE_STRIP = NO;
				DEBUG_INFORMATION_FORMAT = dwarf;
				ENABLE_STRICT_OBJC_MSGSEND = YES;
				ENABLE_TESTABILITY = YES;
				GCC_C_LANGUAGE_STANDARD = gnu99;
				GCC_DYNAMIC_NO_PIC = NO;
				GCC_NO_COMMON_BLOCKS = YES;
				GCC_OPTIMIZATION_LEVEL = 0;
				GCC_PREPROCESSOR_DEFINITIONS = (
					"DEBUG=1",
					"$(inherited)",
				);
				GCC_WARN_64_TO_32_BIT_CONVERSION = YES;
				GCC_WARN_ABOUT_RETURN_TYPE = YES_ERROR;
				GCC_WARN_UNDECLARED_SELECTOR = YES;
				GCC_WARN_UNINITIALIZED_AUTOS = YES_AGGRESSIVE;
				GCC_WARN_UNUSED_FUNCTION = YES;
				GCC_WARN_UNUSED_VARIABLE = YES;
				IPHONEOS_DEPLOYMENT_TARGET = 9.0;
				MTL_ENABLE_DEBUG_INFO = YES;
				ONLY_ACTIVE_ARCH = YES;
				OTHER_SWIFT_FLAGS = "-Xfrontend -debug-time-function-bodies";
				SDKROOT = iphoneos;
				SWIFT_INSTALL_OBJC_HEADER = NO;
				SWIFT_OPTIMIZATION_LEVEL = "-Onone";
			};
			name = Debug;
		};
		04A2ECBB1D6F7FA300189142 /* Release */ = {
			isa = XCBuildConfiguration;
			buildSettings = {
				ALWAYS_SEARCH_USER_PATHS = YES;
				CLANG_ANALYZER_LOCALIZABILITY_NONLOCALIZED = YES;
				CLANG_ANALYZER_NONNULL = YES;
				CLANG_CXX_LANGUAGE_STANDARD = "gnu++0x";
				CLANG_CXX_LIBRARY = "libc++";
				CLANG_ENABLE_MODULES = YES;
				CLANG_ENABLE_OBJC_ARC = YES;
				CLANG_WARN_BOOL_CONVERSION = YES;
				CLANG_WARN_CONSTANT_CONVERSION = YES;
				CLANG_WARN_DIRECT_OBJC_ISA_USAGE = YES_ERROR;
				CLANG_WARN_EMPTY_BODY = YES;
				CLANG_WARN_ENUM_CONVERSION = YES;
				CLANG_WARN_INFINITE_RECURSION = YES;
				CLANG_WARN_INT_CONVERSION = YES;
				CLANG_WARN_OBJC_ROOT_CLASS = YES_ERROR;
				CLANG_WARN_SUSPICIOUS_MOVE = YES;
				CLANG_WARN_UNREACHABLE_CODE = YES;
				CLANG_WARN__DUPLICATE_METHOD_MATCH = YES;
				"CODE_SIGN_IDENTITY[sdk=iphoneos*]" = "iPhone Developer";
				COPY_PHASE_STRIP = NO;
				DEBUG_INFORMATION_FORMAT = "dwarf-with-dsym";
				ENABLE_NS_ASSERTIONS = NO;
				ENABLE_STRICT_OBJC_MSGSEND = YES;
				GCC_C_LANGUAGE_STANDARD = gnu99;
				GCC_NO_COMMON_BLOCKS = YES;
				GCC_WARN_64_TO_32_BIT_CONVERSION = YES;
				GCC_WARN_ABOUT_RETURN_TYPE = YES_ERROR;
				GCC_WARN_UNDECLARED_SELECTOR = YES;
				GCC_WARN_UNINITIALIZED_AUTOS = YES_AGGRESSIVE;
				GCC_WARN_UNUSED_FUNCTION = YES;
				GCC_WARN_UNUSED_VARIABLE = YES;
				IPHONEOS_DEPLOYMENT_TARGET = 9.0;
				MTL_ENABLE_DEBUG_INFO = NO;
				ONLY_ACTIVE_ARCH = YES;
				OTHER_SWIFT_FLAGS = "-Xfrontend -debug-time-function-bodies";
				SDKROOT = iphoneos;
				SWIFT_INSTALL_OBJC_HEADER = NO;
				SWIFT_OPTIMIZATION_LEVEL = "-Owholemodule";
				VALIDATE_PRODUCT = YES;
			};
			name = Release;
		};
		04A2ECBD1D6F7FA300189142 /* Debug */ = {
			isa = XCBuildConfiguration;
			baseConfigurationReference = 568660B9981E438E1C64B066 /* Pods-Chain.debug.xcconfig */;
			buildSettings = {
				ALWAYS_EMBED_SWIFT_STANDARD_LIBRARIES = YES;
				ALWAYS_SEARCH_USER_PATHS = NO;
				ASSETCATALOG_COMPILER_APPICON_NAME = AppIcon;
				CLANG_ENABLE_MODULES = YES;
				CODE_SIGN_ENTITLEMENTS = Chain/Chain.entitlements;
				"CODE_SIGN_IDENTITY[sdk=iphoneos*]" = "iPhone Developer";
				DEVELOPMENT_TEAM = 3NP653TDUD;
				INFOPLIST_FILE = Chain/Info.plist;
				IPHONEOS_DEPLOYMENT_TARGET = 9.0;
				LD_RUNPATH_SEARCH_PATHS = "$(inherited) @executable_path/Frameworks";
				OTHER_SWIFT_FLAGS = "-Xfrontend -debug-time-function-bodies";
				PRODUCT_BUNDLE_IDENTIFIER = com.jk.cckorea;
				PRODUCT_NAME = "$(TARGET_NAME)";
				SWIFT_OPTIMIZATION_LEVEL = "-Onone";
				SWIFT_VERSION = 3.0;
				TARGETED_DEVICE_FAMILY = "1,2";
			};
			name = Debug;
		};
		04A2ECBE1D6F7FA300189142 /* Release */ = {
			isa = XCBuildConfiguration;
			baseConfigurationReference = 623F61408F5822348BA67D97 /* Pods-Chain.release.xcconfig */;
			buildSettings = {
				ALWAYS_EMBED_SWIFT_STANDARD_LIBRARIES = YES;
				ALWAYS_SEARCH_USER_PATHS = NO;
				ASSETCATALOG_COMPILER_APPICON_NAME = AppIcon;
				CLANG_ENABLE_MODULES = YES;
				CODE_SIGN_ENTITLEMENTS = Chain/Chain.entitlements;
				"CODE_SIGN_IDENTITY[sdk=iphoneos*]" = "iPhone Developer";
				DEVELOPMENT_TEAM = 3NP653TDUD;
				FRAMEWORK_SEARCH_PATHS = (
					"$(inherited)",
					"$(PROJECT_DIR)/Carthage/Build/iOS",
				);
				INFOPLIST_FILE = Chain/Info.plist;
				IPHONEOS_DEPLOYMENT_TARGET = 9.0;
				LD_RUNPATH_SEARCH_PATHS = "$(inherited) @executable_path/Frameworks";
				OTHER_SWIFT_FLAGS = "-Xfrontend -debug-time-function-bodies";
				PRODUCT_BUNDLE_IDENTIFIER = com.jk.cckorea;
				PRODUCT_NAME = "$(TARGET_NAME)";
				SWIFT_VERSION = 3.0;
				TARGETED_DEVICE_FAMILY = "1,2";
			};
			name = Release;
		};
		04A2ECC01D6F7FA300189142 /* Debug */ = {
			isa = XCBuildConfiguration;
			baseConfigurationReference = 46B66FBB77D74CEB5A1B14A0 /* Pods-ChainTests.debug.xcconfig */;
			buildSettings = {
				ALWAYS_SEARCH_USER_PATHS = NO;
				BUNDLE_LOADER = "$(TEST_HOST)";
				"CODE_SIGN_IDENTITY[sdk=iphoneos*]" = "iPhone Developer";
				DEVELOPMENT_TEAM = "";
				INFOPLIST_FILE = ChainTests/Info.plist;
				LD_RUNPATH_SEARCH_PATHS = "$(inherited) @executable_path/Frameworks @loader_path/Frameworks";
				PRODUCT_BUNDLE_IDENTIFIER = com.jk.ChainTests;
				PRODUCT_NAME = "$(TARGET_NAME)";
				SWIFT_VERSION = 3.0;
				TEST_HOST = "$(BUILT_PRODUCTS_DIR)/Chain.app/Chain";
			};
			name = Debug;
		};
		04A2ECC11D6F7FA300189142 /* Release */ = {
			isa = XCBuildConfiguration;
			baseConfigurationReference = 9F24342BA979ECF14F6FFE66 /* Pods-ChainTests.release.xcconfig */;
			buildSettings = {
				ALWAYS_SEARCH_USER_PATHS = NO;
				BUNDLE_LOADER = "$(TEST_HOST)";
				"CODE_SIGN_IDENTITY[sdk=iphoneos*]" = "iPhone Developer";
				DEVELOPMENT_TEAM = "";
				INFOPLIST_FILE = ChainTests/Info.plist;
				LD_RUNPATH_SEARCH_PATHS = "$(inherited) @executable_path/Frameworks @loader_path/Frameworks";
				PRODUCT_BUNDLE_IDENTIFIER = com.jk.ChainTests;
				PRODUCT_NAME = "$(TARGET_NAME)";
				SWIFT_VERSION = 3.0;
				TEST_HOST = "$(BUILT_PRODUCTS_DIR)/Chain.app/Chain";
			};
			name = Release;
		};
		04A2ECC31D6F7FA300189142 /* Debug */ = {
			isa = XCBuildConfiguration;
			baseConfigurationReference = 1BAF675FCE57B957E684B58C /* Pods-ChainUITests.debug.xcconfig */;
			buildSettings = {
				ALWAYS_SEARCH_USER_PATHS = NO;
				"CODE_SIGN_IDENTITY[sdk=iphoneos*]" = "iPhone Developer";
				DEVELOPMENT_TEAM = "";
				INFOPLIST_FILE = ChainUITests/Info.plist;
				LD_RUNPATH_SEARCH_PATHS = "$(inherited) @executable_path/Frameworks @loader_path/Frameworks";
				PRODUCT_BUNDLE_IDENTIFIER = com.jk.ChainUITests;
				PRODUCT_NAME = "$(TARGET_NAME)";
				SWIFT_VERSION = 3.0;
				TEST_TARGET_NAME = Chain;
			};
			name = Debug;
		};
		04A2ECC41D6F7FA300189142 /* Release */ = {
			isa = XCBuildConfiguration;
			baseConfigurationReference = A7B05ACE02E45F09E2A44AE1 /* Pods-ChainUITests.release.xcconfig */;
			buildSettings = {
				ALWAYS_SEARCH_USER_PATHS = NO;
				"CODE_SIGN_IDENTITY[sdk=iphoneos*]" = "iPhone Developer";
				DEVELOPMENT_TEAM = "";
				INFOPLIST_FILE = ChainUITests/Info.plist;
				LD_RUNPATH_SEARCH_PATHS = "$(inherited) @executable_path/Frameworks @loader_path/Frameworks";
				PRODUCT_BUNDLE_IDENTIFIER = com.jk.ChainUITests;
				PRODUCT_NAME = "$(TARGET_NAME)";
				SWIFT_VERSION = 3.0;
				TEST_TARGET_NAME = Chain;
			};
			name = Release;
		};
/* End XCBuildConfiguration section */

/* Begin XCConfigurationList section */
		04A2EC8C1D6F7FA300189142 /* Build configuration list for PBXProject "Chain" */ = {
			isa = XCConfigurationList;
			buildConfigurations = (
				04A2ECBA1D6F7FA300189142 /* Debug */,
				04A2ECBB1D6F7FA300189142 /* Release */,
			);
			defaultConfigurationIsVisible = 0;
			defaultConfigurationName = Release;
		};
		04A2ECBC1D6F7FA300189142 /* Build configuration list for PBXNativeTarget "Chain" */ = {
			isa = XCConfigurationList;
			buildConfigurations = (
				04A2ECBD1D6F7FA300189142 /* Debug */,
				04A2ECBE1D6F7FA300189142 /* Release */,
			);
			defaultConfigurationIsVisible = 0;
			defaultConfigurationName = Release;
		};
		04A2ECBF1D6F7FA300189142 /* Build configuration list for PBXNativeTarget "ChainTests" */ = {
			isa = XCConfigurationList;
			buildConfigurations = (
				04A2ECC01D6F7FA300189142 /* Debug */,
				04A2ECC11D6F7FA300189142 /* Release */,
			);
			defaultConfigurationIsVisible = 0;
			defaultConfigurationName = Release;
		};
		04A2ECC21D6F7FA300189142 /* Build configuration list for PBXNativeTarget "ChainUITests" */ = {
			isa = XCConfigurationList;
			buildConfigurations = (
				04A2ECC31D6F7FA300189142 /* Debug */,
				04A2ECC41D6F7FA300189142 /* Release */,
			);
			defaultConfigurationIsVisible = 0;
			defaultConfigurationName = Release;
		};
/* End XCConfigurationList section */

/* Begin XCVersionGroup section */
		04A2EC9B1D6F7FA300189142 /* Chain.xcdatamodeld */ = {
			isa = XCVersionGroup;
			children = (
				04A2EC9C1D6F7FA300189142 /* Chain.xcdatamodel */,
			);
			currentVersion = 04A2EC9C1D6F7FA300189142 /* Chain.xcdatamodel */;
			path = Chain.xcdatamodeld;
			sourceTree = "<group>";
			versionGroupType = wrapper.xcdatamodel;
		};
/* End XCVersionGroup section */
	};
	rootObject = 04A2EC891D6F7FA300189142 /* Project object */;
}
