// !$*UTF8*$!
{
	archiveVersion = 1;
	classes = {
	};
	objectVersion = 46;
	objects = {

/* Begin PBXBuildFile section */
		0401B2841D752D0B00A0A728 /* ArcanaValueCellOld.swift in Sources */ = {isa = PBXBuildFile; fileRef = 0401B2831D752D0B00A0A728 /* ArcanaValueCellOld.swift */; };
		0401B2861D7530A000A0A728 /* MyCollectionViewHeader.swift in Sources */ = {isa = PBXBuildFile; fileRef = 0401B2851D7530A000A0A728 /* MyCollectionViewHeader.swift */; };
		0401B2881D75386C00A0A728 /* ArcanaDetail.swift in Sources */ = {isa = PBXBuildFile; fileRef = 0401B2871D75386C00A0A728 /* ArcanaDetail.swift */; };
		0401B28B1D75392F00A0A728 /* ArcanaImageCell.swift in Sources */ = {isa = PBXBuildFile; fileRef = 0401B28A1D75392F00A0A728 /* ArcanaImageCell.swift */; };
		0401B28D1D75394400A0A728 /* ArcanaAttributeCell.swift in Sources */ = {isa = PBXBuildFile; fileRef = 0401B28C1D75394400A0A728 /* ArcanaAttributeCell.swift */; };
		046C93371D7582E9000E3FBD /* ArcanaSkillCell.swift in Sources */ = {isa = PBXBuildFile; fileRef = 046C93361D7582E9000E3FBD /* ArcanaSkillCell.swift */; };
		046FDD3C1D738060001E955B /* MyTabBarController.swift in Sources */ = {isa = PBXBuildFile; fileRef = 046FDD3B1D738060001E955B /* MyTabBarController.swift */; };
		046FDD401D739735001E955B /* MyCollectionViewLayout.swift in Sources */ = {isa = PBXBuildFile; fileRef = 046FDD3F1D739735001E955B /* MyCollectionViewLayout.swift */; };
		046FDD421D73AD83001E955B /* GoogleService-Info.plist in Resources */ = {isa = PBXBuildFile; fileRef = 046FDD411D73AD83001E955B /* GoogleService-Info.plist */; };
		048B31261D7642CA0011477D /* ArcanaAbilityLIst.swift in Sources */ = {isa = PBXBuildFile; fileRef = 048B31251D7642CA0011477D /* ArcanaAbilityLIst.swift */; };
		048E6E511D72602400687513 /* ArcanaDetailOld.swift in Sources */ = {isa = PBXBuildFile; fileRef = 048E6E501D72602400687513 /* ArcanaDetailOld.swift */; };
		048E6E531D727CD400687513 /* ArcanaDetailCellOld.swift in Sources */ = {isa = PBXBuildFile; fileRef = 048E6E521D727CD400687513 /* ArcanaDetailCellOld.swift */; };
		048E6E551D729A7D00687513 /* GlobalConstants.swift in Sources */ = {isa = PBXBuildFile; fileRef = 048E6E541D729A7D00687513 /* GlobalConstants.swift */; };
		04941A3B1D6F81F000BAE389 /* Features.rtf in Resources */ = {isa = PBXBuildFile; fileRef = 04941A3A1D6F81F000BAE389 /* Features.rtf */; };
		04941A3D1D6FAD2800BAE389 /* ArcanaCell.swift in Sources */ = {isa = PBXBuildFile; fileRef = 04941A3C1D6FAD2800BAE389 /* ArcanaCell.swift */; };
		04941A411D6FC0AB00BAE389 /* RarityList.swift in Sources */ = {isa = PBXBuildFile; fileRef = 04941A401D6FC0AB00BAE389 /* RarityList.swift */; };
		04941A431D6FC1A600BAE389 /* RarityTableView.swift in Sources */ = {isa = PBXBuildFile; fileRef = 04941A421D6FC1A600BAE389 /* RarityTableView.swift */; };
		04941A451D6FC9FE00BAE389 /* Database Lookup.rtf in Resources */ = {isa = PBXBuildFile; fileRef = 04941A441D6FC9FE00BAE389 /* Database Lookup.rtf */; };
		04A2EC951D6F7FA300189142 /* AppDelegate.swift in Sources */ = {isa = PBXBuildFile; fileRef = 04A2EC941D6F7FA300189142 /* AppDelegate.swift */; };
		04A2EC971D6F7FA300189142 /* Home.swift in Sources */ = {isa = PBXBuildFile; fileRef = 04A2EC961D6F7FA300189142 /* Home.swift */; };
		04A2EC9A1D6F7FA300189142 /* Main.storyboard in Resources */ = {isa = PBXBuildFile; fileRef = 04A2EC981D6F7FA300189142 /* Main.storyboard */; };
		04A2EC9D1D6F7FA300189142 /* Chain.xcdatamodeld in Sources */ = {isa = PBXBuildFile; fileRef = 04A2EC9B1D6F7FA300189142 /* Chain.xcdatamodeld */; };
		04A2EC9F1D6F7FA300189142 /* Assets.xcassets in Resources */ = {isa = PBXBuildFile; fileRef = 04A2EC9E1D6F7FA300189142 /* Assets.xcassets */; };
		04A2ECA21D6F7FA300189142 /* LaunchScreen.storyboard in Resources */ = {isa = PBXBuildFile; fileRef = 04A2ECA01D6F7FA300189142 /* LaunchScreen.storyboard */; };
		04A2ECAD1D6F7FA300189142 /* ChainTests.swift in Sources */ = {isa = PBXBuildFile; fileRef = 04A2ECAC1D6F7FA300189142 /* ChainTests.swift */; };
		04A2ECB81D6F7FA300189142 /* ChainUITests.swift in Sources */ = {isa = PBXBuildFile; fileRef = 04A2ECB71D6F7FA300189142 /* ChainUITests.swift */; };
		04A2ECC91D6F80EB00189142 /* Arcana.swift in Sources */ = {isa = PBXBuildFile; fileRef = 04A2ECC81D6F80EB00189142 /* Arcana.swift */; };
		04AA13CE1D73D47E004AC3A7 /* ArcanaDatabase.swift in Sources */ = {isa = PBXBuildFile; fileRef = 04AA13CD1D73D47E004AC3A7 /* ArcanaDatabase.swift */; };
		618D1B0D0E4CF6B80138C776 /* Pods_ChainUITests.framework in Frameworks */ = {isa = PBXBuildFile; fileRef = 95C07E5E6F21968556D6ACA5 /* Pods_ChainUITests.framework */; };
		781C1EFA08CB36191209ED35 /* Pods_ChainTests.framework in Frameworks */ = {isa = PBXBuildFile; fileRef = 4CD31E6E1E167E52C1F627D7 /* Pods_ChainTests.framework */; };
		C5E22DEC04C0CDB19F2CCB51 /* Pods_Chain.framework in Frameworks */ = {isa = PBXBuildFile; fileRef = B7E088AC701B4123C508DFB6 /* Pods_Chain.framework */; };
/* End PBXBuildFile section */

/* Begin PBXContainerItemProxy section */
		04A2ECA91D6F7FA300189142 /* PBXContainerItemProxy */ = {
			isa = PBXContainerItemProxy;
			containerPortal = 04A2EC891D6F7FA300189142 /* Project object */;
			proxyType = 1;
			remoteGlobalIDString = 04A2EC901D6F7FA300189142;
			remoteInfo = Chain;
		};
		04A2ECB41D6F7FA300189142 /* PBXContainerItemProxy */ = {
			isa = PBXContainerItemProxy;
			containerPortal = 04A2EC891D6F7FA300189142 /* Project object */;
			proxyType = 1;
			remoteGlobalIDString = 04A2EC901D6F7FA300189142;
			remoteInfo = Chain;
		};
/* End PBXContainerItemProxy section */

/* Begin PBXFileReference section */
		0401B2831D752D0B00A0A728 /* ArcanaValueCellOld.swift */ = {isa = PBXFileReference; fileEncoding = 4; lastKnownFileType = sourcecode.swift; path = ArcanaValueCellOld.swift; sourceTree = "<group>"; };
		0401B2851D7530A000A0A728 /* MyCollectionViewHeader.swift */ = {isa = PBXFileReference; fileEncoding = 4; lastKnownFileType = sourcecode.swift; path = MyCollectionViewHeader.swift; sourceTree = "<group>"; };
		0401B2871D75386C00A0A728 /* ArcanaDetail.swift */ = {isa = PBXFileReference; fileEncoding = 4; lastKnownFileType = sourcecode.swift; path = ArcanaDetail.swift; sourceTree = "<group>"; };
		0401B28A1D75392F00A0A728 /* ArcanaImageCell.swift */ = {isa = PBXFileReference; fileEncoding = 4; lastKnownFileType = sourcecode.swift; path = ArcanaImageCell.swift; sourceTree = "<group>"; };
		0401B28C1D75394400A0A728 /* ArcanaAttributeCell.swift */ = {isa = PBXFileReference; fileEncoding = 4; lastKnownFileType = sourcecode.swift; path = ArcanaAttributeCell.swift; sourceTree = "<group>"; };
		046C93361D7582E9000E3FBD /* ArcanaSkillCell.swift */ = {isa = PBXFileReference; fileEncoding = 4; lastKnownFileType = sourcecode.swift; path = ArcanaSkillCell.swift; sourceTree = "<group>"; };
		046FDD3B1D738060001E955B /* MyTabBarController.swift */ = {isa = PBXFileReference; fileEncoding = 4; lastKnownFileType = sourcecode.swift; path = MyTabBarController.swift; sourceTree = "<group>"; };
		046FDD3F1D739735001E955B /* MyCollectionViewLayout.swift */ = {isa = PBXFileReference; fileEncoding = 4; lastKnownFileType = sourcecode.swift; path = MyCollectionViewLayout.swift; sourceTree = "<group>"; };
		046FDD411D73AD83001E955B /* GoogleService-Info.plist */ = {isa = PBXFileReference; fileEncoding = 4; lastKnownFileType = text.plist.xml; name = "GoogleService-Info.plist"; path = "../../../Downloads/GoogleService-Info.plist"; sourceTree = "<group>"; };
		048B31251D7642CA0011477D /* ArcanaAbilityLIst.swift */ = {isa = PBXFileReference; fileEncoding = 4; lastKnownFileType = sourcecode.swift; path = ArcanaAbilityLIst.swift; sourceTree = "<group>"; };
		048E6E501D72602400687513 /* ArcanaDetailOld.swift */ = {isa = PBXFileReference; fileEncoding = 4; lastKnownFileType = sourcecode.swift; path = ArcanaDetailOld.swift; sourceTree = "<group>"; };
		048E6E521D727CD400687513 /* ArcanaDetailCellOld.swift */ = {isa = PBXFileReference; fileEncoding = 4; lastKnownFileType = sourcecode.swift; path = ArcanaDetailCellOld.swift; sourceTree = "<group>"; };
		048E6E541D729A7D00687513 /* GlobalConstants.swift */ = {isa = PBXFileReference; fileEncoding = 4; lastKnownFileType = sourcecode.swift; path = GlobalConstants.swift; sourceTree = "<group>"; };
		04941A3A1D6F81F000BAE389 /* Features.rtf */ = {isa = PBXFileReference; fileEncoding = 4; lastKnownFileType = text.rtf; path = Features.rtf; sourceTree = "<group>"; };
		04941A3C1D6FAD2800BAE389 /* ArcanaCell.swift */ = {isa = PBXFileReference; fileEncoding = 4; lastKnownFileType = sourcecode.swift; path = ArcanaCell.swift; sourceTree = "<group>"; };
		04941A401D6FC0AB00BAE389 /* RarityList.swift */ = {isa = PBXFileReference; fileEncoding = 4; lastKnownFileType = sourcecode.swift; path = RarityList.swift; sourceTree = "<group>"; };
		04941A421D6FC1A600BAE389 /* RarityTableView.swift */ = {isa = PBXFileReference; fileEncoding = 4; lastKnownFileType = sourcecode.swift; name = RarityTableView.swift; path = ../RarityTableView.swift; sourceTree = "<group>"; };
		04941A441D6FC9FE00BAE389 /* Database Lookup.rtf */ = {isa = PBXFileReference; fileEncoding = 4; lastKnownFileType = text.rtf; path = "Database Lookup.rtf"; sourceTree = "<group>"; };
		04A2EC911D6F7FA300189142 /* Chain.app */ = {isa = PBXFileReference; explicitFileType = wrapper.application; includeInIndex = 0; path = Chain.app; sourceTree = BUILT_PRODUCTS_DIR; };
		04A2EC941D6F7FA300189142 /* AppDelegate.swift */ = {isa = PBXFileReference; lastKnownFileType = sourcecode.swift; path = AppDelegate.swift; sourceTree = "<group>"; };
		04A2EC961D6F7FA300189142 /* Home.swift */ = {isa = PBXFileReference; lastKnownFileType = sourcecode.swift; path = Home.swift; sourceTree = "<group>"; };
		04A2EC991D6F7FA300189142 /* Base */ = {isa = PBXFileReference; lastKnownFileType = file.storyboard; name = Base; path = Base.lproj/Main.storyboard; sourceTree = "<group>"; };
		04A2EC9C1D6F7FA300189142 /* Chain.xcdatamodel */ = {isa = PBXFileReference; lastKnownFileType = wrapper.xcdatamodel; path = Chain.xcdatamodel; sourceTree = "<group>"; };
		04A2EC9E1D6F7FA300189142 /* Assets.xcassets */ = {isa = PBXFileReference; lastKnownFileType = folder.assetcatalog; path = Assets.xcassets; sourceTree = "<group>"; };
		04A2ECA11D6F7FA300189142 /* Base */ = {isa = PBXFileReference; lastKnownFileType = file.storyboard; name = Base; path = Base.lproj/LaunchScreen.storyboard; sourceTree = "<group>"; };
		04A2ECA31D6F7FA300189142 /* Info.plist */ = {isa = PBXFileReference; lastKnownFileType = text.plist.xml; path = Info.plist; sourceTree = "<group>"; };
		04A2ECA81D6F7FA300189142 /* ChainTests.xctest */ = {isa = PBXFileReference; explicitFileType = wrapper.cfbundle; includeInIndex = 0; path = ChainTests.xctest; sourceTree = BUILT_PRODUCTS_DIR; };
		04A2ECAC1D6F7FA300189142 /* ChainTests.swift */ = {isa = PBXFileReference; lastKnownFileType = sourcecode.swift; path = ChainTests.swift; sourceTree = "<group>"; };
		04A2ECAE1D6F7FA300189142 /* Info.plist */ = {isa = PBXFileReference; lastKnownFileType = text.plist.xml; path = Info.plist; sourceTree = "<group>"; };
		04A2ECB31D6F7FA300189142 /* ChainUITests.xctest */ = {isa = PBXFileReference; explicitFileType = wrapper.cfbundle; includeInIndex = 0; path = ChainUITests.xctest; sourceTree = BUILT_PRODUCTS_DIR; };
		04A2ECB71D6F7FA300189142 /* ChainUITests.swift */ = {isa = PBXFileReference; lastKnownFileType = sourcecode.swift; path = ChainUITests.swift; sourceTree = "<group>"; };
		04A2ECB91D6F7FA300189142 /* Info.plist */ = {isa = PBXFileReference; lastKnownFileType = text.plist.xml; path = Info.plist; sourceTree = "<group>"; };
		04A2ECC81D6F80EB00189142 /* Arcana.swift */ = {isa = PBXFileReference; fileEncoding = 4; lastKnownFileType = sourcecode.swift; path = Arcana.swift; sourceTree = "<group>"; };
		04AA13CD1D73D47E004AC3A7 /* ArcanaDatabase.swift */ = {isa = PBXFileReference; fileEncoding = 4; lastKnownFileType = sourcecode.swift; path = ArcanaDatabase.swift; sourceTree = "<group>"; };
		1BAF675FCE57B957E684B58C /* Pods-ChainUITests.debug.xcconfig */ = {isa = PBXFileReference; includeInIndex = 1; lastKnownFileType = text.xcconfig; name = "Pods-ChainUITests.debug.xcconfig"; path = "Pods/Target Support Files/Pods-ChainUITests/Pods-ChainUITests.debug.xcconfig"; sourceTree = "<group>"; };
		46B66FBB77D74CEB5A1B14A0 /* Pods-ChainTests.debug.xcconfig */ = {isa = PBXFileReference; includeInIndex = 1; lastKnownFileType = text.xcconfig; name = "Pods-ChainTests.debug.xcconfig"; path = "Pods/Target Support Files/Pods-ChainTests/Pods-ChainTests.debug.xcconfig"; sourceTree = "<group>"; };
		4CD31E6E1E167E52C1F627D7 /* Pods_ChainTests.framework */ = {isa = PBXFileReference; explicitFileType = wrapper.framework; includeInIndex = 0; path = Pods_ChainTests.framework; sourceTree = BUILT_PRODUCTS_DIR; };
		568660B9981E438E1C64B066 /* Pods-Chain.debug.xcconfig */ = {isa = PBXFileReference; includeInIndex = 1; lastKnownFileType = text.xcconfig; name = "Pods-Chain.debug.xcconfig"; path = "Pods/Target Support Files/Pods-Chain/Pods-Chain.debug.xcconfig"; sourceTree = "<group>"; };
		623F61408F5822348BA67D97 /* Pods-Chain.release.xcconfig */ = {isa = PBXFileReference; includeInIndex = 1; lastKnownFileType = text.xcconfig; name = "Pods-Chain.release.xcconfig"; path = "Pods/Target Support Files/Pods-Chain/Pods-Chain.release.xcconfig"; sourceTree = "<group>"; };
		95C07E5E6F21968556D6ACA5 /* Pods_ChainUITests.framework */ = {isa = PBXFileReference; explicitFileType = wrapper.framework; includeInIndex = 0; path = Pods_ChainUITests.framework; sourceTree = BUILT_PRODUCTS_DIR; };
		9F24342BA979ECF14F6FFE66 /* Pods-ChainTests.release.xcconfig */ = {isa = PBXFileReference; includeInIndex = 1; lastKnownFileType = text.xcconfig; name = "Pods-ChainTests.release.xcconfig"; path = "Pods/Target Support Files/Pods-ChainTests/Pods-ChainTests.release.xcconfig"; sourceTree = "<group>"; };
		A7B05ACE02E45F09E2A44AE1 /* Pods-ChainUITests.release.xcconfig */ = {isa = PBXFileReference; includeInIndex = 1; lastKnownFileType = text.xcconfig; name = "Pods-ChainUITests.release.xcconfig"; path = "Pods/Target Support Files/Pods-ChainUITests/Pods-ChainUITests.release.xcconfig"; sourceTree = "<group>"; };
		B7E088AC701B4123C508DFB6 /* Pods_Chain.framework */ = {isa = PBXFileReference; explicitFileType = wrapper.framework; includeInIndex = 0; path = Pods_Chain.framework; sourceTree = BUILT_PRODUCTS_DIR; };
/* End PBXFileReference section */

/* Begin PBXFrameworksBuildPhase section */
		04A2EC8E1D6F7FA300189142 /* Frameworks */ = {
			isa = PBXFrameworksBuildPhase;
			buildActionMask = 2147483647;
			files = (
				C5E22DEC04C0CDB19F2CCB51 /* Pods_Chain.framework in Frameworks */,
			);
			runOnlyForDeploymentPostprocessing = 0;
		};
		04A2ECA51D6F7FA300189142 /* Frameworks */ = {
			isa = PBXFrameworksBuildPhase;
			buildActionMask = 2147483647;
			files = (
				781C1EFA08CB36191209ED35 /* Pods_ChainTests.framework in Frameworks */,
			);
			runOnlyForDeploymentPostprocessing = 0;
		};
		04A2ECB01D6F7FA300189142 /* Frameworks */ = {
			isa = PBXFrameworksBuildPhase;
			buildActionMask = 2147483647;
			files = (
				618D1B0D0E4CF6B80138C776 /* Pods_ChainUITests.framework in Frameworks */,
			);
			runOnlyForDeploymentPostprocessing = 0;
		};
/* End PBXFrameworksBuildPhase section */

/* Begin PBXGroup section */
		0401B2891D75390E00A0A728 /* Old ArcanaDetail */ = {
			isa = PBXGroup;
			children = (
				048E6E521D727CD400687513 /* ArcanaDetailCellOld.swift */,
				0401B2831D752D0B00A0A728 /* ArcanaValueCellOld.swift */,
				048E6E501D72602400687513 /* ArcanaDetailOld.swift */,
			);
			name = "Old ArcanaDetail";
			sourceTree = "<group>";
		};
		046C93351D7582D6000E3FBD /* ARCANA */ = {
			isa = PBXGroup;
			children = (
				0401B2871D75386C00A0A728 /* ArcanaDetail.swift */,
				0401B28A1D75392F00A0A728 /* ArcanaImageCell.swift */,
				0401B28C1D75394400A0A728 /* ArcanaAttributeCell.swift */,
				046C93361D7582E9000E3FBD /* ArcanaSkillCell.swift */,
			);
			name = ARCANA;
			sourceTree = "<group>";
		};
		04A2EC881D6F7FA300189142 = {
			isa = PBXGroup;
			children = (
				04A2EC931D6F7FA300189142 /* Chain */,
				04A2ECAB1D6F7FA300189142 /* ChainTests */,
				04A2ECB61D6F7FA300189142 /* ChainUITests */,
				04A2EC921D6F7FA300189142 /* Products */,
				B5ABB791CCC4485D0388B147 /* Pods */,
				775C9A4348BE0849F66B6F00 /* Frameworks */,
			);
			sourceTree = "<group>";
		};
		04A2EC921D6F7FA300189142 /* Products */ = {
			isa = PBXGroup;
			children = (
				04A2EC911D6F7FA300189142 /* Chain.app */,
				04A2ECA81D6F7FA300189142 /* ChainTests.xctest */,
				04A2ECB31D6F7FA300189142 /* ChainUITests.xctest */,
			);
			name = Products;
			sourceTree = "<group>";
		};
		04A2EC931D6F7FA300189142 /* Chain */ = {
			isa = PBXGroup;
			children = (
				04A2EC941D6F7FA300189142 /* AppDelegate.swift */,
				048E6E541D729A7D00687513 /* GlobalConstants.swift */,
				04AA13CD1D73D47E004AC3A7 /* ArcanaDatabase.swift */,
				04A2ECC71D6F80D300189142 /* Model */,
				04A2ECC61D6F80C800189142 /* Controller */,
				04A2ECC51D6F80BF00189142 /* View */,
				04A2EC9E1D6F7FA300189142 /* Assets.xcassets */,
				04A2ECA01D6F7FA300189142 /* LaunchScreen.storyboard */,
				04A2ECA31D6F7FA300189142 /* Info.plist */,
				04941A3A1D6F81F000BAE389 /* Features.rtf */,
				04A2EC9B1D6F7FA300189142 /* Chain.xcdatamodeld */,
				046FDD411D73AD83001E955B /* GoogleService-Info.plist */,
				0401B2891D75390E00A0A728 /* Old ArcanaDetail */,
			);
			path = Chain;
			sourceTree = "<group>";
		};
		04A2ECAB1D6F7FA300189142 /* ChainTests */ = {
			isa = PBXGroup;
			children = (
				04A2ECAC1D6F7FA300189142 /* ChainTests.swift */,
				04A2ECAE1D6F7FA300189142 /* Info.plist */,
			);
			path = ChainTests;
			sourceTree = "<group>";
		};
		04A2ECB61D6F7FA300189142 /* ChainUITests */ = {
			isa = PBXGroup;
			children = (
				04A2ECB71D6F7FA300189142 /* ChainUITests.swift */,
				04A2ECB91D6F7FA300189142 /* Info.plist */,
			);
			path = ChainUITests;
			sourceTree = "<group>";
		};
		04A2ECC51D6F80BF00189142 /* View */ = {
			isa = PBXGroup;
			children = (
				04A2EC981D6F7FA300189142 /* Main.storyboard */,
			);
			name = View;
			sourceTree = "<group>";
		};
		04A2ECC61D6F80C800189142 /* Controller */ = {
			isa = PBXGroup;
			children = (
				046FDD3B1D738060001E955B /* MyTabBarController.swift */,
				04A2EC961D6F7FA300189142 /* Home.swift */,
				04941A3C1D6FAD2800BAE389 /* ArcanaCell.swift */,
				048B31251D7642CA0011477D /* ArcanaAbilityLIst.swift */,
				04941A421D6FC1A600BAE389 /* RarityTableView.swift */,
				04941A401D6FC0AB00BAE389 /* RarityList.swift */,
				046C93351D7582D6000E3FBD /* ARCANA */,
				0401B2851D7530A000A0A728 /* MyCollectionViewHeader.swift */,
				046FDD3F1D739735001E955B /* MyCollectionViewLayout.swift */,
			);
			name = Controller;
			sourceTree = "<group>";
		};
		04A2ECC71D6F80D300189142 /* Model */ = {
			isa = PBXGroup;
			children = (
				04A2ECC81D6F80EB00189142 /* Arcana.swift */,
				04941A441D6FC9FE00BAE389 /* Database Lookup.rtf */,
			);
			name = Model;
			sourceTree = "<group>";
		};
		775C9A4348BE0849F66B6F00 /* Frameworks */ = {
			isa = PBXGroup;
			children = (
				B7E088AC701B4123C508DFB6 /* Pods_Chain.framework */,
				4CD31E6E1E167E52C1F627D7 /* Pods_ChainTests.framework */,
				95C07E5E6F21968556D6ACA5 /* Pods_ChainUITests.framework */,
			);
			name = Frameworks;
			sourceTree = "<group>";
		};
		B5ABB791CCC4485D0388B147 /* Pods */ = {
			isa = PBXGroup;
			children = (
				568660B9981E438E1C64B066 /* Pods-Chain.debug.xcconfig */,
				623F61408F5822348BA67D97 /* Pods-Chain.release.xcconfig */,
				46B66FBB77D74CEB5A1B14A0 /* Pods-ChainTests.debug.xcconfig */,
				9F24342BA979ECF14F6FFE66 /* Pods-ChainTests.release.xcconfig */,
				1BAF675FCE57B957E684B58C /* Pods-ChainUITests.debug.xcconfig */,
				A7B05ACE02E45F09E2A44AE1 /* Pods-ChainUITests.release.xcconfig */,
			);
			name = Pods;
			sourceTree = "<group>";
		};
/* End PBXGroup section */

/* Begin PBXNativeTarget section */
		04A2EC901D6F7FA300189142 /* Chain */ = {
			isa = PBXNativeTarget;
			buildConfigurationList = 04A2ECBC1D6F7FA300189142 /* Build configuration list for PBXNativeTarget "Chain" */;
			buildPhases = (
				19B5C4E54CCF81B0CB4F751C /* [CP] Check Pods Manifest.lock */,
				04A2EC8D1D6F7FA300189142 /* Sources */,
				04A2EC8E1D6F7FA300189142 /* Frameworks */,
				04A2EC8F1D6F7FA300189142 /* Resources */,
				83361517803DC7A3512E7B83 /* [CP] Embed Pods Frameworks */,
				4540E040F161CA1C1FBF4868 /* [CP] Copy Pods Resources */,
			);
			buildRules = (
			);
			dependencies = (
			);
			name = Chain;
			productName = Chain;
			productReference = 04A2EC911D6F7FA300189142 /* Chain.app */;
			productType = "com.apple.product-type.application";
		};
		04A2ECA71D6F7FA300189142 /* ChainTests */ = {
			isa = PBXNativeTarget;
			buildConfigurationList = 04A2ECBF1D6F7FA300189142 /* Build configuration list for PBXNativeTarget "ChainTests" */;
			buildPhases = (
				8E62B0F76DE52333E9067EC4 /* [CP] Check Pods Manifest.lock */,
				04A2ECA41D6F7FA300189142 /* Sources */,
				04A2ECA51D6F7FA300189142 /* Frameworks */,
				04A2ECA61D6F7FA300189142 /* Resources */,
				620CA39547DDD47B301066DD /* [CP] Embed Pods Frameworks */,
				A9B59EE9595180FE586DACA7 /* [CP] Copy Pods Resources */,
			);
			buildRules = (
			);
			dependencies = (
				04A2ECAA1D6F7FA300189142 /* PBXTargetDependency */,
			);
			name = ChainTests;
			productName = ChainTests;
			productReference = 04A2ECA81D6F7FA300189142 /* ChainTests.xctest */;
			productType = "com.apple.product-type.bundle.unit-test";
		};
		04A2ECB21D6F7FA300189142 /* ChainUITests */ = {
			isa = PBXNativeTarget;
			buildConfigurationList = 04A2ECC21D6F7FA300189142 /* Build configuration list for PBXNativeTarget "ChainUITests" */;
			buildPhases = (
				E09CB1FAE94AC9EE2575CA2A /* [CP] Check Pods Manifest.lock */,
				04A2ECAF1D6F7FA300189142 /* Sources */,
				04A2ECB01D6F7FA300189142 /* Frameworks */,
				04A2ECB11D6F7FA300189142 /* Resources */,
				E3F1DE296C0381B9620905BC /* [CP] Copy Pods Resources */,
			);
			buildRules = (
			);
			dependencies = (
				04A2ECB51D6F7FA300189142 /* PBXTargetDependency */,
			);
			name = ChainUITests;
			productName = ChainUITests;
			productReference = 04A2ECB31D6F7FA300189142 /* ChainUITests.xctest */;
			productType = "com.apple.product-type.bundle.ui-testing";
		};
/* End PBXNativeTarget section */

/* Begin PBXProject section */
		04A2EC891D6F7FA300189142 /* Project object */ = {
			isa = PBXProject;
			attributes = {
				LastSwiftUpdateCheck = 0730;
				LastUpgradeCheck = 0730;
				ORGANIZATIONNAME = "Jitae Kim";
				TargetAttributes = {
					04A2EC901D6F7FA300189142 = {
						CreatedOnToolsVersion = 7.3.1;
					};
					04A2ECA71D6F7FA300189142 = {
						CreatedOnToolsVersion = 7.3.1;
						TestTargetID = 04A2EC901D6F7FA300189142;
					};
					04A2ECB21D6F7FA300189142 = {
						CreatedOnToolsVersion = 7.3.1;
						TestTargetID = 04A2EC901D6F7FA300189142;
					};
				};
			};
			buildConfigurationList = 04A2EC8C1D6F7FA300189142 /* Build configuration list for PBXProject "Chain" */;
			compatibilityVersion = "Xcode 3.2";
			developmentRegion = English;
			hasScannedForEncodings = 0;
			knownRegions = (
				en,
				Base,
			);
			mainGroup = 04A2EC881D6F7FA300189142;
			productRefGroup = 04A2EC921D6F7FA300189142 /* Products */;
			projectDirPath = "";
			projectRoot = "";
			targets = (
				04A2EC901D6F7FA300189142 /* Chain */,
				04A2ECA71D6F7FA300189142 /* ChainTests */,
				04A2ECB21D6F7FA300189142 /* ChainUITests */,
			);
		};
/* End PBXProject section */

/* Begin PBXResourcesBuildPhase section */
		04A2EC8F1D6F7FA300189142 /* Resources */ = {
			isa = PBXResourcesBuildPhase;
			buildActionMask = 2147483647;
			files = (
				04A2ECA21D6F7FA300189142 /* LaunchScreen.storyboard in Resources */,
				04941A3B1D6F81F000BAE389 /* Features.rtf in Resources */,
				04A2EC9F1D6F7FA300189142 /* Assets.xcassets in Resources */,
				04A2EC9A1D6F7FA300189142 /* Main.storyboard in Resources */,
				04941A451D6FC9FE00BAE389 /* Database Lookup.rtf in Resources */,
				046FDD421D73AD83001E955B /* GoogleService-Info.plist in Resources */,
			);
			runOnlyForDeploymentPostprocessing = 0;
		};
		04A2ECA61D6F7FA300189142 /* Resources */ = {
			isa = PBXResourcesBuildPhase;
			buildActionMask = 2147483647;
			files = (
			);
			runOnlyForDeploymentPostprocessing = 0;
		};
		04A2ECB11D6F7FA300189142 /* Resources */ = {
			isa = PBXResourcesBuildPhase;
			buildActionMask = 2147483647;
			files = (
			);
			runOnlyForDeploymentPostprocessing = 0;
		};
/* End PBXResourcesBuildPhase section */

/* Begin PBXShellScriptBuildPhase section */
		19B5C4E54CCF81B0CB4F751C /* [CP] Check Pods Manifest.lock */ = {
			isa = PBXShellScriptBuildPhase;
			buildActionMask = 2147483647;
			files = (
			);
			inputPaths = (
			);
			name = "[CP] Check Pods Manifest.lock";
			outputPaths = (
			);
			runOnlyForDeploymentPostprocessing = 0;
			shellPath = /bin/sh;
			shellScript = "diff \"${PODS_ROOT}/../Podfile.lock\" \"${PODS_ROOT}/Manifest.lock\" > /dev/null\nif [[ $? != 0 ]] ; then\n    cat << EOM\nerror: The sandbox is not in sync with the Podfile.lock. Run 'pod install' or update your CocoaPods installation.\nEOM\n    exit 1\nfi\n";
			showEnvVarsInLog = 0;
		};
		4540E040F161CA1C1FBF4868 /* [CP] Copy Pods Resources */ = {
			isa = PBXShellScriptBuildPhase;
			buildActionMask = 2147483647;
			files = (
			);
			inputPaths = (
			);
			name = "[CP] Copy Pods Resources";
			outputPaths = (
			);
			runOnlyForDeploymentPostprocessing = 0;
			shellPath = /bin/sh;
			shellScript = "\"${SRCROOT}/Pods/Target Support Files/Pods-Chain/Pods-Chain-resources.sh\"\n";
			showEnvVarsInLog = 0;
		};
		620CA39547DDD47B301066DD /* [CP] Embed Pods Frameworks */ = {
			isa = PBXShellScriptBuildPhase;
			buildActionMask = 2147483647;
			files = (
			);
			inputPaths = (
			);
			name = "[CP] Embed Pods Frameworks";
			outputPaths = (
			);
			runOnlyForDeploymentPostprocessing = 0;
			shellPath = /bin/sh;
			shellScript = "\"${SRCROOT}/Pods/Target Support Files/Pods-ChainTests/Pods-ChainTests-frameworks.sh\"\n";
			showEnvVarsInLog = 0;
		};
		83361517803DC7A3512E7B83 /* [CP] Embed Pods Frameworks */ = {
			isa = PBXShellScriptBuildPhase;
			buildActionMask = 2147483647;
			files = (
			);
			inputPaths = (
			);
			name = "[CP] Embed Pods Frameworks";
			outputPaths = (
			);
			runOnlyForDeploymentPostprocessing = 0;
			shellPath = /bin/sh;
			shellScript = "\"${SRCROOT}/Pods/Target Support Files/Pods-Chain/Pods-Chain-frameworks.sh\"\n";
			showEnvVarsInLog = 0;
		};
		8E62B0F76DE52333E9067EC4 /* [CP] Check Pods Manifest.lock */ = {
			isa = PBXShellScriptBuildPhase;
			buildActionMask = 2147483647;
			files = (
			);
			inputPaths = (
			);
			name = "[CP] Check Pods Manifest.lock";
			outputPaths = (
			);
			runOnlyForDeploymentPostprocessing = 0;
			shellPath = /bin/sh;
			shellScript = "diff \"${PODS_ROOT}/../Podfile.lock\" \"${PODS_ROOT}/Manifest.lock\" > /dev/null\nif [[ $? != 0 ]] ; then\n    cat << EOM\nerror: The sandbox is not in sync with the Podfile.lock. Run 'pod install' or update your CocoaPods installation.\nEOM\n    exit 1\nfi\n";
			showEnvVarsInLog = 0;
		};
		A9B59EE9595180FE586DACA7 /* [CP] Copy Pods Resources */ = {
			isa = PBXShellScriptBuildPhase;
			buildActionMask = 2147483647;
			files = (
			);
			inputPaths = (
			);
			name = "[CP] Copy Pods Resources";
			outputPaths = (
			);
			runOnlyForDeploymentPostprocessing = 0;
			shellPath = /bin/sh;
			shellScript = "\"${SRCROOT}/Pods/Target Support Files/Pods-ChainTests/Pods-ChainTests-resources.sh\"\n";
			showEnvVarsInLog = 0;
		};
		E09CB1FAE94AC9EE2575CA2A /* [CP] Check Pods Manifest.lock */ = {
			isa = PBXShellScriptBuildPhase;
			buildActionMask = 2147483647;
			files = (
			);
			inputPaths = (
			);
			name = "[CP] Check Pods Manifest.lock";
			outputPaths = (
			);
			runOnlyForDeploymentPostprocessing = 0;
			shellPath = /bin/sh;
			shellScript = "diff \"${PODS_ROOT}/../Podfile.lock\" \"${PODS_ROOT}/Manifest.lock\" > /dev/null\nif [[ $? != 0 ]] ; then\n    cat << EOM\nerror: The sandbox is not in sync with the Podfile.lock. Run 'pod install' or update your CocoaPods installation.\nEOM\n    exit 1\nfi\n";
			showEnvVarsInLog = 0;
		};
		E3F1DE296C0381B9620905BC /* [CP] Copy Pods Resources */ = {
			isa = PBXShellScriptBuildPhase;
			buildActionMask = 2147483647;
			files = (
			);
			inputPaths = (
			);
			name = "[CP] Copy Pods Resources";
			outputPaths = (
			);
			runOnlyForDeploymentPostprocessing = 0;
			shellPath = /bin/sh;
			shellScript = "\"${SRCROOT}/Pods/Target Support Files/Pods-ChainUITests/Pods-ChainUITests-resources.sh\"\n";
			showEnvVarsInLog = 0;
		};
/* End PBXShellScriptBuildPhase section */

/* Begin PBXSourcesBuildPhase section */
		04A2EC8D1D6F7FA300189142 /* Sources */ = {
			isa = PBXSourcesBuildPhase;
			buildActionMask = 2147483647;
			files = (
				0401B2881D75386C00A0A728 /* ArcanaDetail.swift in Sources */,
				04941A411D6FC0AB00BAE389 /* RarityList.swift in Sources */,
				04A2EC971D6F7FA300189142 /* Home.swift in Sources */,
				04A2ECC91D6F80EB00189142 /* Arcana.swift in Sources */,
				04AA13CE1D73D47E004AC3A7 /* ArcanaDatabase.swift in Sources */,
				04A2EC9D1D6F7FA300189142 /* Chain.xcdatamodeld in Sources */,
				046FDD3C1D738060001E955B /* MyTabBarController.swift in Sources */,
				048E6E551D729A7D00687513 /* GlobalConstants.swift in Sources */,
				046C93371D7582E9000E3FBD /* ArcanaSkillCell.swift in Sources */,
				0401B28B1D75392F00A0A728 /* ArcanaImageCell.swift in Sources */,
				048B31261D7642CA0011477D /* ArcanaAbilityLIst.swift in Sources */,
				048E6E511D72602400687513 /* ArcanaDetailOld.swift in Sources */,
				0401B28D1D75394400A0A728 /* ArcanaAttributeCell.swift in Sources */,
				0401B2841D752D0B00A0A728 /* ArcanaValueCellOld.swift in Sources */,
				048E6E531D727CD400687513 /* ArcanaDetailCellOld.swift in Sources */,
				04A2EC951D6F7FA300189142 /* AppDelegate.swift in Sources */,
				04941A431D6FC1A600BAE389 /* RarityTableView.swift in Sources */,
				0401B2861D7530A000A0A728 /* MyCollectionViewHeader.swift in Sources */,
				046FDD401D739735001E955B /* MyCollectionViewLayout.swift in Sources */,
				04941A3D1D6FAD2800BAE389 /* ArcanaCell.swift in Sources */,
			);
			runOnlyForDeploymentPostprocessing = 0;
		};
		04A2ECA41D6F7FA300189142 /* Sources */ = {
			isa = PBXSourcesBuildPhase;
			buildActionMask = 2147483647;
			files = (
				04A2ECAD1D6F7FA300189142 /* ChainTests.swift in Sources */,
			);
			runOnlyForDeploymentPostprocessing = 0;
		};
		04A2ECAF1D6F7FA300189142 /* Sources */ = {
			isa = PBXSourcesBuildPhase;
			buildActionMask = 2147483647;
			files = (
				04A2ECB81D6F7FA300189142 /* ChainUITests.swift in Sources */,
			);
			runOnlyForDeploymentPostprocessing = 0;
		};
/* End PBXSourcesBuildPhase section */

/* Begin PBXTargetDependency section */
		04A2ECAA1D6F7FA300189142 /* PBXTargetDependency */ = {
			isa = PBXTargetDependency;
			target = 04A2EC901D6F7FA300189142 /* Chain */;
			targetProxy = 04A2ECA91D6F7FA300189142 /* PBXContainerItemProxy */;
		};
		04A2ECB51D6F7FA300189142 /* PBXTargetDependency */ = {
			isa = PBXTargetDependency;
			target = 04A2EC901D6F7FA300189142 /* Chain */;
			targetProxy = 04A2ECB41D6F7FA300189142 /* PBXContainerItemProxy */;
		};
/* End PBXTargetDependency section */

/* Begin PBXVariantGroup section */
		04A2EC981D6F7FA300189142 /* Main.storyboard */ = {
			isa = PBXVariantGroup;
			children = (
				04A2EC991D6F7FA300189142 /* Base */,
			);
			name = Main.storyboard;
			sourceTree = "<group>";
		};
		04A2ECA01D6F7FA300189142 /* LaunchScreen.storyboard */ = {
			isa = PBXVariantGroup;
			children = (
				04A2ECA11D6F7FA300189142 /* Base */,
			);
			name = LaunchScreen.storyboard;
			sourceTree = "<group>";
		};
/* End PBXVariantGroup section */

/* Begin XCBuildConfiguration section */
		04A2ECBA1D6F7FA300189142 /* Debug */ = {
			isa = XCBuildConfiguration;
			buildSettings = {
				ALWAYS_SEARCH_USER_PATHS = NO;
				CLANG_ANALYZER_NONNULL = YES;
				CLANG_CXX_LANGUAGE_STANDARD = "gnu++0x";
				CLANG_CXX_LIBRARY = "libc++";
				CLANG_ENABLE_MODULES = YES;
				CLANG_ENABLE_OBJC_ARC = YES;
				CLANG_WARN_BOOL_CONVERSION = YES;
				CLANG_WARN_CONSTANT_CONVERSION = YES;
				CLANG_WARN_DIRECT_OBJC_ISA_USAGE = YES_ERROR;
				CLANG_WARN_EMPTY_BODY = YES;
				CLANG_WARN_ENUM_CONVERSION = YES;
				CLANG_WARN_INT_CONVERSION = YES;
				CLANG_WARN_OBJC_ROOT_CLASS = YES_ERROR;
				CLANG_WARN_UNREACHABLE_CODE = YES;
				CLANG_WARN__DUPLICATE_METHOD_MATCH = YES;
				"CODE_SIGN_IDENTITY[sdk=iphoneos*]" = "iPhone Developer";
				COPY_PHASE_STRIP = NO;
				DEBUG_INFORMATION_FORMAT = dwarf;
				ENABLE_STRICT_OBJC_MSGSEND = YES;
				ENABLE_TESTABILITY = YES;
				GCC_C_LANGUAGE_STANDARD = gnu99;
				GCC_DYNAMIC_NO_PIC = NO;
				GCC_NO_COMMON_BLOCKS = YES;
				GCC_OPTIMIZATION_LEVEL = 0;
				GCC_PREPROCESSOR_DEFINITIONS = (
					"DEBUG=1",
					"$(inherited)",
				);
				GCC_WARN_64_TO_32_BIT_CONVERSION = YES;
				GCC_WARN_ABOUT_RETURN_TYPE = YES_ERROR;
				GCC_WARN_UNDECLARED_SELECTOR = YES;
				GCC_WARN_UNINITIALIZED_AUTOS = YES_AGGRESSIVE;
				GCC_WARN_UNUSED_FUNCTION = YES;
				GCC_WARN_UNUSED_VARIABLE = YES;
				IPHONEOS_DEPLOYMENT_TARGET = 9.3;
				MTL_ENABLE_DEBUG_INFO = YES;
				ONLY_ACTIVE_ARCH = YES;
				SDKROOT = iphoneos;
				SWIFT_OPTIMIZATION_LEVEL = "-Onone";
			};
			name = Debug;
		};
		04A2ECBB1D6F7FA300189142 /* Release */ = {
			isa = XCBuildConfiguration;
			buildSettings = {
				ALWAYS_SEARCH_USER_PATHS = NO;
				CLANG_ANALYZER_NONNULL = YES;
				CLANG_CXX_LANGUAGE_STANDARD = "gnu++0x";
				CLANG_CXX_LIBRARY = "libc++";
				CLANG_ENABLE_MODULES = YES;
				CLANG_ENABLE_OBJC_ARC = YES;
				CLANG_WARN_BOOL_CONVERSION = YES;
				CLANG_WARN_CONSTANT_CONVERSION = YES;
				CLANG_WARN_DIRECT_OBJC_ISA_USAGE = YES_ERROR;
				CLANG_WARN_EMPTY_BODY = YES;
				CLANG_WARN_ENUM_CONVERSION = YES;
				CLANG_WARN_INT_CONVERSION = YES;
				CLANG_WARN_OBJC_ROOT_CLASS = YES_ERROR;
				CLANG_WARN_UNREACHABLE_CODE = YES;
				CLANG_WARN__DUPLICATE_METHOD_MATCH = YES;
				"CODE_SIGN_IDENTITY[sdk=iphoneos*]" = "iPhone Developer";
				COPY_PHASE_STRIP = NO;
				DEBUG_INFORMATION_FORMAT = "dwarf-with-dsym";
				ENABLE_NS_ASSERTIONS = NO;
				ENABLE_STRICT_OBJC_MSGSEND = YES;
				GCC_C_LANGUAGE_STANDARD = gnu99;
				GCC_NO_COMMON_BLOCKS = YES;
				GCC_WARN_64_TO_32_BIT_CONVERSION = YES;
				GCC_WARN_ABOUT_RETURN_TYPE = YES_ERROR;
				GCC_WARN_UNDECLARED_SELECTOR = YES;
				GCC_WARN_UNINITIALIZED_AUTOS = YES_AGGRESSIVE;
				GCC_WARN_UNUSED_FUNCTION = YES;
				GCC_WARN_UNUSED_VARIABLE = YES;
				IPHONEOS_DEPLOYMENT_TARGET = 9.3;
				MTL_ENABLE_DEBUG_INFO = NO;
				SDKROOT = iphoneos;
				VALIDATE_PRODUCT = YES;
			};
			name = Release;
		};
		04A2ECBD1D6F7FA300189142 /* Debug */ = {
			isa = XCBuildConfiguration;
			baseConfigurationReference = 568660B9981E438E1C64B066 /* Pods-Chain.debug.xcconfig */;
			buildSettings = {
				ASSETCATALOG_COMPILER_APPICON_NAME = AppIcon;
				INFOPLIST_FILE = Chain/Info.plist;
				LD_RUNPATH_SEARCH_PATHS = "$(inherited) @executable_path/Frameworks";
				PRODUCT_BUNDLE_IDENTIFIER = com.jk.Chain;
				PRODUCT_NAME = "$(TARGET_NAME)";
			};
			name = Debug;
		};
		04A2ECBE1D6F7FA300189142 /* Release */ = {
			isa = XCBuildConfiguration;
			baseConfigurationReference = 623F61408F5822348BA67D97 /* Pods-Chain.release.xcconfig */;
			buildSettings = {
				ASSETCATALOG_COMPILER_APPICON_NAME = AppIcon;
				INFOPLIST_FILE = Chain/Info.plist;
				LD_RUNPATH_SEARCH_PATHS = "$(inherited) @executable_path/Frameworks";
				PRODUCT_BUNDLE_IDENTIFIER = com.jk.Chain;
				PRODUCT_NAME = "$(TARGET_NAME)";
			};
			name = Release;
		};
		04A2ECC01D6F7FA300189142 /* Debug */ = {
			isa = XCBuildConfiguration;
			baseConfigurationReference = 46B66FBB77D74CEB5A1B14A0 /* Pods-ChainTests.debug.xcconfig */;
			buildSettings = {
				BUNDLE_LOADER = "$(TEST_HOST)";
				INFOPLIST_FILE = ChainTests/Info.plist;
				LD_RUNPATH_SEARCH_PATHS = "$(inherited) @executable_path/Frameworks @loader_path/Frameworks";
				PRODUCT_BUNDLE_IDENTIFIER = com.jk.ChainTests;
				PRODUCT_NAME = "$(TARGET_NAME)";
				TEST_HOST = "$(BUILT_PRODUCTS_DIR)/Chain.app/Chain";
			};
			name = Debug;
		};
		04A2ECC11D6F7FA300189142 /* Release */ = {
			isa = XCBuildConfiguration;
			baseConfigurationReference = 9F24342BA979ECF14F6FFE66 /* Pods-ChainTests.release.xcconfig */;
			buildSettings = {
				BUNDLE_LOADER = "$(TEST_HOST)";
				INFOPLIST_FILE = ChainTests/Info.plist;
				LD_RUNPATH_SEARCH_PATHS = "$(inherited) @executable_path/Frameworks @loader_path/Frameworks";
				PRODUCT_BUNDLE_IDENTIFIER = com.jk.ChainTests;
				PRODUCT_NAME = "$(TARGET_NAME)";
				TEST_HOST = "$(BUILT_PRODUCTS_DIR)/Chain.app/Chain";
			};
			name = Release;
		};
		04A2ECC31D6F7FA300189142 /* Debug */ = {
			isa = XCBuildConfiguration;
			baseConfigurationReference = 1BAF675FCE57B957E684B58C /* Pods-ChainUITests.debug.xcconfig */;
			buildSettings = {
				INFOPLIST_FILE = ChainUITests/Info.plist;
				LD_RUNPATH_SEARCH_PATHS = "$(inherited) @executable_path/Frameworks @loader_path/Frameworks";
				PRODUCT_BUNDLE_IDENTIFIER = com.jk.ChainUITests;
				PRODUCT_NAME = "$(TARGET_NAME)";
				TEST_TARGET_NAME = Chain;
			};
			name = Debug;
		};
		04A2ECC41D6F7FA300189142 /* Release */ = {
			isa = XCBuildConfiguration;
			baseConfigurationReference = A7B05ACE02E45F09E2A44AE1 /* Pods-ChainUITests.release.xcconfig */;
			buildSettings = {
				INFOPLIST_FILE = ChainUITests/Info.plist;
				LD_RUNPATH_SEARCH_PATHS = "$(inherited) @executable_path/Frameworks @loader_path/Frameworks";
				PRODUCT_BUNDLE_IDENTIFIER = com.jk.ChainUITests;
				PRODUCT_NAME = "$(TARGET_NAME)";
				TEST_TARGET_NAME = Chain;
			};
			name = Release;
		};
/* End XCBuildConfiguration section */

/* Begin XCConfigurationList section */
		04A2EC8C1D6F7FA300189142 /* Build configuration list for PBXProject "Chain" */ = {
			isa = XCConfigurationList;
			buildConfigurations = (
				04A2ECBA1D6F7FA300189142 /* Debug */,
				04A2ECBB1D6F7FA300189142 /* Release */,
			);
			defaultConfigurationIsVisible = 0;
			defaultConfigurationName = Release;
		};
		04A2ECBC1D6F7FA300189142 /* Build configuration list for PBXNativeTarget "Chain" */ = {
			isa = XCConfigurationList;
			buildConfigurations = (
				04A2ECBD1D6F7FA300189142 /* Debug */,
				04A2ECBE1D6F7FA300189142 /* Release */,
			);
			defaultConfigurationIsVisible = 0;
			defaultConfigurationName = Release;
		};
		04A2ECBF1D6F7FA300189142 /* Build configuration list for PBXNativeTarget "ChainTests" */ = {
			isa = XCConfigurationList;
			buildConfigurations = (
				04A2ECC01D6F7FA300189142 /* Debug */,
				04A2ECC11D6F7FA300189142 /* Release */,
			);
			defaultConfigurationIsVisible = 0;
			defaultConfigurationName = Release;
		};
		04A2ECC21D6F7FA300189142 /* Build configuration list for PBXNativeTarget "ChainUITests" */ = {
			isa = XCConfigurationList;
			buildConfigurations = (
				04A2ECC31D6F7FA300189142 /* Debug */,
				04A2ECC41D6F7FA300189142 /* Release */,
			);
			defaultConfigurationIsVisible = 0;
			defaultConfigurationName = Release;
		};
/* End XCConfigurationList section */

/* Begin XCVersionGroup section */
		04A2EC9B1D6F7FA300189142 /* Chain.xcdatamodeld */ = {
			isa = XCVersionGroup;
			children = (
				04A2EC9C1D6F7FA300189142 /* Chain.xcdatamodel */,
			);
			currentVersion = 04A2EC9C1D6F7FA300189142 /* Chain.xcdatamodel */;
			path = Chain.xcdatamodeld;
			sourceTree = "<group>";
			versionGroupType = wrapper.xcdatamodel;
		};
/* End XCVersionGroup section */
	};
	rootObject = 04A2EC891D6F7FA300189142 /* Project object */;
}
